// !$*UTF8*$!
{
	archiveVersion = 1;
	classes = {
	};
	objectVersion = 46;
	objects = {

/* Begin PBXBuildFile section */
		6B001DD1191C419700FF2C00 /* ExercisePreviewController.m in Sources */ = {isa = PBXBuildFile; fileRef = 6B001DD0191C419700FF2C00 /* ExercisePreviewController.m */; };
		6B001DD4191C4A4E00FF2C00 /* UtilitiesController.m in Sources */ = {isa = PBXBuildFile; fileRef = 6B001DD3191C4A4E00FF2C00 /* UtilitiesController.m */; };
		6B0334811922796700DB8330 /* ExerciseLibraryTVC.m in Sources */ = {isa = PBXBuildFile; fileRef = 6B0334801922796700DB8330 /* ExerciseLibraryTVC.m */; };
		6B033484192288CE00DB8330 /* TodayExerciseVC.m in Sources */ = {isa = PBXBuildFile; fileRef = 6B033483192288CE00DB8330 /* TodayExerciseVC.m */; };
		6B089FCD18F1B67600AEBB12 /* Users.xcdatamodeld in Sources */ = {isa = PBXBuildFile; fileRef = 6B089FCB18F1B67600AEBB12 /* Users.xcdatamodeld */; };
		6B14FF4E193432EA00EDBDE2 /* Images.xcassets in Resources */ = {isa = PBXBuildFile; fileRef = 6B14FF4D193432EA00EDBDE2 /* Images.xcassets */; };
		6B14FF51193443BD00EDBDE2 /* VPTTabBarController.m in Sources */ = {isa = PBXBuildFile; fileRef = 6B14FF50193443BD00EDBDE2 /* VPTTabBarController.m */; };
		6B14FF5519344C2F00EDBDE2 /* FXBlurView.m in Sources */ = {isa = PBXBuildFile; fileRef = 6B14FF5419344C2F00EDBDE2 /* FXBlurView.m */; };
		6B14FF5819357B8000EDBDE2 /* ReminderViewController.m in Sources */ = {isa = PBXBuildFile; fileRef = 6B14FF5719357B8000EDBDE2 /* ReminderViewController.m */; };
		6B14FF5A19357CCC00EDBDE2 /* EventKit.framework in Frameworks */ = {isa = PBXBuildFile; fileRef = 6B14FF5919357CCC00EDBDE2 /* EventKit.framework */; };
		6B14FF5D19358B2400EDBDE2 /* ReminderDetailVC.m in Sources */ = {isa = PBXBuildFile; fileRef = 6B14FF5C19358B2400EDBDE2 /* ReminderDetailVC.m */; };
		6B2A59D119109AD000620E46 /* CHCSVParser.m in Sources */ = {isa = PBXBuildFile; fileRef = 6B2A59D019109AD000620E46 /* CHCSVParser.m */; };
		6B2A59D31910B10800620E46 /* hep2go.csv in Resources */ = {isa = PBXBuildFile; fileRef = 6B2A59D21910B10800620E46 /* hep2go.csv */; };
		6B2A59DE1910C4DF00620E46 /* SimpleTableCell.m in Sources */ = {isa = PBXBuildFile; fileRef = 6B2A59DC1910C4DF00620E46 /* SimpleTableCell.m */; };
		6B2A59DF1910C4DF00620E46 /* SimpleTableCell.xib in Resources */ = {isa = PBXBuildFile; fileRef = 6B2A59DD1910C4DF00620E46 /* SimpleTableCell.xib */; };
		6B41965C192022B100A26F14 /* schedule.csv in Resources */ = {isa = PBXBuildFile; fileRef = 6B41965B192022B100A26F14 /* schedule.csv */; };
		6B50CDD01911CF6800405A83 /* Main.storyboard in Resources */ = {isa = PBXBuildFile; fileRef = 6B50CDCE1911CF6800405A83 /* Main.storyboard */; };
		6B50CDD11911ED4000405A83 /* ELASTIC BAND - SIDELYING CLAM.mp4 in Resources */ = {isa = PBXBuildFile; fileRef = 6B50CDBF1911C1D100405A83 /* ELASTIC BAND - SIDELYING CLAM.mp4 */; };
		6B50CDD21911ED4000405A83 /* ELASTIC BAND - STRAIGHT LEG RAISE.mp4 in Resources */ = {isa = PBXBuildFile; fileRef = 6B50CDC01911C1D100405A83 /* ELASTIC BAND - STRAIGHT LEG RAISE.mp4 */; };
		6B50CDD31911ED4000405A83 /* EXERCISE BALL - SUPINE KNEE BENDS.mp4 in Resources */ = {isa = PBXBuildFile; fileRef = 6B50CDC11911C1D100405A83 /* EXERCISE BALL - SUPINE KNEE BENDS.mp4 */; };
		6B50CDD41911ED4000405A83 /* KNEE FLEXTION.mp4 in Resources */ = {isa = PBXBuildFile; fileRef = 6B50CDC21911C1D100405A83 /* KNEE FLEXTION.mp4 */; };
		6B50CDD51911ED4000405A83 /* LOWER TRUNK ROTATIONS - LTR.mp4 in Resources */ = {isa = PBXBuildFile; fileRef = 6B50CDC31911C1D100405A83 /* LOWER TRUNK ROTATIONS - LTR.mp4 */; };
		6B50CDD61911ED4000405A83 /* PATELLA INFERIOR GLIDE.mp4 in Resources */ = {isa = PBXBuildFile; fileRef = 6B50CDC41911C1D100405A83 /* PATELLA INFERIOR GLIDE.mp4 */; };
		6B50CDD71911ED4000405A83 /* SEATED HEEL SLIDES.mp4 in Resources */ = {isa = PBXBuildFile; fileRef = 6B50CDC51911C1D100405A83 /* SEATED HEEL SLIDES.mp4 */; };
		6B50CDD81911ED4000405A83 /* SIDELYING INVERSION.mp4 in Resources */ = {isa = PBXBuildFile; fileRef = 6B50CDC61911C1D100405A83 /* SIDELYING INVERSION.mp4 */; };
		6B50CDD91911ED4000405A83 /* Static quad - VMO.mp4 in Resources */ = {isa = PBXBuildFile; fileRef = 6B50CDC71911C1D100405A83 /* Static quad - VMO.mp4 */; };
		6B50CDDA1911ED4000405A83 /* WAND FLEXION.mp4 in Resources */ = {isa = PBXBuildFile; fileRef = 6B50CDC81911C1D100405A83 /* WAND FLEXION.mp4 */; };
		6B50CDF519120A1A00405A83 /* Exercise.m in Sources */ = {isa = PBXBuildFile; fileRef = 6B50CDF419120A1A00405A83 /* Exercise.m */; };
		6B50CDF819120A1A00405A83 /* User.m in Sources */ = {isa = PBXBuildFile; fileRef = 6B50CDF719120A1A00405A83 /* User.m */; };
		6B50CDFB19120A1A00405A83 /* Motivation.m in Sources */ = {isa = PBXBuildFile; fileRef = 6B50CDFA19120A1A00405A83 /* Motivation.m */; };
		6B50CDFE19120A1A00405A83 /* DailyCheckin.m in Sources */ = {isa = PBXBuildFile; fileRef = 6B50CDFD19120A1A00405A83 /* DailyCheckin.m */; };
		6B50CE0119120B8A00405A83 /* MyExerciseTVC.m in Sources */ = {isa = PBXBuildFile; fileRef = 6B50CE0019120B8A00405A83 /* MyExerciseTVC.m */; };
		6B50CE0519120D8500405A83 /* DoExerciseViewController.m in Sources */ = {isa = PBXBuildFile; fileRef = 6B50CE0419120D8500405A83 /* DoExerciseViewController.m */; };
		6B54B049190C2B340093FEF1 /* InspirationController.m in Sources */ = {isa = PBXBuildFile; fileRef = 6B54B048190C2B340093FEF1 /* InspirationController.m */; };
		6B54B04C190C49810093FEF1 /* README.md in Resources */ = {isa = PBXBuildFile; fileRef = 6B54B04B190C49810093FEF1 /* README.md */; };
		6B54B04F190C575D0093FEF1 /* GoalController.m in Sources */ = {isa = PBXBuildFile; fileRef = 6B54B04E190C575D0093FEF1 /* GoalController.m */; };
		6B54B056190D6DB80093FEF1 /* ListItem.m in Sources */ = {isa = PBXBuildFile; fileRef = 6B54B052190D6DB80093FEF1 /* ListItem.m */; };
		6B54B057190D6DB80093FEF1 /* POHorizontalList.m in Sources */ = {isa = PBXBuildFile; fileRef = 6B54B054190D6DB80093FEF1 /* POHorizontalList.m */; };
		6B54B05A190DAA2C0093FEF1 /* RatingViewController.m in Sources */ = {isa = PBXBuildFile; fileRef = 6B54B059190DAA2C0093FEF1 /* RatingViewController.m */; };
		6B54B05D190DD4080093FEF1 /* InjuryController.m in Sources */ = {isa = PBXBuildFile; fileRef = 6B54B05C190DD4080093FEF1 /* InjuryController.m */; };
		6B54B05F190E2F6E0093FEF1 /* hep2go_doc in Resources */ = {isa = PBXBuildFile; fileRef = 6B54B05E190E2F6E0093FEF1 /* hep2go_doc */; };
		6B56200218F8A1760018FDE9 /* CoreData.framework in Frameworks */ = {isa = PBXBuildFile; fileRef = 6B56200118F8A1760018FDE9 /* CoreData.framework */; };
		6B56200518F8BD0E0018FDE9 /* UsersTableViewController.m in Sources */ = {isa = PBXBuildFile; fileRef = 6B56200418F8BD0E0018FDE9 /* UsersTableViewController.m */; };
		6B5BD9E718F9F43800B22E01 /* TimerViewController.m in Sources */ = {isa = PBXBuildFile; fileRef = 6B5BD9E618F9F43800B22E01 /* TimerViewController.m */; };
		6B5BD9EB18FA4EA300B22E01 /* ExerciseBaseTVC.m in Sources */ = {isa = PBXBuildFile; fileRef = 6B5BD9EA18FA4EA300B22E01 /* ExerciseBaseTVC.m */; };
		6B5BD9F118FB01BE00B22E01 /* ExerciseInfoController.m in Sources */ = {isa = PBXBuildFile; fileRef = 6B5BD9F018FB01BE00B22E01 /* ExerciseInfoController.m */; };
		6B5BD9FC18FB58D600B22E01 /* ProgressTableViewController.m in Sources */ = {isa = PBXBuildFile; fileRef = 6B5BD9FB18FB58D600B22E01 /* ProgressTableViewController.m */; };
		6B5BDA3118FB828D00B22E01 /* ChartViewController.m in Sources */ = {isa = PBXBuildFile; fileRef = 6B5BDA3018FB828D00B22E01 /* ChartViewController.m */; };
		6B5BDA4518FB97AC00B22E01 /* PNBar.m in Sources */ = {isa = PBXBuildFile; fileRef = 6B5BDA3418FB97AC00B22E01 /* PNBar.m */; };
		6B5BDA4618FB97AC00B22E01 /* PNBarChart.m in Sources */ = {isa = PBXBuildFile; fileRef = 6B5BDA3618FB97AC00B22E01 /* PNBarChart.m */; };
		6B5BDA4718FB97AC00B22E01 /* PNChartLabel.m in Sources */ = {isa = PBXBuildFile; fileRef = 6B5BDA3A18FB97AC00B22E01 /* PNChartLabel.m */; };
		6B5BDA4818FB97AC00B22E01 /* PNCircleChart.m in Sources */ = {isa = PBXBuildFile; fileRef = 6B5BDA3C18FB97AC00B22E01 /* PNCircleChart.m */; };
		6B5BDA4918FB97AC00B22E01 /* PNColor.m in Sources */ = {isa = PBXBuildFile; fileRef = 6B5BDA3E18FB97AC00B22E01 /* PNColor.m */; };
		6B5BDA4A18FB97AC00B22E01 /* PNLineChart.m in Sources */ = {isa = PBXBuildFile; fileRef = 6B5BDA4018FB97AC00B22E01 /* PNLineChart.m */; };
		6B5BDA4B18FB97AC00B22E01 /* PNLineChartData.m in Sources */ = {isa = PBXBuildFile; fileRef = 6B5BDA4218FB97AC00B22E01 /* PNLineChartData.m */; };
		6B5BDA4C18FB97AC00B22E01 /* PNLineChartDataItem.m in Sources */ = {isa = PBXBuildFile; fileRef = 6B5BDA4418FB97AC00B22E01 /* PNLineChartDataItem.m */; };
		6B6853A5194CD6EF008B2710 /* LOG.md in Resources */ = {isa = PBXBuildFile; fileRef = 6B6853A4194CD6EF008B2710 /* LOG.md */; };
		6B6A2128191D926D00F6224A /* Parse.framework in Frameworks */ = {isa = PBXBuildFile; fileRef = 6B6A2127191D926D00F6224A /* Parse.framework */; };
		6B6A212A191D92BB00F6224A /* AudioToolbox.framework in Frameworks */ = {isa = PBXBuildFile; fileRef = 6B6A2129191D92BB00F6224A /* AudioToolbox.framework */; };
		6B6A212C191D92C700F6224A /* CFNetwork.framework in Frameworks */ = {isa = PBXBuildFile; fileRef = 6B6A212B191D92C700F6224A /* CFNetwork.framework */; };
		6B6A212E191D92D600F6224A /* CoreLocation.framework in Frameworks */ = {isa = PBXBuildFile; fileRef = 6B6A212D191D92D600F6224A /* CoreLocation.framework */; };
		6B6A2130191D92E200F6224A /* libz.dylib in Frameworks */ = {isa = PBXBuildFile; fileRef = 6B6A212F191D92E200F6224A /* libz.dylib */; };
		6B6A2132191D92EA00F6224A /* MobileCoreServices.framework in Frameworks */ = {isa = PBXBuildFile; fileRef = 6B6A2131191D92EA00F6224A /* MobileCoreServices.framework */; };
		6B6A2134191D92F300F6224A /* QuartzCore.framework in Frameworks */ = {isa = PBXBuildFile; fileRef = 6B6A2133191D92F300F6224A /* QuartzCore.framework */; };
		6B6A2136191D92FC00F6224A /* Security.framework in Frameworks */ = {isa = PBXBuildFile; fileRef = 6B6A2135191D92FC00F6224A /* Security.framework */; };
		6B6A2138191D930800F6224A /* StoreKit.framework in Frameworks */ = {isa = PBXBuildFile; fileRef = 6B6A2137191D930700F6224A /* StoreKit.framework */; };
		6B6A213A191D931000F6224A /* SystemConfiguration.framework in Frameworks */ = {isa = PBXBuildFile; fileRef = 6B6A2139191D931000F6224A /* SystemConfiguration.framework */; };
		6B6A213C191D963200F6224A /* Social.framework in Frameworks */ = {isa = PBXBuildFile; fileRef = 6B6A213B191D963200F6224A /* Social.framework */; };
		6B6A213E191D96B700F6224A /* Accounts.framework in Frameworks */ = {isa = PBXBuildFile; fileRef = 6B6A213D191D96B700F6224A /* Accounts.framework */; };
		6B6A2140191D98C300F6224A /* FacebookSDK.framework in Frameworks */ = {isa = PBXBuildFile; fileRef = 6B6A213F191D98C300F6224A /* FacebookSDK.framework */; };
		6B77BDC518EBF1A0009B71ED /* Foundation.framework in Frameworks */ = {isa = PBXBuildFile; fileRef = 6B77BDC418EBF1A0009B71ED /* Foundation.framework */; };
		6B77BDC718EBF1A0009B71ED /* CoreGraphics.framework in Frameworks */ = {isa = PBXBuildFile; fileRef = 6B77BDC618EBF1A0009B71ED /* CoreGraphics.framework */; };
		6B77BDC918EBF1A0009B71ED /* UIKit.framework in Frameworks */ = {isa = PBXBuildFile; fileRef = 6B77BDC818EBF1A0009B71ED /* UIKit.framework */; };
		6B77BDCF18EBF1A0009B71ED /* InfoPlist.strings in Resources */ = {isa = PBXBuildFile; fileRef = 6B77BDCD18EBF1A0009B71ED /* InfoPlist.strings */; };
		6B77BDD118EBF1A0009B71ED /* main.m in Sources */ = {isa = PBXBuildFile; fileRef = 6B77BDD018EBF1A0009B71ED /* main.m */; };
		6B77BDD518EBF1A0009B71ED /* VPTAppDelegate.m in Sources */ = {isa = PBXBuildFile; fileRef = 6B77BDD418EBF1A0009B71ED /* VPTAppDelegate.m */; };
		6B77BDDB18EBF1A0009B71ED /* LoginViewController.m in Sources */ = {isa = PBXBuildFile; fileRef = 6B77BDDA18EBF1A0009B71ED /* LoginViewController.m */; };
		6B77BDE418EBF1A0009B71ED /* XCTest.framework in Frameworks */ = {isa = PBXBuildFile; fileRef = 6B77BDE318EBF1A0009B71ED /* XCTest.framework */; };
		6B77BDE518EBF1A0009B71ED /* Foundation.framework in Frameworks */ = {isa = PBXBuildFile; fileRef = 6B77BDC418EBF1A0009B71ED /* Foundation.framework */; };
		6B77BDE618EBF1A0009B71ED /* UIKit.framework in Frameworks */ = {isa = PBXBuildFile; fileRef = 6B77BDC818EBF1A0009B71ED /* UIKit.framework */; };
		6B77BDEE18EBF1A0009B71ED /* InfoPlist.strings in Resources */ = {isa = PBXBuildFile; fileRef = 6B77BDEC18EBF1A0009B71ED /* InfoPlist.strings */; };
		6B77BDF018EBF1A0009B71ED /* VirtualPTTests.m in Sources */ = {isa = PBXBuildFile; fileRef = 6B77BDEF18EBF1A0009B71ED /* VirtualPTTests.m */; };
		6B77BDFC18EBFFC8009B71ED /* VPTMenuTableViewController.m in Sources */ = {isa = PBXBuildFile; fileRef = 6B77BDFB18EBFFC8009B71ED /* VPTMenuTableViewController.m */; };
		6B91A89818EE33EC00F36EF1 /* MotivationViewController.m in Sources */ = {isa = PBXBuildFile; fileRef = 6B91A89718EE33EC00F36EF1 /* MotivationViewController.m */; };
		6B91A8DA18EE4CBE00F36EF1 /* SignUpViewController.m in Sources */ = {isa = PBXBuildFile; fileRef = 6B91A8D918EE4CBE00F36EF1 /* SignUpViewController.m */; };
		6B91A8DD18EE598A00F36EF1 /* VPTRootViewController.m in Sources */ = {isa = PBXBuildFile; fileRef = 6B91A8DC18EE598A00F36EF1 /* VPTRootViewController.m */; };
		6B91A8EB18EE5A6500F36EF1 /* RECommonFunctions.m in Sources */ = {isa = PBXBuildFile; fileRef = 6B91A8E018EE5A6500F36EF1 /* RECommonFunctions.m */; };
		6B91A8EC18EE5A6500F36EF1 /* REFrostedContainerViewController.m in Sources */ = {isa = PBXBuildFile; fileRef = 6B91A8E218EE5A6500F36EF1 /* REFrostedContainerViewController.m */; };
		6B91A8ED18EE5A6500F36EF1 /* REFrostedViewController.m in Sources */ = {isa = PBXBuildFile; fileRef = 6B91A8E418EE5A6500F36EF1 /* REFrostedViewController.m */; };
		6B91A8EE18EE5A6500F36EF1 /* UIImage+REFrostedViewController.m in Sources */ = {isa = PBXBuildFile; fileRef = 6B91A8E618EE5A6500F36EF1 /* UIImage+REFrostedViewController.m */; };
		6B91A8EF18EE5A6500F36EF1 /* UIView+REFrostedViewController.m in Sources */ = {isa = PBXBuildFile; fileRef = 6B91A8E818EE5A6500F36EF1 /* UIView+REFrostedViewController.m */; };
		6B91A8F018EE5A6500F36EF1 /* UIViewController+REFrostedViewController.m in Sources */ = {isa = PBXBuildFile; fileRef = 6B91A8EA18EE5A6500F36EF1 /* UIViewController+REFrostedViewController.m */; };
		6B91A8F918EE658E00F36EF1 /* VPTNavigationController.m in Sources */ = {isa = PBXBuildFile; fileRef = 6B91A8F818EE658E00F36EF1 /* VPTNavigationController.m */; };
		6B9F25B5191DBE6E0004DFEE /* VPTAFParseAPIClient.m in Sources */ = {isa = PBXBuildFile; fileRef = 6B9F25B4191DBE6E0004DFEE /* VPTAFParseAPIClient.m */; };
		6BCA7EBE19246F530043FADF /* VPTBaseViewController.m in Sources */ = {isa = PBXBuildFile; fileRef = 6BCA7EBD19246F530043FADF /* VPTBaseViewController.m */; };
		6BCA7EC3192491DC0043FADF /* ProfileViewController.m in Sources */ = {isa = PBXBuildFile; fileRef = 6BCA7EC2192491DC0043FADF /* ProfileViewController.m */; };
		6BE5FA641926CF040075DCCB /* ProfileInfoCell.xib in Resources */ = {isa = PBXBuildFile; fileRef = 6BE5FA631926CF040075DCCB /* ProfileInfoCell.xib */; };
		6BE5FA671926CF930075DCCB /* ProfileInfoCell.m in Sources */ = {isa = PBXBuildFile; fileRef = 6BE5FA661926CF930075DCCB /* ProfileInfoCell.m */; };
		6BE5FA7D1929241B0075DCCB /* BadgeCell.m in Sources */ = {isa = PBXBuildFile; fileRef = 6BE5FA7C1929241B0075DCCB /* BadgeCell.m */; };
		6BE5FA841929266A0075DCCB /* AccomplishmentVC.m in Sources */ = {isa = PBXBuildFile; fileRef = 6BE5FA831929266A0075DCCB /* AccomplishmentVC.m */; };
		6BE5FA8C192938450075DCCB /* FolderCoverView.m in Sources */ = {isa = PBXBuildFile; fileRef = 6BE5FA87192938450075DCCB /* FolderCoverView.m */; };
		6BE5FA8D192938450075DCCB /* UIFolderTableView.m in Sources */ = {isa = PBXBuildFile; fileRef = 6BE5FA89192938450075DCCB /* UIFolderTableView.m */; };
		6BE5FA8E192938450075DCCB /* UIView+screenshot.m in Sources */ = {isa = PBXBuildFile; fileRef = 6BE5FA8B192938450075DCCB /* UIView+screenshot.m */; };
		6BE5FA91192939840075DCCB /* BadgeDetailVC.m in Sources */ = {isa = PBXBuildFile; fileRef = 6BE5FA90192939840075DCCB /* BadgeDetailVC.m */; };
		6BE5FA94192971C20075DCCB /* BadgeDetailVC.m in Resources */ = {isa = PBXBuildFile; fileRef = 6BE5FA90192939840075DCCB /* BadgeDetailVC.m */; };
		6BE5FA96192973CF0075DCCB /* BadgeDetailVC.xib in Resources */ = {isa = PBXBuildFile; fileRef = 6BE5FA95192973CF0075DCCB /* BadgeDetailVC.xib */; };
		F810CF2AA8664A7EA98B457C /* libPods.a in Frameworks */ = {isa = PBXBuildFile; fileRef = C37643C4E0BA4BA38D30728E /* libPods.a */; };
/* End PBXBuildFile section */

/* Begin PBXContainerItemProxy section */
		6B77BDE718EBF1A0009B71ED /* PBXContainerItemProxy */ = {
			isa = PBXContainerItemProxy;
			containerPortal = 6B77BDB918EBF1A0009B71ED /* Project object */;
			proxyType = 1;
			remoteGlobalIDString = 6B77BDC018EBF1A0009B71ED;
			remoteInfo = VirtualPT;
		};
/* End PBXContainerItemProxy section */

/* Begin PBXFileReference section */
		13954BF66F474516B6A95078 /* Pods.xcconfig */ = {isa = PBXFileReference; includeInIndex = 1; lastKnownFileType = text.xcconfig; name = Pods.xcconfig; path = Pods/Pods.xcconfig; sourceTree = "<group>"; };
		6B001DCF191C419700FF2C00 /* ExercisePreviewController.h */ = {isa = PBXFileReference; fileEncoding = 4; lastKnownFileType = sourcecode.c.h; path = ExercisePreviewController.h; sourceTree = "<group>"; };
		6B001DD0191C419700FF2C00 /* ExercisePreviewController.m */ = {isa = PBXFileReference; fileEncoding = 4; lastKnownFileType = sourcecode.c.objc; path = ExercisePreviewController.m; sourceTree = "<group>"; };
		6B001DD2191C4A4E00FF2C00 /* UtilitiesController.h */ = {isa = PBXFileReference; fileEncoding = 4; lastKnownFileType = sourcecode.c.h; path = UtilitiesController.h; sourceTree = "<group>"; };
		6B001DD3191C4A4E00FF2C00 /* UtilitiesController.m */ = {isa = PBXFileReference; fileEncoding = 4; lastKnownFileType = sourcecode.c.objc; path = UtilitiesController.m; sourceTree = "<group>"; };
		6B03347F1922796700DB8330 /* ExerciseLibraryTVC.h */ = {isa = PBXFileReference; fileEncoding = 4; lastKnownFileType = sourcecode.c.h; path = ExerciseLibraryTVC.h; sourceTree = "<group>"; };
		6B0334801922796700DB8330 /* ExerciseLibraryTVC.m */ = {isa = PBXFileReference; fileEncoding = 4; lastKnownFileType = sourcecode.c.objc; path = ExerciseLibraryTVC.m; sourceTree = "<group>"; };
		6B033482192288CE00DB8330 /* TodayExerciseVC.h */ = {isa = PBXFileReference; fileEncoding = 4; lastKnownFileType = sourcecode.c.h; path = TodayExerciseVC.h; sourceTree = "<group>"; };
		6B033483192288CE00DB8330 /* TodayExerciseVC.m */ = {isa = PBXFileReference; fileEncoding = 4; lastKnownFileType = sourcecode.c.objc; path = TodayExerciseVC.m; sourceTree = "<group>"; };
		6B089FCC18F1B67600AEBB12 /* Users.xcdatamodel */ = {isa = PBXFileReference; lastKnownFileType = wrapper.xcdatamodel; path = Users.xcdatamodel; sourceTree = "<group>"; };
		6B14FF4D193432EA00EDBDE2 /* Images.xcassets */ = {isa = PBXFileReference; lastKnownFileType = folder.assetcatalog; path = Images.xcassets; sourceTree = "<group>"; };
		6B14FF4F193443BD00EDBDE2 /* VPTTabBarController.h */ = {isa = PBXFileReference; fileEncoding = 4; lastKnownFileType = sourcecode.c.h; name = VPTTabBarController.h; path = POHorizontalList/VPTTabBarController.h; sourceTree = "<group>"; };
		6B14FF50193443BD00EDBDE2 /* VPTTabBarController.m */ = {isa = PBXFileReference; fileEncoding = 4; lastKnownFileType = sourcecode.c.objc; name = VPTTabBarController.m; path = POHorizontalList/VPTTabBarController.m; sourceTree = "<group>"; };
		6B14FF5319344C2F00EDBDE2 /* FXBlurView.h */ = {isa = PBXFileReference; fileEncoding = 4; lastKnownFileType = sourcecode.c.h; path = FXBlurView.h; sourceTree = "<group>"; };
		6B14FF5419344C2F00EDBDE2 /* FXBlurView.m */ = {isa = PBXFileReference; fileEncoding = 4; lastKnownFileType = sourcecode.c.objc; path = FXBlurView.m; sourceTree = "<group>"; };
		6B14FF5619357B8000EDBDE2 /* ReminderViewController.h */ = {isa = PBXFileReference; fileEncoding = 4; lastKnownFileType = sourcecode.c.h; path = ReminderViewController.h; sourceTree = "<group>"; };
		6B14FF5719357B8000EDBDE2 /* ReminderViewController.m */ = {isa = PBXFileReference; fileEncoding = 4; lastKnownFileType = sourcecode.c.objc; path = ReminderViewController.m; sourceTree = "<group>"; };
		6B14FF5919357CCC00EDBDE2 /* EventKit.framework */ = {isa = PBXFileReference; lastKnownFileType = wrapper.framework; name = EventKit.framework; path = System/Library/Frameworks/EventKit.framework; sourceTree = SDKROOT; };
		6B14FF5B19358B2400EDBDE2 /* ReminderDetailVC.h */ = {isa = PBXFileReference; fileEncoding = 4; lastKnownFileType = sourcecode.c.h; path = ReminderDetailVC.h; sourceTree = "<group>"; };
		6B14FF5C19358B2400EDBDE2 /* ReminderDetailVC.m */ = {isa = PBXFileReference; fileEncoding = 4; lastKnownFileType = sourcecode.c.objc; path = ReminderDetailVC.m; sourceTree = "<group>"; };
		6B2A59CF19109AD000620E46 /* CHCSVParser.h */ = {isa = PBXFileReference; fileEncoding = 4; lastKnownFileType = sourcecode.c.h; path = CHCSVParser.h; sourceTree = "<group>"; };
		6B2A59D019109AD000620E46 /* CHCSVParser.m */ = {isa = PBXFileReference; fileEncoding = 4; lastKnownFileType = sourcecode.c.objc; path = CHCSVParser.m; sourceTree = "<group>"; };
		6B2A59D21910B10800620E46 /* hep2go.csv */ = {isa = PBXFileReference; lastKnownFileType = text; name = hep2go.csv; path = VirtualPT/Files/hep2go.csv; sourceTree = "<group>"; };
		6B2A59DB1910C4DF00620E46 /* SimpleTableCell.h */ = {isa = PBXFileReference; fileEncoding = 4; lastKnownFileType = sourcecode.c.h; path = SimpleTableCell.h; sourceTree = "<group>"; };
		6B2A59DC1910C4DF00620E46 /* SimpleTableCell.m */ = {isa = PBXFileReference; fileEncoding = 4; lastKnownFileType = sourcecode.c.objc; path = SimpleTableCell.m; sourceTree = "<group>"; };
		6B2A59DD1910C4DF00620E46 /* SimpleTableCell.xib */ = {isa = PBXFileReference; fileEncoding = 4; lastKnownFileType = file.xib; name = SimpleTableCell.xib; path = ../SimpleTableCell/SimpleTableCell.xib; sourceTree = "<group>"; };
		6B41965B192022B100A26F14 /* schedule.csv */ = {isa = PBXFileReference; fileEncoding = 4; lastKnownFileType = text; name = schedule.csv; path = VirtualPT/Files/schedule.csv; sourceTree = "<group>"; };
		6B50CDBF1911C1D100405A83 /* ELASTIC BAND - SIDELYING CLAM.mp4 */ = {isa = PBXFileReference; lastKnownFileType = file; path = "ELASTIC BAND - SIDELYING CLAM.mp4"; sourceTree = "<group>"; };
		6B50CDC01911C1D100405A83 /* ELASTIC BAND - STRAIGHT LEG RAISE.mp4 */ = {isa = PBXFileReference; lastKnownFileType = file; path = "ELASTIC BAND - STRAIGHT LEG RAISE.mp4"; sourceTree = "<group>"; };
		6B50CDC11911C1D100405A83 /* EXERCISE BALL - SUPINE KNEE BENDS.mp4 */ = {isa = PBXFileReference; lastKnownFileType = file; path = "EXERCISE BALL - SUPINE KNEE BENDS.mp4"; sourceTree = "<group>"; };
		6B50CDC21911C1D100405A83 /* KNEE FLEXTION.mp4 */ = {isa = PBXFileReference; lastKnownFileType = file; path = "KNEE FLEXTION.mp4"; sourceTree = "<group>"; };
		6B50CDC31911C1D100405A83 /* LOWER TRUNK ROTATIONS - LTR.mp4 */ = {isa = PBXFileReference; lastKnownFileType = file; path = "LOWER TRUNK ROTATIONS - LTR.mp4"; sourceTree = "<group>"; };
		6B50CDC41911C1D100405A83 /* PATELLA INFERIOR GLIDE.mp4 */ = {isa = PBXFileReference; lastKnownFileType = file; path = "PATELLA INFERIOR GLIDE.mp4"; sourceTree = "<group>"; };
		6B50CDC51911C1D100405A83 /* SEATED HEEL SLIDES.mp4 */ = {isa = PBXFileReference; lastKnownFileType = file; path = "SEATED HEEL SLIDES.mp4"; sourceTree = "<group>"; };
		6B50CDC61911C1D100405A83 /* SIDELYING INVERSION.mp4 */ = {isa = PBXFileReference; lastKnownFileType = file; path = "SIDELYING INVERSION.mp4"; sourceTree = "<group>"; };
		6B50CDC71911C1D100405A83 /* Static quad - VMO.mp4 */ = {isa = PBXFileReference; lastKnownFileType = file; path = "Static quad - VMO.mp4"; sourceTree = "<group>"; };
		6B50CDC81911C1D100405A83 /* WAND FLEXION.mp4 */ = {isa = PBXFileReference; lastKnownFileType = file; path = "WAND FLEXION.mp4"; sourceTree = "<group>"; };
		6B50CDCF1911CF6800405A83 /* Base */ = {isa = PBXFileReference; lastKnownFileType = file.storyboard; name = Base; path = VirtualPT/Base.lproj/Main.storyboard; sourceTree = "<group>"; };
		6B50CDF319120A1A00405A83 /* Exercise.h */ = {isa = PBXFileReference; fileEncoding = 4; lastKnownFileType = sourcecode.c.h; path = Exercise.h; sourceTree = "<group>"; };
		6B50CDF419120A1A00405A83 /* Exercise.m */ = {isa = PBXFileReference; fileEncoding = 4; lastKnownFileType = sourcecode.c.objc; path = Exercise.m; sourceTree = "<group>"; };
		6B50CDF619120A1A00405A83 /* User.h */ = {isa = PBXFileReference; fileEncoding = 4; lastKnownFileType = sourcecode.c.h; path = User.h; sourceTree = "<group>"; };
		6B50CDF719120A1A00405A83 /* User.m */ = {isa = PBXFileReference; fileEncoding = 4; lastKnownFileType = sourcecode.c.objc; path = User.m; sourceTree = "<group>"; };
		6B50CDF919120A1A00405A83 /* Motivation.h */ = {isa = PBXFileReference; fileEncoding = 4; lastKnownFileType = sourcecode.c.h; path = Motivation.h; sourceTree = "<group>"; };
		6B50CDFA19120A1A00405A83 /* Motivation.m */ = {isa = PBXFileReference; fileEncoding = 4; lastKnownFileType = sourcecode.c.objc; path = Motivation.m; sourceTree = "<group>"; };
		6B50CDFC19120A1A00405A83 /* DailyCheckin.h */ = {isa = PBXFileReference; fileEncoding = 4; lastKnownFileType = sourcecode.c.h; path = DailyCheckin.h; sourceTree = "<group>"; };
		6B50CDFD19120A1A00405A83 /* DailyCheckin.m */ = {isa = PBXFileReference; fileEncoding = 4; lastKnownFileType = sourcecode.c.objc; path = DailyCheckin.m; sourceTree = "<group>"; };
		6B50CDFF19120B8A00405A83 /* MyExerciseTVC.h */ = {isa = PBXFileReference; fileEncoding = 4; lastKnownFileType = sourcecode.c.h; path = MyExerciseTVC.h; sourceTree = "<group>"; };
		6B50CE0019120B8A00405A83 /* MyExerciseTVC.m */ = {isa = PBXFileReference; fileEncoding = 4; lastKnownFileType = sourcecode.c.objc; path = MyExerciseTVC.m; sourceTree = "<group>"; };
		6B50CE0319120D8500405A83 /* DoExerciseViewController.h */ = {isa = PBXFileReference; fileEncoding = 4; lastKnownFileType = sourcecode.c.h; path = DoExerciseViewController.h; sourceTree = "<group>"; };
		6B50CE0419120D8500405A83 /* DoExerciseViewController.m */ = {isa = PBXFileReference; fileEncoding = 4; lastKnownFileType = sourcecode.c.objc; path = DoExerciseViewController.m; sourceTree = "<group>"; };
		6B54B047190C2B340093FEF1 /* InspirationController.h */ = {isa = PBXFileReference; fileEncoding = 4; lastKnownFileType = sourcecode.c.h; path = InspirationController.h; sourceTree = "<group>"; };
		6B54B048190C2B340093FEF1 /* InspirationController.m */ = {isa = PBXFileReference; fileEncoding = 4; lastKnownFileType = sourcecode.c.objc; path = InspirationController.m; sourceTree = "<group>"; };
		6B54B04B190C49810093FEF1 /* README.md */ = {isa = PBXFileReference; fileEncoding = 4; lastKnownFileType = text; path = README.md; sourceTree = "<group>"; };
		6B54B04D190C575D0093FEF1 /* GoalController.h */ = {isa = PBXFileReference; fileEncoding = 4; lastKnownFileType = sourcecode.c.h; path = GoalController.h; sourceTree = "<group>"; };
		6B54B04E190C575D0093FEF1 /* GoalController.m */ = {isa = PBXFileReference; fileEncoding = 4; lastKnownFileType = sourcecode.c.objc; path = GoalController.m; sourceTree = "<group>"; };
		6B54B051190D6DB80093FEF1 /* ListItem.h */ = {isa = PBXFileReference; fileEncoding = 4; lastKnownFileType = sourcecode.c.h; path = ListItem.h; sourceTree = "<group>"; };
		6B54B052190D6DB80093FEF1 /* ListItem.m */ = {isa = PBXFileReference; fileEncoding = 4; lastKnownFileType = sourcecode.c.objc; path = ListItem.m; sourceTree = "<group>"; };
		6B54B053190D6DB80093FEF1 /* POHorizontalList.h */ = {isa = PBXFileReference; fileEncoding = 4; lastKnownFileType = sourcecode.c.h; path = POHorizontalList.h; sourceTree = "<group>"; };
		6B54B054190D6DB80093FEF1 /* POHorizontalList.m */ = {isa = PBXFileReference; fileEncoding = 4; lastKnownFileType = sourcecode.c.objc; path = POHorizontalList.m; sourceTree = "<group>"; };
		6B54B055190D6DB80093FEF1 /* POHorizontalListDelegate.h */ = {isa = PBXFileReference; fileEncoding = 4; lastKnownFileType = sourcecode.c.h; path = POHorizontalListDelegate.h; sourceTree = "<group>"; };
		6B54B058190DAA2C0093FEF1 /* RatingViewController.h */ = {isa = PBXFileReference; fileEncoding = 4; lastKnownFileType = sourcecode.c.h; path = RatingViewController.h; sourceTree = "<group>"; };
		6B54B059190DAA2C0093FEF1 /* RatingViewController.m */ = {isa = PBXFileReference; fileEncoding = 4; lastKnownFileType = sourcecode.c.objc; path = RatingViewController.m; sourceTree = "<group>"; };
		6B54B05B190DD4080093FEF1 /* InjuryController.h */ = {isa = PBXFileReference; fileEncoding = 4; lastKnownFileType = sourcecode.c.h; path = InjuryController.h; sourceTree = "<group>"; };
		6B54B05C190DD4080093FEF1 /* InjuryController.m */ = {isa = PBXFileReference; fileEncoding = 4; lastKnownFileType = sourcecode.c.objc; path = InjuryController.m; sourceTree = "<group>"; };
		6B54B05E190E2F6E0093FEF1 /* hep2go_doc */ = {isa = PBXFileReference; fileEncoding = 4; lastKnownFileType = text; path = hep2go_doc; sourceTree = "<group>"; };
		6B56200118F8A1760018FDE9 /* CoreData.framework */ = {isa = PBXFileReference; lastKnownFileType = wrapper.framework; name = CoreData.framework; path = System/Library/Frameworks/CoreData.framework; sourceTree = SDKROOT; };
		6B56200318F8BD0E0018FDE9 /* UsersTableViewController.h */ = {isa = PBXFileReference; fileEncoding = 4; lastKnownFileType = sourcecode.c.h; path = UsersTableViewController.h; sourceTree = "<group>"; };
		6B56200418F8BD0E0018FDE9 /* UsersTableViewController.m */ = {isa = PBXFileReference; fileEncoding = 4; lastKnownFileType = sourcecode.c.objc; path = UsersTableViewController.m; sourceTree = "<group>"; };
		6B5BD9E518F9F43800B22E01 /* TimerViewController.h */ = {isa = PBXFileReference; fileEncoding = 4; lastKnownFileType = sourcecode.c.h; path = TimerViewController.h; sourceTree = "<group>"; };
		6B5BD9E618F9F43800B22E01 /* TimerViewController.m */ = {isa = PBXFileReference; fileEncoding = 4; lastKnownFileType = sourcecode.c.objc; path = TimerViewController.m; sourceTree = "<group>"; };
		6B5BD9E918FA4EA300B22E01 /* ExerciseBaseTVC.h */ = {isa = PBXFileReference; fileEncoding = 4; lastKnownFileType = sourcecode.c.h; path = ExerciseBaseTVC.h; sourceTree = "<group>"; };
		6B5BD9EA18FA4EA300B22E01 /* ExerciseBaseTVC.m */ = {isa = PBXFileReference; fileEncoding = 4; lastKnownFileType = sourcecode.c.objc; path = ExerciseBaseTVC.m; sourceTree = "<group>"; };
		6B5BD9EF18FB01BE00B22E01 /* ExerciseInfoViewController.h */ = {isa = PBXFileReference; fileEncoding = 4; lastKnownFileType = sourcecode.c.h; path = ExerciseInfoViewController.h; sourceTree = "<group>"; };
		6B5BD9F018FB01BE00B22E01 /* ExerciseInfoController.m */ = {isa = PBXFileReference; fileEncoding = 4; lastKnownFileType = sourcecode.c.objc; path = ExerciseInfoController.m; sourceTree = "<group>"; };
		6B5BD9FA18FB58D600B22E01 /* ProgressTableViewController.h */ = {isa = PBXFileReference; fileEncoding = 4; lastKnownFileType = sourcecode.c.h; path = ProgressTableViewController.h; sourceTree = "<group>"; };
		6B5BD9FB18FB58D600B22E01 /* ProgressTableViewController.m */ = {isa = PBXFileReference; fileEncoding = 4; lastKnownFileType = sourcecode.c.objc; path = ProgressTableViewController.m; sourceTree = "<group>"; };
		6B5BDA2F18FB828D00B22E01 /* ChartViewController.h */ = {isa = PBXFileReference; fileEncoding = 4; lastKnownFileType = sourcecode.c.h; path = ChartViewController.h; sourceTree = "<group>"; };
		6B5BDA3018FB828D00B22E01 /* ChartViewController.m */ = {isa = PBXFileReference; fileEncoding = 4; lastKnownFileType = sourcecode.c.objc; path = ChartViewController.m; sourceTree = "<group>"; };
		6B5BDA3318FB97AC00B22E01 /* PNBar.h */ = {isa = PBXFileReference; fileEncoding = 4; lastKnownFileType = sourcecode.c.h; path = PNBar.h; sourceTree = "<group>"; };
		6B5BDA3418FB97AC00B22E01 /* PNBar.m */ = {isa = PBXFileReference; fileEncoding = 4; lastKnownFileType = sourcecode.c.objc; path = PNBar.m; sourceTree = "<group>"; };
		6B5BDA3518FB97AC00B22E01 /* PNBarChart.h */ = {isa = PBXFileReference; fileEncoding = 4; lastKnownFileType = sourcecode.c.h; path = PNBarChart.h; sourceTree = "<group>"; };
		6B5BDA3618FB97AC00B22E01 /* PNBarChart.m */ = {isa = PBXFileReference; fileEncoding = 4; lastKnownFileType = sourcecode.c.objc; path = PNBarChart.m; sourceTree = "<group>"; };
		6B5BDA3718FB97AC00B22E01 /* PNChart.h */ = {isa = PBXFileReference; fileEncoding = 4; lastKnownFileType = sourcecode.c.h; path = PNChart.h; sourceTree = "<group>"; };
		6B5BDA3818FB97AC00B22E01 /* PNChartDelegate.h */ = {isa = PBXFileReference; fileEncoding = 4; lastKnownFileType = sourcecode.c.h; path = PNChartDelegate.h; sourceTree = "<group>"; };
		6B5BDA3918FB97AC00B22E01 /* PNChartLabel.h */ = {isa = PBXFileReference; fileEncoding = 4; lastKnownFileType = sourcecode.c.h; path = PNChartLabel.h; sourceTree = "<group>"; };
		6B5BDA3A18FB97AC00B22E01 /* PNChartLabel.m */ = {isa = PBXFileReference; fileEncoding = 4; lastKnownFileType = sourcecode.c.objc; path = PNChartLabel.m; sourceTree = "<group>"; };
		6B5BDA3B18FB97AC00B22E01 /* PNCircleChart.h */ = {isa = PBXFileReference; fileEncoding = 4; lastKnownFileType = sourcecode.c.h; path = PNCircleChart.h; sourceTree = "<group>"; };
		6B5BDA3C18FB97AC00B22E01 /* PNCircleChart.m */ = {isa = PBXFileReference; fileEncoding = 4; lastKnownFileType = sourcecode.c.objc; path = PNCircleChart.m; sourceTree = "<group>"; };
		6B5BDA3D18FB97AC00B22E01 /* PNColor.h */ = {isa = PBXFileReference; fileEncoding = 4; lastKnownFileType = sourcecode.c.h; path = PNColor.h; sourceTree = "<group>"; };
		6B5BDA3E18FB97AC00B22E01 /* PNColor.m */ = {isa = PBXFileReference; fileEncoding = 4; lastKnownFileType = sourcecode.c.objc; path = PNColor.m; sourceTree = "<group>"; };
		6B5BDA3F18FB97AC00B22E01 /* PNLineChart.h */ = {isa = PBXFileReference; fileEncoding = 4; lastKnownFileType = sourcecode.c.h; path = PNLineChart.h; sourceTree = "<group>"; };
		6B5BDA4018FB97AC00B22E01 /* PNLineChart.m */ = {isa = PBXFileReference; fileEncoding = 4; lastKnownFileType = sourcecode.c.objc; path = PNLineChart.m; sourceTree = "<group>"; };
		6B5BDA4118FB97AC00B22E01 /* PNLineChartData.h */ = {isa = PBXFileReference; fileEncoding = 4; lastKnownFileType = sourcecode.c.h; path = PNLineChartData.h; sourceTree = "<group>"; };
		6B5BDA4218FB97AC00B22E01 /* PNLineChartData.m */ = {isa = PBXFileReference; fileEncoding = 4; lastKnownFileType = sourcecode.c.objc; path = PNLineChartData.m; sourceTree = "<group>"; };
		6B5BDA4318FB97AC00B22E01 /* PNLineChartDataItem.h */ = {isa = PBXFileReference; fileEncoding = 4; lastKnownFileType = sourcecode.c.h; path = PNLineChartDataItem.h; sourceTree = "<group>"; };
		6B5BDA4418FB97AC00B22E01 /* PNLineChartDataItem.m */ = {isa = PBXFileReference; fileEncoding = 4; lastKnownFileType = sourcecode.c.objc; path = PNLineChartDataItem.m; sourceTree = "<group>"; };
		6B6853A4194CD6EF008B2710 /* LOG.md */ = {isa = PBXFileReference; fileEncoding = 4; lastKnownFileType = text; path = LOG.md; sourceTree = "<group>"; };
		6B6A2127191D926D00F6224A /* Parse.framework */ = {isa = PBXFileReference; lastKnownFileType = wrapper.framework; path = Parse.framework; sourceTree = "<group>"; };
		6B6A2129191D92BB00F6224A /* AudioToolbox.framework */ = {isa = PBXFileReference; lastKnownFileType = wrapper.framework; name = AudioToolbox.framework; path = System/Library/Frameworks/AudioToolbox.framework; sourceTree = SDKROOT; };
		6B6A212B191D92C700F6224A /* CFNetwork.framework */ = {isa = PBXFileReference; lastKnownFileType = wrapper.framework; name = CFNetwork.framework; path = System/Library/Frameworks/CFNetwork.framework; sourceTree = SDKROOT; };
		6B6A212D191D92D600F6224A /* CoreLocation.framework */ = {isa = PBXFileReference; lastKnownFileType = wrapper.framework; name = CoreLocation.framework; path = System/Library/Frameworks/CoreLocation.framework; sourceTree = SDKROOT; };
		6B6A212F191D92E200F6224A /* libz.dylib */ = {isa = PBXFileReference; lastKnownFileType = "compiled.mach-o.dylib"; name = libz.dylib; path = usr/lib/libz.dylib; sourceTree = SDKROOT; };
		6B6A2131191D92EA00F6224A /* MobileCoreServices.framework */ = {isa = PBXFileReference; lastKnownFileType = wrapper.framework; name = MobileCoreServices.framework; path = System/Library/Frameworks/MobileCoreServices.framework; sourceTree = SDKROOT; };
		6B6A2133191D92F300F6224A /* QuartzCore.framework */ = {isa = PBXFileReference; lastKnownFileType = wrapper.framework; name = QuartzCore.framework; path = System/Library/Frameworks/QuartzCore.framework; sourceTree = SDKROOT; };
		6B6A2135191D92FC00F6224A /* Security.framework */ = {isa = PBXFileReference; lastKnownFileType = wrapper.framework; name = Security.framework; path = System/Library/Frameworks/Security.framework; sourceTree = SDKROOT; };
		6B6A2137191D930700F6224A /* StoreKit.framework */ = {isa = PBXFileReference; lastKnownFileType = wrapper.framework; name = StoreKit.framework; path = System/Library/Frameworks/StoreKit.framework; sourceTree = SDKROOT; };
		6B6A2139191D931000F6224A /* SystemConfiguration.framework */ = {isa = PBXFileReference; lastKnownFileType = wrapper.framework; name = SystemConfiguration.framework; path = System/Library/Frameworks/SystemConfiguration.framework; sourceTree = SDKROOT; };
		6B6A213B191D963200F6224A /* Social.framework */ = {isa = PBXFileReference; lastKnownFileType = wrapper.framework; name = Social.framework; path = System/Library/Frameworks/Social.framework; sourceTree = SDKROOT; };
		6B6A213D191D96B700F6224A /* Accounts.framework */ = {isa = PBXFileReference; lastKnownFileType = wrapper.framework; name = Accounts.framework; path = System/Library/Frameworks/Accounts.framework; sourceTree = SDKROOT; };
		6B6A213F191D98C300F6224A /* FacebookSDK.framework */ = {isa = PBXFileReference; lastKnownFileType = wrapper.framework; path = FacebookSDK.framework; sourceTree = "<group>"; };
		6B77BDC118EBF1A0009B71ED /* VirtualPT.app */ = {isa = PBXFileReference; explicitFileType = wrapper.application; includeInIndex = 0; path = VirtualPT.app; sourceTree = BUILT_PRODUCTS_DIR; };
		6B77BDC418EBF1A0009B71ED /* Foundation.framework */ = {isa = PBXFileReference; lastKnownFileType = wrapper.framework; name = Foundation.framework; path = System/Library/Frameworks/Foundation.framework; sourceTree = SDKROOT; };
		6B77BDC618EBF1A0009B71ED /* CoreGraphics.framework */ = {isa = PBXFileReference; lastKnownFileType = wrapper.framework; name = CoreGraphics.framework; path = System/Library/Frameworks/CoreGraphics.framework; sourceTree = SDKROOT; };
		6B77BDC818EBF1A0009B71ED /* UIKit.framework */ = {isa = PBXFileReference; lastKnownFileType = wrapper.framework; name = UIKit.framework; path = System/Library/Frameworks/UIKit.framework; sourceTree = SDKROOT; };
		6B77BDCC18EBF1A0009B71ED /* VirtualPT-Info.plist */ = {isa = PBXFileReference; lastKnownFileType = text.plist.xml; path = "VirtualPT-Info.plist"; sourceTree = "<group>"; };
		6B77BDCE18EBF1A0009B71ED /* en */ = {isa = PBXFileReference; lastKnownFileType = text.plist.strings; name = en; path = en.lproj/InfoPlist.strings; sourceTree = "<group>"; };
		6B77BDD018EBF1A0009B71ED /* main.m */ = {isa = PBXFileReference; lastKnownFileType = sourcecode.c.objc; path = main.m; sourceTree = "<group>"; };
		6B77BDD218EBF1A0009B71ED /* VirtualPT-Prefix.pch */ = {isa = PBXFileReference; lastKnownFileType = sourcecode.c.h; path = "VirtualPT-Prefix.pch"; sourceTree = "<group>"; };
		6B77BDD318EBF1A0009B71ED /* VPTAppDelegate.h */ = {isa = PBXFileReference; lastKnownFileType = sourcecode.c.h; path = VPTAppDelegate.h; sourceTree = "<group>"; };
		6B77BDD418EBF1A0009B71ED /* VPTAppDelegate.m */ = {isa = PBXFileReference; lastKnownFileType = sourcecode.c.objc; path = VPTAppDelegate.m; sourceTree = "<group>"; };
		6B77BDD918EBF1A0009B71ED /* LoginViewController.h */ = {isa = PBXFileReference; lastKnownFileType = sourcecode.c.h; path = LoginViewController.h; sourceTree = "<group>"; };
		6B77BDDA18EBF1A0009B71ED /* LoginViewController.m */ = {isa = PBXFileReference; lastKnownFileType = sourcecode.c.objc; path = LoginViewController.m; sourceTree = "<group>"; };
		6B77BDE218EBF1A0009B71ED /* VirtualPTTests.xctest */ = {isa = PBXFileReference; explicitFileType = wrapper.cfbundle; includeInIndex = 0; path = VirtualPTTests.xctest; sourceTree = BUILT_PRODUCTS_DIR; };
		6B77BDE318EBF1A0009B71ED /* XCTest.framework */ = {isa = PBXFileReference; lastKnownFileType = wrapper.framework; name = XCTest.framework; path = Library/Frameworks/XCTest.framework; sourceTree = DEVELOPER_DIR; };
		6B77BDEB18EBF1A0009B71ED /* VirtualPTTests-Info.plist */ = {isa = PBXFileReference; lastKnownFileType = text.plist.xml; path = "VirtualPTTests-Info.plist"; sourceTree = "<group>"; };
		6B77BDED18EBF1A0009B71ED /* en */ = {isa = PBXFileReference; lastKnownFileType = text.plist.strings; name = en; path = en.lproj/InfoPlist.strings; sourceTree = "<group>"; };
		6B77BDEF18EBF1A0009B71ED /* VirtualPTTests.m */ = {isa = PBXFileReference; lastKnownFileType = sourcecode.c.objc; path = VirtualPTTests.m; sourceTree = "<group>"; };
		6B77BDFA18EBFFC8009B71ED /* VPTMenuTableViewController.h */ = {isa = PBXFileReference; fileEncoding = 4; lastKnownFileType = sourcecode.c.h; path = VPTMenuTableViewController.h; sourceTree = "<group>"; };
		6B77BDFB18EBFFC8009B71ED /* VPTMenuTableViewController.m */ = {isa = PBXFileReference; fileEncoding = 4; lastKnownFileType = sourcecode.c.objc; path = VPTMenuTableViewController.m; sourceTree = "<group>"; };
		6B91A89618EE33EC00F36EF1 /* MotivationViewController.h */ = {isa = PBXFileReference; fileEncoding = 4; lastKnownFileType = sourcecode.c.h; path = MotivationViewController.h; sourceTree = "<group>"; };
		6B91A89718EE33EC00F36EF1 /* MotivationViewController.m */ = {isa = PBXFileReference; fileEncoding = 4; lastKnownFileType = sourcecode.c.objc; path = MotivationViewController.m; sourceTree = "<group>"; };
		6B91A8D818EE4CBE00F36EF1 /* SignUpViewController.h */ = {isa = PBXFileReference; fileEncoding = 4; lastKnownFileType = sourcecode.c.h; path = SignUpViewController.h; sourceTree = "<group>"; };
		6B91A8D918EE4CBE00F36EF1 /* SignUpViewController.m */ = {isa = PBXFileReference; fileEncoding = 4; lastKnownFileType = sourcecode.c.objc; path = SignUpViewController.m; sourceTree = "<group>"; };
		6B91A8DB18EE598A00F36EF1 /* VPTRootViewController.h */ = {isa = PBXFileReference; fileEncoding = 4; lastKnownFileType = sourcecode.c.h; path = VPTRootViewController.h; sourceTree = "<group>"; };
		6B91A8DC18EE598A00F36EF1 /* VPTRootViewController.m */ = {isa = PBXFileReference; fileEncoding = 4; lastKnownFileType = sourcecode.c.objc; path = VPTRootViewController.m; sourceTree = "<group>"; };
		6B91A8DF18EE5A6500F36EF1 /* RECommonFunctions.h */ = {isa = PBXFileReference; fileEncoding = 4; lastKnownFileType = sourcecode.c.h; path = RECommonFunctions.h; sourceTree = "<group>"; };
		6B91A8E018EE5A6500F36EF1 /* RECommonFunctions.m */ = {isa = PBXFileReference; fileEncoding = 4; lastKnownFileType = sourcecode.c.objc; path = RECommonFunctions.m; sourceTree = "<group>"; };
		6B91A8E118EE5A6500F36EF1 /* REFrostedContainerViewController.h */ = {isa = PBXFileReference; fileEncoding = 4; lastKnownFileType = sourcecode.c.h; path = REFrostedContainerViewController.h; sourceTree = "<group>"; };
		6B91A8E218EE5A6500F36EF1 /* REFrostedContainerViewController.m */ = {isa = PBXFileReference; fileEncoding = 4; lastKnownFileType = sourcecode.c.objc; path = REFrostedContainerViewController.m; sourceTree = "<group>"; };
		6B91A8E318EE5A6500F36EF1 /* REFrostedViewController.h */ = {isa = PBXFileReference; fileEncoding = 4; lastKnownFileType = sourcecode.c.h; path = REFrostedViewController.h; sourceTree = "<group>"; };
		6B91A8E418EE5A6500F36EF1 /* REFrostedViewController.m */ = {isa = PBXFileReference; fileEncoding = 4; lastKnownFileType = sourcecode.c.objc; path = REFrostedViewController.m; sourceTree = "<group>"; };
		6B91A8E518EE5A6500F36EF1 /* UIImage+REFrostedViewController.h */ = {isa = PBXFileReference; fileEncoding = 4; lastKnownFileType = sourcecode.c.h; path = "UIImage+REFrostedViewController.h"; sourceTree = "<group>"; };
		6B91A8E618EE5A6500F36EF1 /* UIImage+REFrostedViewController.m */ = {isa = PBXFileReference; fileEncoding = 4; lastKnownFileType = sourcecode.c.objc; path = "UIImage+REFrostedViewController.m"; sourceTree = "<group>"; };
		6B91A8E718EE5A6500F36EF1 /* UIView+REFrostedViewController.h */ = {isa = PBXFileReference; fileEncoding = 4; lastKnownFileType = sourcecode.c.h; path = "UIView+REFrostedViewController.h"; sourceTree = "<group>"; };
		6B91A8E818EE5A6500F36EF1 /* UIView+REFrostedViewController.m */ = {isa = PBXFileReference; fileEncoding = 4; lastKnownFileType = sourcecode.c.objc; path = "UIView+REFrostedViewController.m"; sourceTree = "<group>"; };
		6B91A8E918EE5A6500F36EF1 /* UIViewController+REFrostedViewController.h */ = {isa = PBXFileReference; fileEncoding = 4; lastKnownFileType = sourcecode.c.h; path = "UIViewController+REFrostedViewController.h"; sourceTree = "<group>"; };
		6B91A8EA18EE5A6500F36EF1 /* UIViewController+REFrostedViewController.m */ = {isa = PBXFileReference; fileEncoding = 4; lastKnownFileType = sourcecode.c.objc; path = "UIViewController+REFrostedViewController.m"; sourceTree = "<group>"; };
		6B91A8F718EE658E00F36EF1 /* VPTNavigationController.h */ = {isa = PBXFileReference; fileEncoding = 4; lastKnownFileType = sourcecode.c.h; name = VPTNavigationController.h; path = ../VPTNavigationController.h; sourceTree = "<group>"; };
		6B91A8F818EE658E00F36EF1 /* VPTNavigationController.m */ = {isa = PBXFileReference; fileEncoding = 4; lastKnownFileType = sourcecode.c.objc; name = VPTNavigationController.m; path = ../VPTNavigationController.m; sourceTree = "<group>"; };
		6B9F25B3191DBE6E0004DFEE /* VPTAFParseAPIClient.h */ = {isa = PBXFileReference; fileEncoding = 4; lastKnownFileType = sourcecode.c.h; path = VPTAFParseAPIClient.h; sourceTree = "<group>"; };
		6B9F25B4191DBE6E0004DFEE /* VPTAFParseAPIClient.m */ = {isa = PBXFileReference; fileEncoding = 4; lastKnownFileType = sourcecode.c.objc; path = VPTAFParseAPIClient.m; sourceTree = "<group>"; };
		6BCA7EBC19246F530043FADF /* VPTBaseViewController.h */ = {isa = PBXFileReference; fileEncoding = 4; lastKnownFileType = sourcecode.c.h; name = VPTBaseViewController.h; path = ../VPTBaseViewController.h; sourceTree = "<group>"; };
		6BCA7EBD19246F530043FADF /* VPTBaseViewController.m */ = {isa = PBXFileReference; fileEncoding = 4; lastKnownFileType = sourcecode.c.objc; name = VPTBaseViewController.m; path = ../VPTBaseViewController.m; sourceTree = "<group>"; };
		6BCA7EC1192491DC0043FADF /* ProfileViewController.h */ = {isa = PBXFileReference; fileEncoding = 4; lastKnownFileType = sourcecode.c.h; path = ProfileViewController.h; sourceTree = "<group>"; };
		6BCA7EC2192491DC0043FADF /* ProfileViewController.m */ = {isa = PBXFileReference; fileEncoding = 4; lastKnownFileType = sourcecode.c.objc; path = ProfileViewController.m; sourceTree = "<group>"; };
		6BE5FA631926CF040075DCCB /* ProfileInfoCell.xib */ = {isa = PBXFileReference; fileEncoding = 4; lastKnownFileType = file.xib; path = ProfileInfoCell.xib; sourceTree = "<group>"; };
		6BE5FA651926CF930075DCCB /* ProfileInfoCell.h */ = {isa = PBXFileReference; fileEncoding = 4; lastKnownFileType = sourcecode.c.h; path = ProfileInfoCell.h; sourceTree = "<group>"; };
		6BE5FA661926CF930075DCCB /* ProfileInfoCell.m */ = {isa = PBXFileReference; fileEncoding = 4; lastKnownFileType = sourcecode.c.objc; path = ProfileInfoCell.m; sourceTree = "<group>"; };
		6BE5FA7B1929241B0075DCCB /* BadgeCell.h */ = {isa = PBXFileReference; fileEncoding = 4; lastKnownFileType = sourcecode.c.h; path = BadgeCell.h; sourceTree = "<group>"; };
		6BE5FA7C1929241B0075DCCB /* BadgeCell.m */ = {isa = PBXFileReference; fileEncoding = 4; lastKnownFileType = sourcecode.c.objc; path = BadgeCell.m; sourceTree = "<group>"; };
		6BE5FA821929266A0075DCCB /* AccomplishmentVC.h */ = {isa = PBXFileReference; fileEncoding = 4; lastKnownFileType = sourcecode.c.h; path = AccomplishmentVC.h; sourceTree = "<group>"; };
		6BE5FA831929266A0075DCCB /* AccomplishmentVC.m */ = {isa = PBXFileReference; fileEncoding = 4; lastKnownFileType = sourcecode.c.objc; path = AccomplishmentVC.m; sourceTree = "<group>"; };
		6BE5FA86192938450075DCCB /* FolderCoverView.h */ = {isa = PBXFileReference; fileEncoding = 4; lastKnownFileType = sourcecode.c.h; path = FolderCoverView.h; sourceTree = "<group>"; };
		6BE5FA87192938450075DCCB /* FolderCoverView.m */ = {isa = PBXFileReference; fileEncoding = 4; lastKnownFileType = sourcecode.c.objc; path = FolderCoverView.m; sourceTree = "<group>"; };
		6BE5FA88192938450075DCCB /* UIFolderTableView.h */ = {isa = PBXFileReference; fileEncoding = 4; lastKnownFileType = sourcecode.c.h; path = UIFolderTableView.h; sourceTree = "<group>"; };
		6BE5FA89192938450075DCCB /* UIFolderTableView.m */ = {isa = PBXFileReference; fileEncoding = 4; lastKnownFileType = sourcecode.c.objc; path = UIFolderTableView.m; sourceTree = "<group>"; };
		6BE5FA8A192938450075DCCB /* UIView+screenshot.h */ = {isa = PBXFileReference; fileEncoding = 4; lastKnownFileType = sourcecode.c.h; path = "UIView+screenshot.h"; sourceTree = "<group>"; };
		6BE5FA8B192938450075DCCB /* UIView+screenshot.m */ = {isa = PBXFileReference; fileEncoding = 4; lastKnownFileType = sourcecode.c.objc; path = "UIView+screenshot.m"; sourceTree = "<group>"; };
		6BE5FA8F192939840075DCCB /* BadgeDetailVC.h */ = {isa = PBXFileReference; fileEncoding = 4; lastKnownFileType = sourcecode.c.h; path = BadgeDetailVC.h; sourceTree = "<group>"; };
		6BE5FA90192939840075DCCB /* BadgeDetailVC.m */ = {isa = PBXFileReference; fileEncoding = 4; lastKnownFileType = sourcecode.c.objc; path = BadgeDetailVC.m; sourceTree = "<group>"; };
		6BE5FA95192973CF0075DCCB /* BadgeDetailVC.xib */ = {isa = PBXFileReference; fileEncoding = 4; lastKnownFileType = file.xib; path = BadgeDetailVC.xib; sourceTree = "<group>"; };
		C37643C4E0BA4BA38D30728E /* libPods.a */ = {isa = PBXFileReference; explicitFileType = archive.ar; includeInIndex = 0; path = libPods.a; sourceTree = BUILT_PRODUCTS_DIR; };
/* End PBXFileReference section */

/* Begin PBXFrameworksBuildPhase section */
		6B77BDBE18EBF1A0009B71ED /* Frameworks */ = {
			isa = PBXFrameworksBuildPhase;
			buildActionMask = 2147483647;
			files = (
				6B14FF5A19357CCC00EDBDE2 /* EventKit.framework in Frameworks */,
				6B6A213E191D96B700F6224A /* Accounts.framework in Frameworks */,
				6B6A213C191D963200F6224A /* Social.framework in Frameworks */,
				6B6A213A191D931000F6224A /* SystemConfiguration.framework in Frameworks */,
				6B6A2138191D930800F6224A /* StoreKit.framework in Frameworks */,
				6B6A2136191D92FC00F6224A /* Security.framework in Frameworks */,
				6B6A2140191D98C300F6224A /* FacebookSDK.framework in Frameworks */,
				6B6A2134191D92F300F6224A /* QuartzCore.framework in Frameworks */,
				6B6A2132191D92EA00F6224A /* MobileCoreServices.framework in Frameworks */,
				6B6A2130191D92E200F6224A /* libz.dylib in Frameworks */,
				6B6A212E191D92D600F6224A /* CoreLocation.framework in Frameworks */,
				6B6A212C191D92C700F6224A /* CFNetwork.framework in Frameworks */,
				6B6A212A191D92BB00F6224A /* AudioToolbox.framework in Frameworks */,
				6B56200218F8A1760018FDE9 /* CoreData.framework in Frameworks */,
				6B77BDC718EBF1A0009B71ED /* CoreGraphics.framework in Frameworks */,
				6B77BDC918EBF1A0009B71ED /* UIKit.framework in Frameworks */,
				6B77BDC518EBF1A0009B71ED /* Foundation.framework in Frameworks */,
				6B6A2128191D926D00F6224A /* Parse.framework in Frameworks */,
				F810CF2AA8664A7EA98B457C /* libPods.a in Frameworks */,
			);
			runOnlyForDeploymentPostprocessing = 0;
		};
		6B77BDDF18EBF1A0009B71ED /* Frameworks */ = {
			isa = PBXFrameworksBuildPhase;
			buildActionMask = 2147483647;
			files = (
				6B77BDE418EBF1A0009B71ED /* XCTest.framework in Frameworks */,
				6B77BDE618EBF1A0009B71ED /* UIKit.framework in Frameworks */,
				6B77BDE518EBF1A0009B71ED /* Foundation.framework in Frameworks */,
			);
			runOnlyForDeploymentPostprocessing = 0;
		};
/* End PBXFrameworksBuildPhase section */

/* Begin PBXGroup section */
		6B033485192288E500DB8330 /* Base */ = {
			isa = PBXGroup;
			children = (
				6B5BD9E918FA4EA300B22E01 /* ExerciseBaseTVC.h */,
				6B5BD9EA18FA4EA300B22E01 /* ExerciseBaseTVC.m */,
			);
			name = Base;
			sourceTree = "<group>";
		};
		6B089FCE18F1B68500AEBB12 /* Data Model */ = {
			isa = PBXGroup;
			children = (
				6B089FCB18F1B67600AEBB12 /* Users.xcdatamodeld */,
				6B50CDFC19120A1A00405A83 /* DailyCheckin.h */,
				6B50CDFD19120A1A00405A83 /* DailyCheckin.m */,
				6B50CDF919120A1A00405A83 /* Motivation.h */,
				6B50CDFA19120A1A00405A83 /* Motivation.m */,
				6B50CDF619120A1A00405A83 /* User.h */,
				6B50CDF719120A1A00405A83 /* User.m */,
				6B50CDF319120A1A00405A83 /* Exercise.h */,
				6B50CDF419120A1A00405A83 /* Exercise.m */,
			);
			name = "Data Model";
			sourceTree = "<group>";
		};
		6B089FCF18F1B69700AEBB12 /* View */ = {
			isa = PBXGroup;
			children = (
				6BE5FA7E1929241F0075DCCB /* BadgeCell */,
				6B2A59DA1910C4DF00620E46 /* SimpleTableCell */,
				6BE5FA681926CF980075DCCB /* ProfileInfoCell */,
				6B50CDCE1911CF6800405A83 /* Main.storyboard */,
				6BE5FA631926CF040075DCCB /* ProfileInfoCell.xib */,
				6B2A59DD1910C4DF00620E46 /* SimpleTableCell.xib */,
				6BE5FA95192973CF0075DCCB /* BadgeDetailVC.xib */,
			);
			name = View;
			sourceTree = "<group>";
		};
		6B14FF5219344C2F00EDBDE2 /* FXBlurView */ = {
			isa = PBXGroup;
			children = (
				6B14FF5319344C2F00EDBDE2 /* FXBlurView.h */,
				6B14FF5419344C2F00EDBDE2 /* FXBlurView.m */,
			);
			path = FXBlurView;
			sourceTree = "<group>";
		};
		6B2A59CE19109AD000620E46 /* CHCSVParser */ = {
			isa = PBXGroup;
			children = (
				6B2A59CF19109AD000620E46 /* CHCSVParser.h */,
				6B2A59D019109AD000620E46 /* CHCSVParser.m */,
			);
			path = CHCSVParser;
			sourceTree = "<group>";
		};
		6B2A59DA1910C4DF00620E46 /* SimpleTableCell */ = {
			isa = PBXGroup;
			children = (
				6B2A59DB1910C4DF00620E46 /* SimpleTableCell.h */,
				6B2A59DC1910C4DF00620E46 /* SimpleTableCell.m */,
			);
			name = SimpleTableCell;
			path = ../SimpleTableCell;
			sourceTree = "<group>";
		};
		6B50CDBE1911C1D100405A83 /* video */ = {
			isa = PBXGroup;
			children = (
				6B50CDBF1911C1D100405A83 /* ELASTIC BAND - SIDELYING CLAM.mp4 */,
				6B50CDC01911C1D100405A83 /* ELASTIC BAND - STRAIGHT LEG RAISE.mp4 */,
				6B50CDC11911C1D100405A83 /* EXERCISE BALL - SUPINE KNEE BENDS.mp4 */,
				6B50CDC21911C1D100405A83 /* KNEE FLEXTION.mp4 */,
				6B50CDC31911C1D100405A83 /* LOWER TRUNK ROTATIONS - LTR.mp4 */,
				6B50CDC41911C1D100405A83 /* PATELLA INFERIOR GLIDE.mp4 */,
				6B50CDC51911C1D100405A83 /* SEATED HEEL SLIDES.mp4 */,
				6B50CDC61911C1D100405A83 /* SIDELYING INVERSION.mp4 */,
				6B50CDC71911C1D100405A83 /* Static quad - VMO.mp4 */,
				6B50CDC81911C1D100405A83 /* WAND FLEXION.mp4 */,
			);
			name = video;
			path = ../video;
			sourceTree = "<group>";
		};
		6B54B04A190C2B390093FEF1 /* Motivation */ = {
			isa = PBXGroup;
			children = (
				6B14FF4F193443BD00EDBDE2 /* VPTTabBarController.h */,
				6B14FF50193443BD00EDBDE2 /* VPTTabBarController.m */,
				6B91A89618EE33EC00F36EF1 /* MotivationViewController.h */,
				6B91A89718EE33EC00F36EF1 /* MotivationViewController.m */,
				6B54B05B190DD4080093FEF1 /* InjuryController.h */,
				6B54B05C190DD4080093FEF1 /* InjuryController.m */,
				6B54B04D190C575D0093FEF1 /* GoalController.h */,
				6B54B04E190C575D0093FEF1 /* GoalController.m */,
				6B54B047190C2B340093FEF1 /* InspirationController.h */,
				6B54B048190C2B340093FEF1 /* InspirationController.m */,
			);
			name = Motivation;
			sourceTree = "<group>";
		};
		6B54B050190D6DB80093FEF1 /* POHorizontalList */ = {
			isa = PBXGroup;
			children = (
				6B54B051190D6DB80093FEF1 /* ListItem.h */,
				6B54B052190D6DB80093FEF1 /* ListItem.m */,
				6B54B053190D6DB80093FEF1 /* POHorizontalList.h */,
				6B54B054190D6DB80093FEF1 /* POHorizontalList.m */,
				6B54B055190D6DB80093FEF1 /* POHorizontalListDelegate.h */,
			);
			path = POHorizontalList;
			sourceTree = "<group>";
		};
		6B5BD9E818FA4C6700B22E01 /* FlowControl */ = {
			isa = PBXGroup;
			children = (
				6B77BDFA18EBFFC8009B71ED /* VPTMenuTableViewController.h */,
				6B77BDFB18EBFFC8009B71ED /* VPTMenuTableViewController.m */,
				6B56200318F8BD0E0018FDE9 /* UsersTableViewController.h */,
				6B56200418F8BD0E0018FDE9 /* UsersTableViewController.m */,
				6B91A8F718EE658E00F36EF1 /* VPTNavigationController.h */,
				6B91A8F818EE658E00F36EF1 /* VPTNavigationController.m */,
				6B91A8DB18EE598A00F36EF1 /* VPTRootViewController.h */,
				6B91A8DC18EE598A00F36EF1 /* VPTRootViewController.m */,
			);
			name = FlowControl;
			sourceTree = "<group>";
		};
		6B5BD9EC18FA4EAD00B22E01 /* Exercise */ = {
			isa = PBXGroup;
			children = (
				6B033485192288E500DB8330 /* Base */,
				6B001DCF191C419700FF2C00 /* ExercisePreviewController.h */,
				6B001DD0191C419700FF2C00 /* ExercisePreviewController.m */,
				6B50CE0319120D8500405A83 /* DoExerciseViewController.h */,
				6B50CE0419120D8500405A83 /* DoExerciseViewController.m */,
				6B50CDFF19120B8A00405A83 /* MyExerciseTVC.h */,
				6B50CE0019120B8A00405A83 /* MyExerciseTVC.m */,
				6B03347F1922796700DB8330 /* ExerciseLibraryTVC.h */,
				6B0334801922796700DB8330 /* ExerciseLibraryTVC.m */,
				6B5BD9EF18FB01BE00B22E01 /* ExerciseInfoViewController.h */,
				6B5BD9F018FB01BE00B22E01 /* ExerciseInfoController.m */,
				6B033482192288CE00DB8330 /* TodayExerciseVC.h */,
				6B033483192288CE00DB8330 /* TodayExerciseVC.m */,
			);
			name = Exercise;
			sourceTree = "<group>";
		};
		6B5BD9FD18FB58DF00B22E01 /* Accomplishment */ = {
			isa = PBXGroup;
			children = (
				6BE5FA821929266A0075DCCB /* AccomplishmentVC.h */,
				6BE5FA831929266A0075DCCB /* AccomplishmentVC.m */,
				6BE5FA8F192939840075DCCB /* BadgeDetailVC.h */,
				6BE5FA90192939840075DCCB /* BadgeDetailVC.m */,
				6B5BD9FA18FB58D600B22E01 /* ProgressTableViewController.h */,
				6B5BD9FB18FB58D600B22E01 /* ProgressTableViewController.m */,
				6B5BDA2F18FB828D00B22E01 /* ChartViewController.h */,
				6B5BDA3018FB828D00B22E01 /* ChartViewController.m */,
			);
			name = Accomplishment;
			sourceTree = "<group>";
		};
		6B5BDA3218FB97AC00B22E01 /* PNChart */ = {
			isa = PBXGroup;
			children = (
				6B5BDA3318FB97AC00B22E01 /* PNBar.h */,
				6B5BDA3418FB97AC00B22E01 /* PNBar.m */,
				6B5BDA3518FB97AC00B22E01 /* PNBarChart.h */,
				6B5BDA3618FB97AC00B22E01 /* PNBarChart.m */,
				6B5BDA3718FB97AC00B22E01 /* PNChart.h */,
				6B5BDA3818FB97AC00B22E01 /* PNChartDelegate.h */,
				6B5BDA3918FB97AC00B22E01 /* PNChartLabel.h */,
				6B5BDA3A18FB97AC00B22E01 /* PNChartLabel.m */,
				6B5BDA3B18FB97AC00B22E01 /* PNCircleChart.h */,
				6B5BDA3C18FB97AC00B22E01 /* PNCircleChart.m */,
				6B5BDA3D18FB97AC00B22E01 /* PNColor.h */,
				6B5BDA3E18FB97AC00B22E01 /* PNColor.m */,
				6B5BDA3F18FB97AC00B22E01 /* PNLineChart.h */,
				6B5BDA4018FB97AC00B22E01 /* PNLineChart.m */,
				6B5BDA4118FB97AC00B22E01 /* PNLineChartData.h */,
				6B5BDA4218FB97AC00B22E01 /* PNLineChartData.m */,
				6B5BDA4318FB97AC00B22E01 /* PNLineChartDataItem.h */,
				6B5BDA4418FB97AC00B22E01 /* PNLineChartDataItem.m */,
			);
			path = PNChart;
			sourceTree = "<group>";
		};
		6B77BDB818EBF1A0009B71ED = {
			isa = PBXGroup;
			children = (
				6B41965B192022B100A26F14 /* schedule.csv */,
				6B2A59D21910B10800620E46 /* hep2go.csv */,
				6B54B04B190C49810093FEF1 /* README.md */,
				6B6853A4194CD6EF008B2710 /* LOG.md */,
				6B9F25B3191DBE6E0004DFEE /* VPTAFParseAPIClient.h */,
				6B9F25B4191DBE6E0004DFEE /* VPTAFParseAPIClient.m */,
				6B54B05E190E2F6E0093FEF1 /* hep2go_doc */,
				6B77BDCA18EBF1A0009B71ED /* VirtualPT */,
				6B77BDE918EBF1A0009B71ED /* VirtualPTTests */,
				6B77BDC318EBF1A0009B71ED /* Frameworks */,
				6B77BDC218EBF1A0009B71ED /* Products */,
				13954BF66F474516B6A95078 /* Pods.xcconfig */,
			);
			sourceTree = "<group>";
		};
		6B77BDC218EBF1A0009B71ED /* Products */ = {
			isa = PBXGroup;
			children = (
				6B77BDC118EBF1A0009B71ED /* VirtualPT.app */,
				6B77BDE218EBF1A0009B71ED /* VirtualPTTests.xctest */,
			);
			name = Products;
			sourceTree = "<group>";
		};
		6B77BDC318EBF1A0009B71ED /* Frameworks */ = {
			isa = PBXGroup;
			children = (
				6B14FF5919357CCC00EDBDE2 /* EventKit.framework */,
				6B6A213F191D98C300F6224A /* FacebookSDK.framework */,
				6B6A213D191D96B700F6224A /* Accounts.framework */,
				6B6A213B191D963200F6224A /* Social.framework */,
				6B6A2139191D931000F6224A /* SystemConfiguration.framework */,
				6B6A2137191D930700F6224A /* StoreKit.framework */,
				6B6A2135191D92FC00F6224A /* Security.framework */,
				6B6A2133191D92F300F6224A /* QuartzCore.framework */,
				6B6A2131191D92EA00F6224A /* MobileCoreServices.framework */,
				6B6A212F191D92E200F6224A /* libz.dylib */,
				6B6A212D191D92D600F6224A /* CoreLocation.framework */,
				6B6A212B191D92C700F6224A /* CFNetwork.framework */,
				6B6A2129191D92BB00F6224A /* AudioToolbox.framework */,
				6B6A2127191D926D00F6224A /* Parse.framework */,
				6B56200118F8A1760018FDE9 /* CoreData.framework */,
				6B77BDC418EBF1A0009B71ED /* Foundation.framework */,
				6B77BDC618EBF1A0009B71ED /* CoreGraphics.framework */,
				6B77BDC818EBF1A0009B71ED /* UIKit.framework */,
				6B77BDE318EBF1A0009B71ED /* XCTest.framework */,
				C37643C4E0BA4BA38D30728E /* libPods.a */,
			);
			name = Frameworks;
			sourceTree = "<group>";
		};
		6B77BDCA18EBF1A0009B71ED /* VirtualPT */ = {
			isa = PBXGroup;
			children = (
				6B77BDD318EBF1A0009B71ED /* VPTAppDelegate.h */,
				6B77BDD418EBF1A0009B71ED /* VPTAppDelegate.m */,
				6B089FCE18F1B68500AEBB12 /* Data Model */,
				6B089FCF18F1B69700AEBB12 /* View */,
				6B77BDFD18EBFFD2009B71ED /* Controller */,
				6B14FF4D193432EA00EDBDE2 /* Images.xcassets */,
				6B77BDCB18EBF1A0009B71ED /* Supporting Files */,
			);
			path = VirtualPT;
			sourceTree = "<group>";
		};
		6B77BDCB18EBF1A0009B71ED /* Supporting Files */ = {
			isa = PBXGroup;
			children = (
				6B14FF5219344C2F00EDBDE2 /* FXBlurView */,
				6BE5FA85192938450075DCCB /* UIFolderView */,
				6B50CDBE1911C1D100405A83 /* video */,
				6B2A59CE19109AD000620E46 /* CHCSVParser */,
				6B54B050190D6DB80093FEF1 /* POHorizontalList */,
				6B5BDA3218FB97AC00B22E01 /* PNChart */,
				6B91A8DE18EE5A6500F36EF1 /* REFrostedViewController */,
				6B77BDCC18EBF1A0009B71ED /* VirtualPT-Info.plist */,
				6B77BDCD18EBF1A0009B71ED /* InfoPlist.strings */,
				6B77BDD018EBF1A0009B71ED /* main.m */,
				6B77BDD218EBF1A0009B71ED /* VirtualPT-Prefix.pch */,
			);
			name = "Supporting Files";
			sourceTree = "<group>";
		};
		6B77BDE918EBF1A0009B71ED /* VirtualPTTests */ = {
			isa = PBXGroup;
			children = (
				6B77BDEF18EBF1A0009B71ED /* VirtualPTTests.m */,
				6B77BDEA18EBF1A0009B71ED /* Supporting Files */,
			);
			path = VirtualPTTests;
			sourceTree = "<group>";
		};
		6B77BDEA18EBF1A0009B71ED /* Supporting Files */ = {
			isa = PBXGroup;
			children = (
				6B77BDEB18EBF1A0009B71ED /* VirtualPTTests-Info.plist */,
				6B77BDEC18EBF1A0009B71ED /* InfoPlist.strings */,
			);
			name = "Supporting Files";
			sourceTree = "<group>";
		};
		6B77BDFD18EBFFD2009B71ED /* Controller */ = {
			isa = PBXGroup;
			children = (
				6B5BD9E818FA4C6700B22E01 /* FlowControl */,
				6BCA7EC0192476710043FADF /* UserManager */,
				6B54B04A190C2B390093FEF1 /* Motivation */,
				6B5BD9EC18FA4EAD00B22E01 /* Exercise */,
				6B5BD9FD18FB58DF00B22E01 /* Accomplishment */,
				6BE5FA78192803630075DCCB /* Rating */,
				6BCA7EBF192476060043FADF /* Utilities */,
				6BCA7EBC19246F530043FADF /* VPTBaseViewController.h */,
				6BCA7EBD19246F530043FADF /* VPTBaseViewController.m */,
			);
			name = Controller;
			sourceTree = "<group>";
		};
		6B91A8DE18EE5A6500F36EF1 /* REFrostedViewController */ = {
			isa = PBXGroup;
			children = (
				6B91A8DF18EE5A6500F36EF1 /* RECommonFunctions.h */,
				6B91A8E018EE5A6500F36EF1 /* RECommonFunctions.m */,
				6B91A8E118EE5A6500F36EF1 /* REFrostedContainerViewController.h */,
				6B91A8E218EE5A6500F36EF1 /* REFrostedContainerViewController.m */,
				6B91A8E318EE5A6500F36EF1 /* REFrostedViewController.h */,
				6B91A8E418EE5A6500F36EF1 /* REFrostedViewController.m */,
				6B91A8E518EE5A6500F36EF1 /* UIImage+REFrostedViewController.h */,
				6B91A8E618EE5A6500F36EF1 /* UIImage+REFrostedViewController.m */,
				6B91A8E718EE5A6500F36EF1 /* UIView+REFrostedViewController.h */,
				6B91A8E818EE5A6500F36EF1 /* UIView+REFrostedViewController.m */,
				6B91A8E918EE5A6500F36EF1 /* UIViewController+REFrostedViewController.h */,
				6B91A8EA18EE5A6500F36EF1 /* UIViewController+REFrostedViewController.m */,
			);
			path = REFrostedViewController;
			sourceTree = SOURCE_ROOT;
		};
		6BCA7EBF192476060043FADF /* Utilities */ = {
			isa = PBXGroup;
			children = (
				6B14FF5B19358B2400EDBDE2 /* ReminderDetailVC.h */,
				6B14FF5C19358B2400EDBDE2 /* ReminderDetailVC.m */,
				6B14FF5619357B8000EDBDE2 /* ReminderViewController.h */,
				6B14FF5719357B8000EDBDE2 /* ReminderViewController.m */,
				6B5BD9E518F9F43800B22E01 /* TimerViewController.h */,
				6B5BD9E618F9F43800B22E01 /* TimerViewController.m */,
				6B001DD2191C4A4E00FF2C00 /* UtilitiesController.h */,
				6B001DD3191C4A4E00FF2C00 /* UtilitiesController.m */,
			);
			name = Utilities;
			sourceTree = "<group>";
		};
		6BCA7EC0192476710043FADF /* UserManager */ = {
			isa = PBXGroup;
			children = (
				6BCA7EC1192491DC0043FADF /* ProfileViewController.h */,
				6BCA7EC2192491DC0043FADF /* ProfileViewController.m */,
				6B77BDD918EBF1A0009B71ED /* LoginViewController.h */,
				6B77BDDA18EBF1A0009B71ED /* LoginViewController.m */,
				6B91A8D818EE4CBE00F36EF1 /* SignUpViewController.h */,
				6B91A8D918EE4CBE00F36EF1 /* SignUpViewController.m */,
			);
			name = UserManager;
			sourceTree = "<group>";
		};
		6BE5FA681926CF980075DCCB /* ProfileInfoCell */ = {
			isa = PBXGroup;
			children = (
				6BE5FA651926CF930075DCCB /* ProfileInfoCell.h */,
				6BE5FA661926CF930075DCCB /* ProfileInfoCell.m */,
			);
			name = ProfileInfoCell;
			sourceTree = "<group>";
		};
		6BE5FA78192803630075DCCB /* Rating */ = {
			isa = PBXGroup;
			children = (
				6B54B058190DAA2C0093FEF1 /* RatingViewController.h */,
				6B54B059190DAA2C0093FEF1 /* RatingViewController.m */,
			);
			name = Rating;
			sourceTree = "<group>";
		};
		6BE5FA7E1929241F0075DCCB /* BadgeCell */ = {
			isa = PBXGroup;
			children = (
				6BE5FA7C1929241B0075DCCB /* BadgeCell.m */,
				6BE5FA7B1929241B0075DCCB /* BadgeCell.h */,
			);
			name = BadgeCell;
			sourceTree = "<group>";
		};
		6BE5FA85192938450075DCCB /* UIFolderView */ = {
			isa = PBXGroup;
			children = (
				6BE5FA86192938450075DCCB /* FolderCoverView.h */,
				6BE5FA87192938450075DCCB /* FolderCoverView.m */,
				6BE5FA88192938450075DCCB /* UIFolderTableView.h */,
				6BE5FA89192938450075DCCB /* UIFolderTableView.m */,
				6BE5FA8A192938450075DCCB /* UIView+screenshot.h */,
				6BE5FA8B192938450075DCCB /* UIView+screenshot.m */,
			);
			name = UIFolderView;
			path = ../UIFolderView;
			sourceTree = "<group>";
		};
/* End PBXGroup section */

/* Begin PBXNativeTarget section */
		6B77BDC018EBF1A0009B71ED /* VirtualPT */ = {
			isa = PBXNativeTarget;
			buildConfigurationList = 6B77BDF318EBF1A0009B71ED /* Build configuration list for PBXNativeTarget "VirtualPT" */;
			buildPhases = (
				E1EEFB2FA7DA4A9F88FD9A51 /* Check Pods Manifest.lock */,
				6B77BDBD18EBF1A0009B71ED /* Sources */,
				6B77BDBE18EBF1A0009B71ED /* Frameworks */,
				6B77BDBF18EBF1A0009B71ED /* Resources */,
				19796FBC67AA441B9B42E06D /* Copy Pods Resources */,
			);
			buildRules = (
			);
			dependencies = (
			);
			name = VirtualPT;
			productName = VirtualPT;
			productReference = 6B77BDC118EBF1A0009B71ED /* VirtualPT.app */;
			productType = "com.apple.product-type.application";
		};
		6B77BDE118EBF1A0009B71ED /* VirtualPTTests */ = {
			isa = PBXNativeTarget;
			buildConfigurationList = 6B77BDF618EBF1A0009B71ED /* Build configuration list for PBXNativeTarget "VirtualPTTests" */;
			buildPhases = (
				6B77BDDE18EBF1A0009B71ED /* Sources */,
				6B77BDDF18EBF1A0009B71ED /* Frameworks */,
				6B77BDE018EBF1A0009B71ED /* Resources */,
			);
			buildRules = (
			);
			dependencies = (
				6B77BDE818EBF1A0009B71ED /* PBXTargetDependency */,
			);
			name = VirtualPTTests;
			productName = VirtualPTTests;
			productReference = 6B77BDE218EBF1A0009B71ED /* VirtualPTTests.xctest */;
			productType = "com.apple.product-type.bundle.unit-test";
		};
/* End PBXNativeTarget section */

/* Begin PBXProject section */
		6B77BDB918EBF1A0009B71ED /* Project object */ = {
			isa = PBXProject;
			attributes = {
				CLASSPREFIX = VPT;
				LastUpgradeCheck = 0510;
				ORGANIZATIONNAME = "Jason Zhao";
				TargetAttributes = {
					6B77BDC018EBF1A0009B71ED = {
						DevelopmentTeam = Y4X7B5FQ3Y;
					};
					6B77BDE118EBF1A0009B71ED = {
						TestTargetID = 6B77BDC018EBF1A0009B71ED;
					};
				};
			};
			buildConfigurationList = 6B77BDBC18EBF1A0009B71ED /* Build configuration list for PBXProject "VirtualPT" */;
			compatibilityVersion = "Xcode 3.2";
			developmentRegion = English;
			hasScannedForEncodings = 0;
			knownRegions = (
				en,
				Base,
			);
			mainGroup = 6B77BDB818EBF1A0009B71ED;
			productRefGroup = 6B77BDC218EBF1A0009B71ED /* Products */;
			projectDirPath = "";
			projectRoot = "";
			targets = (
				6B77BDC018EBF1A0009B71ED /* VirtualPT */,
				6B77BDE118EBF1A0009B71ED /* VirtualPTTests */,
			);
		};
/* End PBXProject section */

/* Begin PBXResourcesBuildPhase section */
		6B77BDBF18EBF1A0009B71ED /* Resources */ = {
			isa = PBXResourcesBuildPhase;
			buildActionMask = 2147483647;
			files = (
				6BE5FA94192971C20075DCCB /* BadgeDetailVC.m in Resources */,
				6B50CDD11911ED4000405A83 /* ELASTIC BAND - SIDELYING CLAM.mp4 in Resources */,
				6B50CDD21911ED4000405A83 /* ELASTIC BAND - STRAIGHT LEG RAISE.mp4 in Resources */,
				6B50CDD31911ED4000405A83 /* EXERCISE BALL - SUPINE KNEE BENDS.mp4 in Resources */,
				6BE5FA641926CF040075DCCB /* ProfileInfoCell.xib in Resources */,
				6B50CDD41911ED4000405A83 /* KNEE FLEXTION.mp4 in Resources */,
				6B50CDD51911ED4000405A83 /* LOWER TRUNK ROTATIONS - LTR.mp4 in Resources */,
				6B50CDD61911ED4000405A83 /* PATELLA INFERIOR GLIDE.mp4 in Resources */,
				6B50CDD71911ED4000405A83 /* SEATED HEEL SLIDES.mp4 in Resources */,
				6B14FF4E193432EA00EDBDE2 /* Images.xcassets in Resources */,
				6B41965C192022B100A26F14 /* schedule.csv in Resources */,
				6B50CDD81911ED4000405A83 /* SIDELYING INVERSION.mp4 in Resources */,
				6BE5FA96192973CF0075DCCB /* BadgeDetailVC.xib in Resources */,
				6B50CDD91911ED4000405A83 /* Static quad - VMO.mp4 in Resources */,
				6B50CDDA1911ED4000405A83 /* WAND FLEXION.mp4 in Resources */,
				6B2A59D31910B10800620E46 /* hep2go.csv in Resources */,
				6B2A59DF1910C4DF00620E46 /* SimpleTableCell.xib in Resources */,
				6B6853A5194CD6EF008B2710 /* LOG.md in Resources */,
				6B50CDD01911CF6800405A83 /* Main.storyboard in Resources */,
				6B54B04C190C49810093FEF1 /* README.md in Resources */,
				6B54B05F190E2F6E0093FEF1 /* hep2go_doc in Resources */,
				6B77BDCF18EBF1A0009B71ED /* InfoPlist.strings in Resources */,
			);
			runOnlyForDeploymentPostprocessing = 0;
		};
		6B77BDE018EBF1A0009B71ED /* Resources */ = {
			isa = PBXResourcesBuildPhase;
			buildActionMask = 2147483647;
			files = (
				6B77BDEE18EBF1A0009B71ED /* InfoPlist.strings in Resources */,
			);
			runOnlyForDeploymentPostprocessing = 0;
		};
/* End PBXResourcesBuildPhase section */

/* Begin PBXShellScriptBuildPhase section */
		19796FBC67AA441B9B42E06D /* Copy Pods Resources */ = {
			isa = PBXShellScriptBuildPhase;
			buildActionMask = 2147483647;
			files = (
			);
			inputPaths = (
			);
			name = "Copy Pods Resources";
			outputPaths = (
			);
			runOnlyForDeploymentPostprocessing = 0;
			shellPath = /bin/sh;
			shellScript = "\"${SRCROOT}/Pods/Pods-resources.sh\"\n";
			showEnvVarsInLog = 0;
		};
		E1EEFB2FA7DA4A9F88FD9A51 /* Check Pods Manifest.lock */ = {
			isa = PBXShellScriptBuildPhase;
			buildActionMask = 2147483647;
			files = (
			);
			inputPaths = (
			);
			name = "Check Pods Manifest.lock";
			outputPaths = (
			);
			runOnlyForDeploymentPostprocessing = 0;
			shellPath = /bin/sh;
			shellScript = "diff \"${PODS_ROOT}/../Podfile.lock\" \"${PODS_ROOT}/Manifest.lock\" > /dev/null\nif [[ $? != 0 ]] ; then\n    cat << EOM\nerror: The sandbox is not in sync with the Podfile.lock. Run 'pod install' or update your CocoaPods installation.\nEOM\n    exit 1\nfi\n";
			showEnvVarsInLog = 0;
		};
/* End PBXShellScriptBuildPhase section */

/* Begin PBXSourcesBuildPhase section */
		6B77BDBD18EBF1A0009B71ED /* Sources */ = {
			isa = PBXSourcesBuildPhase;
			buildActionMask = 2147483647;
			files = (
				6B089FCD18F1B67600AEBB12 /* Users.xcdatamodeld in Sources */,
				6B2A59DE1910C4DF00620E46 /* SimpleTableCell.m in Sources */,
				6B50CE0119120B8A00405A83 /* MyExerciseTVC.m in Sources */,
				6B50CDFB19120A1A00405A83 /* Motivation.m in Sources */,
				6BCA7EC3192491DC0043FADF /* ProfileViewController.m in Sources */,
				6B54B049190C2B340093FEF1 /* InspirationController.m in Sources */,
				6B91A8EF18EE5A6500F36EF1 /* UIView+REFrostedViewController.m in Sources */,
				6B5BDA4818FB97AC00B22E01 /* PNCircleChart.m in Sources */,
				6B5BDA4618FB97AC00B22E01 /* PNBarChart.m in Sources */,
				6BE5FA91192939840075DCCB /* BadgeDetailVC.m in Sources */,
				6B5BDA4918FB97AC00B22E01 /* PNColor.m in Sources */,
				6B77BDD118EBF1A0009B71ED /* main.m in Sources */,
				6B5BDA4718FB97AC00B22E01 /* PNChartLabel.m in Sources */,
				6B2A59D119109AD000620E46 /* CHCSVParser.m in Sources */,
				6B5BDA3118FB828D00B22E01 /* ChartViewController.m in Sources */,
				6B001DD1191C419700FF2C00 /* ExercisePreviewController.m in Sources */,
				6B14FF51193443BD00EDBDE2 /* VPTTabBarController.m in Sources */,
				6BE5FA671926CF930075DCCB /* ProfileInfoCell.m in Sources */,
				6B77BDFC18EBFFC8009B71ED /* VPTMenuTableViewController.m in Sources */,
				6B5BD9EB18FA4EA300B22E01 /* ExerciseBaseTVC.m in Sources */,
				6B14FF5D19358B2400EDBDE2 /* ReminderDetailVC.m in Sources */,
				6B54B056190D6DB80093FEF1 /* ListItem.m in Sources */,
				6B54B05A190DAA2C0093FEF1 /* RatingViewController.m in Sources */,
				6B91A8DA18EE4CBE00F36EF1 /* SignUpViewController.m in Sources */,
				6B5BD9FC18FB58D600B22E01 /* ProgressTableViewController.m in Sources */,
				6B50CE0519120D8500405A83 /* DoExerciseViewController.m in Sources */,
				6B91A8EC18EE5A6500F36EF1 /* REFrostedContainerViewController.m in Sources */,
				6BE5FA8E192938450075DCCB /* UIView+screenshot.m in Sources */,
				6B54B05D190DD4080093FEF1 /* InjuryController.m in Sources */,
				6B5BD9F118FB01BE00B22E01 /* ExerciseInfoController.m in Sources */,
				6B0334811922796700DB8330 /* ExerciseLibraryTVC.m in Sources */,
				6B54B057190D6DB80093FEF1 /* POHorizontalList.m in Sources */,
				6B91A8EE18EE5A6500F36EF1 /* UIImage+REFrostedViewController.m in Sources */,
				6B5BDA4C18FB97AC00B22E01 /* PNLineChartDataItem.m in Sources */,
				6B91A89818EE33EC00F36EF1 /* MotivationViewController.m in Sources */,
				6B50CDF819120A1A00405A83 /* User.m in Sources */,
				6B91A8ED18EE5A6500F36EF1 /* REFrostedViewController.m in Sources */,
				6B91A8EB18EE5A6500F36EF1 /* RECommonFunctions.m in Sources */,
				6B50CDF519120A1A00405A83 /* Exercise.m in Sources */,
				6B56200518F8BD0E0018FDE9 /* UsersTableViewController.m in Sources */,
				6B91A8DD18EE598A00F36EF1 /* VPTRootViewController.m in Sources */,
				6B91A8F018EE5A6500F36EF1 /* UIViewController+REFrostedViewController.m in Sources */,
				6B9F25B5191DBE6E0004DFEE /* VPTAFParseAPIClient.m in Sources */,
				6B5BD9E718F9F43800B22E01 /* TimerViewController.m in Sources */,
				6BE5FA8D192938450075DCCB /* UIFolderTableView.m in Sources */,
				6B14FF5819357B8000EDBDE2 /* ReminderViewController.m in Sources */,
				6B91A8F918EE658E00F36EF1 /* VPTNavigationController.m in Sources */,
				6BE5FA7D1929241B0075DCCB /* BadgeCell.m in Sources */,
				6B14FF5519344C2F00EDBDE2 /* FXBlurView.m in Sources */,
				6B001DD4191C4A4E00FF2C00 /* UtilitiesController.m in Sources */,
				6B50CDFE19120A1A00405A83 /* DailyCheckin.m in Sources */,
				6B5BDA4518FB97AC00B22E01 /* PNBar.m in Sources */,
				6B5BDA4A18FB97AC00B22E01 /* PNLineChart.m in Sources */,
				6BE5FA8C192938450075DCCB /* FolderCoverView.m in Sources */,
				6BCA7EBE19246F530043FADF /* VPTBaseViewController.m in Sources */,
				6B77BDD518EBF1A0009B71ED /* VPTAppDelegate.m in Sources */,
				6B54B04F190C575D0093FEF1 /* GoalController.m in Sources */,
				6B77BDDB18EBF1A0009B71ED /* LoginViewController.m in Sources */,
				6B5BDA4B18FB97AC00B22E01 /* PNLineChartData.m in Sources */,
				6BE5FA841929266A0075DCCB /* AccomplishmentVC.m in Sources */,
				6B033484192288CE00DB8330 /* TodayExerciseVC.m in Sources */,
			);
			runOnlyForDeploymentPostprocessing = 0;
		};
		6B77BDDE18EBF1A0009B71ED /* Sources */ = {
			isa = PBXSourcesBuildPhase;
			buildActionMask = 2147483647;
			files = (
				6B77BDF018EBF1A0009B71ED /* VirtualPTTests.m in Sources */,
			);
			runOnlyForDeploymentPostprocessing = 0;
		};
/* End PBXSourcesBuildPhase section */

/* Begin PBXTargetDependency section */
		6B77BDE818EBF1A0009B71ED /* PBXTargetDependency */ = {
			isa = PBXTargetDependency;
			target = 6B77BDC018EBF1A0009B71ED /* VirtualPT */;
			targetProxy = 6B77BDE718EBF1A0009B71ED /* PBXContainerItemProxy */;
		};
/* End PBXTargetDependency section */

/* Begin PBXVariantGroup section */
		6B50CDCE1911CF6800405A83 /* Main.storyboard */ = {
			isa = PBXVariantGroup;
			children = (
				6B50CDCF1911CF6800405A83 /* Base */,
			);
			name = Main.storyboard;
			path = ..;
			sourceTree = "<group>";
		};
		6B77BDCD18EBF1A0009B71ED /* InfoPlist.strings */ = {
			isa = PBXVariantGroup;
			children = (
				6B77BDCE18EBF1A0009B71ED /* en */,
			);
			name = InfoPlist.strings;
			sourceTree = "<group>";
		};
		6B77BDEC18EBF1A0009B71ED /* InfoPlist.strings */ = {
			isa = PBXVariantGroup;
			children = (
				6B77BDED18EBF1A0009B71ED /* en */,
			);
			name = InfoPlist.strings;
			sourceTree = "<group>";
		};
/* End PBXVariantGroup section */

/* Begin XCBuildConfiguration section */
		6B77BDF118EBF1A0009B71ED /* Debug */ = {
			isa = XCBuildConfiguration;
			buildSettings = {
				ALWAYS_SEARCH_USER_PATHS = NO;
				CLANG_CXX_LANGUAGE_STANDARD = "gnu++0x";
				CLANG_CXX_LIBRARY = "libc++";
				CLANG_ENABLE_MODULES = YES;
				CLANG_ENABLE_OBJC_ARC = YES;
				CLANG_WARN_BOOL_CONVERSION = YES;
				CLANG_WARN_CONSTANT_CONVERSION = YES;
				CLANG_WARN_DIRECT_OBJC_ISA_USAGE = YES_ERROR;
				CLANG_WARN_EMPTY_BODY = YES;
				CLANG_WARN_ENUM_CONVERSION = YES;
				CLANG_WARN_INT_CONVERSION = YES;
				CLANG_WARN_OBJC_ROOT_CLASS = YES_ERROR;
				CLANG_WARN__DUPLICATE_METHOD_MATCH = YES;
				"CODE_SIGN_IDENTITY[sdk=iphoneos*]" = "iPhone Developer";
				COPY_PHASE_STRIP = NO;
				GCC_C_LANGUAGE_STANDARD = gnu99;
				GCC_DYNAMIC_NO_PIC = NO;
				GCC_OPTIMIZATION_LEVEL = 0;
				GCC_PREPROCESSOR_DEFINITIONS = (
					"DEBUG=1",
					"$(inherited)",
				);
				GCC_SYMBOLS_PRIVATE_EXTERN = NO;
				GCC_WARN_64_TO_32_BIT_CONVERSION = YES;
				GCC_WARN_ABOUT_RETURN_TYPE = YES_ERROR;
				GCC_WARN_UNDECLARED_SELECTOR = YES;
				GCC_WARN_UNINITIALIZED_AUTOS = YES_AGGRESSIVE;
				GCC_WARN_UNUSED_FUNCTION = YES;
				GCC_WARN_UNUSED_VARIABLE = YES;
				IPHONEOS_DEPLOYMENT_TARGET = 7.1;
				ONLY_ACTIVE_ARCH = YES;
				SDKROOT = iphoneos;
			};
			name = Debug;
		};
		6B77BDF218EBF1A0009B71ED /* Release */ = {
			isa = XCBuildConfiguration;
			buildSettings = {
				ALWAYS_SEARCH_USER_PATHS = NO;
				CLANG_CXX_LANGUAGE_STANDARD = "gnu++0x";
				CLANG_CXX_LIBRARY = "libc++";
				CLANG_ENABLE_MODULES = YES;
				CLANG_ENABLE_OBJC_ARC = YES;
				CLANG_WARN_BOOL_CONVERSION = YES;
				CLANG_WARN_CONSTANT_CONVERSION = YES;
				CLANG_WARN_DIRECT_OBJC_ISA_USAGE = YES_ERROR;
				CLANG_WARN_EMPTY_BODY = YES;
				CLANG_WARN_ENUM_CONVERSION = YES;
				CLANG_WARN_INT_CONVERSION = YES;
				CLANG_WARN_OBJC_ROOT_CLASS = YES_ERROR;
				CLANG_WARN__DUPLICATE_METHOD_MATCH = YES;
				"CODE_SIGN_IDENTITY[sdk=iphoneos*]" = "iPhone Developer";
				COPY_PHASE_STRIP = YES;
				ENABLE_NS_ASSERTIONS = NO;
				GCC_C_LANGUAGE_STANDARD = gnu99;
				GCC_WARN_64_TO_32_BIT_CONVERSION = YES;
				GCC_WARN_ABOUT_RETURN_TYPE = YES_ERROR;
				GCC_WARN_UNDECLARED_SELECTOR = YES;
				GCC_WARN_UNINITIALIZED_AUTOS = YES_AGGRESSIVE;
				GCC_WARN_UNUSED_FUNCTION = YES;
				GCC_WARN_UNUSED_VARIABLE = YES;
				IPHONEOS_DEPLOYMENT_TARGET = 7.1;
				SDKROOT = iphoneos;
				VALIDATE_PRODUCT = YES;
			};
			name = Release;
		};
		6B77BDF418EBF1A0009B71ED /* Debug */ = {
			isa = XCBuildConfiguration;
			baseConfigurationReference = 13954BF66F474516B6A95078 /* Pods.xcconfig */;
			buildSettings = {
				ASSETCATALOG_COMPILER_APPICON_NAME = AppIcon;
				ASSETCATALOG_COMPILER_LAUNCHIMAGE_NAME = LaunchImage;
				CODE_SIGN_IDENTITY = "iPhone Developer";
				"CODE_SIGN_IDENTITY[sdk=iphoneos*]" = "iPhone Developer";
				FRAMEWORK_SEARCH_PATHS = (
					"$(inherited)",
					"$(PROJECT_DIR)",
				);
				GCC_PRECOMPILE_PREFIX_HEADER = YES;
				GCC_PREFIX_HEADER = "VirtualPT/VirtualPT-Prefix.pch";
				INFOPLIST_FILE = "VirtualPT/VirtualPT-Info.plist";
				LIBRARY_SEARCH_PATHS = (
					"$(inherited)",
					"$(PROJECT_DIR)/Pods/build/Debug-iphoneos",
				);
				PRODUCT_NAME = "$(TARGET_NAME)";
				PROVISIONING_PROFILE = "";
				WRAPPER_EXTENSION = app;
			};
			name = Debug;
		};
		6B77BDF518EBF1A0009B71ED /* Release */ = {
			isa = XCBuildConfiguration;
			baseConfigurationReference = 13954BF66F474516B6A95078 /* Pods.xcconfig */;
			buildSettings = {
				ASSETCATALOG_COMPILER_APPICON_NAME = AppIcon;
				ASSETCATALOG_COMPILER_LAUNCHIMAGE_NAME = LaunchImage;
				CODE_SIGN_IDENTITY = "iPhone Developer";
				"CODE_SIGN_IDENTITY[sdk=iphoneos*]" = "iPhone Developer";
				FRAMEWORK_SEARCH_PATHS = (
					"$(inherited)",
					"$(PROJECT_DIR)",
				);
				GCC_PRECOMPILE_PREFIX_HEADER = YES;
				GCC_PREFIX_HEADER = "VirtualPT/VirtualPT-Prefix.pch";
				INFOPLIST_FILE = "VirtualPT/VirtualPT-Info.plist";
				LIBRARY_SEARCH_PATHS = (
					"$(inherited)",
					"$(PROJECT_DIR)/Pods/build/Debug-iphoneos",
				);
				PRODUCT_NAME = "$(TARGET_NAME)";
				PROVISIONING_PROFILE = "";
				WRAPPER_EXTENSION = app;
			};
			name = Release;
		};
		6B77BDF718EBF1A0009B71ED /* Debug */ = {
			isa = XCBuildConfiguration;
			buildSettings = {
				BUNDLE_LOADER = "$(BUILT_PRODUCTS_DIR)/VirtualPT.app/VirtualPT";
				FRAMEWORK_SEARCH_PATHS = (
					"$(SDKROOT)/Developer/Library/Frameworks",
					"$(inherited)",
					"$(DEVELOPER_FRAMEWORKS_DIR)",
				);
				GCC_PRECOMPILE_PREFIX_HEADER = YES;
				GCC_PREFIX_HEADER = "VirtualPT/VirtualPT-Prefix.pch";
				GCC_PREPROCESSOR_DEFINITIONS = (
					"DEBUG=1",
					"$(inherited)",
				);
				INFOPLIST_FILE = "VirtualPTTests/VirtualPTTests-Info.plist";
				PRODUCT_NAME = "$(TARGET_NAME)";
				TEST_HOST = "$(BUNDLE_LOADER)";
				WRAPPER_EXTENSION = xctest;
			};
			name = Debug;
		};
		6B77BDF818EBF1A0009B71ED /* Release */ = {
			isa = XCBuildConfiguration;
			buildSettings = {
				BUNDLE_LOADER = "$(BUILT_PRODUCTS_DIR)/VirtualPT.app/VirtualPT";
				FRAMEWORK_SEARCH_PATHS = (
					"$(SDKROOT)/Developer/Library/Frameworks",
					"$(inherited)",
					"$(DEVELOPER_FRAMEWORKS_DIR)",
				);
				GCC_PRECOMPILE_PREFIX_HEADER = YES;
				GCC_PREFIX_HEADER = "VirtualPT/VirtualPT-Prefix.pch";
				INFOPLIST_FILE = "VirtualPTTests/VirtualPTTests-Info.plist";
				PRODUCT_NAME = "$(TARGET_NAME)";
				TEST_HOST = "$(BUNDLE_LOADER)";
				WRAPPER_EXTENSION = xctest;
			};
			name = Release;
		};
/* End XCBuildConfiguration section */

/* Begin XCConfigurationList section */
		6B77BDBC18EBF1A0009B71ED /* Build configuration list for PBXProject "VirtualPT" */ = {
			isa = XCConfigurationList;
			buildConfigurations = (
				6B77BDF118EBF1A0009B71ED /* Debug */,
				6B77BDF218EBF1A0009B71ED /* Release */,
			);
			defaultConfigurationIsVisible = 0;
			defaultConfigurationName = Release;
		};
		6B77BDF318EBF1A0009B71ED /* Build configuration list for PBXNativeTarget "VirtualPT" */ = {
			isa = XCConfigurationList;
			buildConfigurations = (
				6B77BDF418EBF1A0009B71ED /* Debug */,
				6B77BDF518EBF1A0009B71ED /* Release */,
			);
			defaultConfigurationIsVisible = 0;
			defaultConfigurationName = Release;
		};
		6B77BDF618EBF1A0009B71ED /* Build configuration list for PBXNativeTarget "VirtualPTTests" */ = {
			isa = XCConfigurationList;
			buildConfigurations = (
				6B77BDF718EBF1A0009B71ED /* Debug */,
				6B77BDF818EBF1A0009B71ED /* Release */,
			);
			defaultConfigurationIsVisible = 0;
			defaultConfigurationName = Release;
		};
/* End XCConfigurationList section */

/* Begin XCVersionGroup section */
		6B089FCB18F1B67600AEBB12 /* Users.xcdatamodeld */ = {
			isa = XCVersionGroup;
			children = (
				6B089FCC18F1B67600AEBB12 /* Users.xcdatamodel */,
			);
			currentVersion = 6B089FCC18F1B67600AEBB12 /* Users.xcdatamodel */;
			path = Users.xcdatamodeld;
			sourceTree = "<group>";
			versionGroupType = wrapper.xcdatamodel;
		};
/* End XCVersionGroup section */
	};
	rootObject = 6B77BDB918EBF1A0009B71ED /* Project object */;
}
