// !$*UTF8*$!
{
	archiveVersion = 1;
	classes = {
	};
	objectVersion = 46;
	objects = {

/* Begin PBXBuildFile section */
		6B089FCD18F1B67600AEBB12 /* Users.xcdatamodeld in Sources */ = {isa = PBXBuildFile; fileRef = 6B089FCB18F1B67600AEBB12 /* Users.xcdatamodeld */; };
		6B089FE418F1CB2B00AEBB12 /* DailyCheckin.m in Sources */ = {isa = PBXBuildFile; fileRef = 6B089FE318F1CB2B00AEBB12 /* DailyCheckin.m */; };
		6B089FE718F1CB2B00AEBB12 /* Motivation.m in Sources */ = {isa = PBXBuildFile; fileRef = 6B089FE618F1CB2B00AEBB12 /* Motivation.m */; };
		6B089FEA18F1CB2C00AEBB12 /* User.m in Sources */ = {isa = PBXBuildFile; fileRef = 6B089FE918F1CB2C00AEBB12 /* User.m */; };
		6B54B045190C21DF0093FEF1 /* KneeFlextion.mp4 in Resources */ = {isa = PBXBuildFile; fileRef = 6B54B043190C21DF0093FEF1 /* KneeFlextion.mp4 */; };
		6B54B046190C21DF0093FEF1 /* SAQ.mp4 in Resources */ = {isa = PBXBuildFile; fileRef = 6B54B044190C21DF0093FEF1 /* SAQ.mp4 */; };
		6B54B049190C2B340093FEF1 /* InspirationController.m in Sources */ = {isa = PBXBuildFile; fileRef = 6B54B048190C2B340093FEF1 /* InspirationController.m */; };
		6B54B04C190C49810093FEF1 /* README.md in Resources */ = {isa = PBXBuildFile; fileRef = 6B54B04B190C49810093FEF1 /* README.md */; };
		6B54B04F190C575D0093FEF1 /* GoalController.m in Sources */ = {isa = PBXBuildFile; fileRef = 6B54B04E190C575D0093FEF1 /* GoalController.m */; };
		6B54B056190D6DB80093FEF1 /* ListItem.m in Sources */ = {isa = PBXBuildFile; fileRef = 6B54B052190D6DB80093FEF1 /* ListItem.m */; };
		6B54B057190D6DB80093FEF1 /* POHorizontalList.m in Sources */ = {isa = PBXBuildFile; fileRef = 6B54B054190D6DB80093FEF1 /* POHorizontalList.m */; };
		6B54B05A190DAA2C0093FEF1 /* RatingViewController.m in Sources */ = {isa = PBXBuildFile; fileRef = 6B54B059190DAA2C0093FEF1 /* RatingViewController.m */; };
		6B54B05D190DD4080093FEF1 /* InjuryController.m in Sources */ = {isa = PBXBuildFile; fileRef = 6B54B05C190DD4080093FEF1 /* InjuryController.m */; };
		6B56200218F8A1760018FDE9 /* CoreData.framework in Frameworks */ = {isa = PBXBuildFile; fileRef = 6B56200118F8A1760018FDE9 /* CoreData.framework */; };
		6B56200518F8BD0E0018FDE9 /* UsersTableViewController.m in Sources */ = {isa = PBXBuildFile; fileRef = 6B56200418F8BD0E0018FDE9 /* UsersTableViewController.m */; };
		6B5BD9E718F9F43800B22E01 /* TimerViewController.m in Sources */ = {isa = PBXBuildFile; fileRef = 6B5BD9E618F9F43800B22E01 /* TimerViewController.m */; };
		6B5BD9EB18FA4EA300B22E01 /* ExerciseTableViewController.m in Sources */ = {isa = PBXBuildFile; fileRef = 6B5BD9EA18FA4EA300B22E01 /* ExerciseTableViewController.m */; };
		6B5BD9F118FB01BE00B22E01 /* VideoPlayerViewController.m in Sources */ = {isa = PBXBuildFile; fileRef = 6B5BD9F018FB01BE00B22E01 /* VideoPlayerViewController.m */; };
		6B5BD9F918FB531E00B22E01 /* AddExerciseViewController.m in Sources */ = {isa = PBXBuildFile; fileRef = 6B5BD9F818FB531E00B22E01 /* AddExerciseViewController.m */; };
		6B5BD9FC18FB58D600B22E01 /* ProgressTableViewController.m in Sources */ = {isa = PBXBuildFile; fileRef = 6B5BD9FB18FB58D600B22E01 /* ProgressTableViewController.m */; };
		6B5BDA3118FB828D00B22E01 /* ChartViewController.m in Sources */ = {isa = PBXBuildFile; fileRef = 6B5BDA3018FB828D00B22E01 /* ChartViewController.m */; };
		6B5BDA4518FB97AC00B22E01 /* PNBar.m in Sources */ = {isa = PBXBuildFile; fileRef = 6B5BDA3418FB97AC00B22E01 /* PNBar.m */; };
		6B5BDA4618FB97AC00B22E01 /* PNBarChart.m in Sources */ = {isa = PBXBuildFile; fileRef = 6B5BDA3618FB97AC00B22E01 /* PNBarChart.m */; };
		6B5BDA4718FB97AC00B22E01 /* PNChartLabel.m in Sources */ = {isa = PBXBuildFile; fileRef = 6B5BDA3A18FB97AC00B22E01 /* PNChartLabel.m */; };
		6B5BDA4818FB97AC00B22E01 /* PNCircleChart.m in Sources */ = {isa = PBXBuildFile; fileRef = 6B5BDA3C18FB97AC00B22E01 /* PNCircleChart.m */; };
		6B5BDA4918FB97AC00B22E01 /* PNColor.m in Sources */ = {isa = PBXBuildFile; fileRef = 6B5BDA3E18FB97AC00B22E01 /* PNColor.m */; };
		6B5BDA4A18FB97AC00B22E01 /* PNLineChart.m in Sources */ = {isa = PBXBuildFile; fileRef = 6B5BDA4018FB97AC00B22E01 /* PNLineChart.m */; };
		6B5BDA4B18FB97AC00B22E01 /* PNLineChartData.m in Sources */ = {isa = PBXBuildFile; fileRef = 6B5BDA4218FB97AC00B22E01 /* PNLineChartData.m */; };
		6B5BDA4C18FB97AC00B22E01 /* PNLineChartDataItem.m in Sources */ = {isa = PBXBuildFile; fileRef = 6B5BDA4418FB97AC00B22E01 /* PNLineChartDataItem.m */; };
		6B77BDC518EBF1A0009B71ED /* Foundation.framework in Frameworks */ = {isa = PBXBuildFile; fileRef = 6B77BDC418EBF1A0009B71ED /* Foundation.framework */; };
		6B77BDC718EBF1A0009B71ED /* CoreGraphics.framework in Frameworks */ = {isa = PBXBuildFile; fileRef = 6B77BDC618EBF1A0009B71ED /* CoreGraphics.framework */; };
		6B77BDC918EBF1A0009B71ED /* UIKit.framework in Frameworks */ = {isa = PBXBuildFile; fileRef = 6B77BDC818EBF1A0009B71ED /* UIKit.framework */; };
		6B77BDCF18EBF1A0009B71ED /* InfoPlist.strings in Resources */ = {isa = PBXBuildFile; fileRef = 6B77BDCD18EBF1A0009B71ED /* InfoPlist.strings */; };
		6B77BDD118EBF1A0009B71ED /* main.m in Sources */ = {isa = PBXBuildFile; fileRef = 6B77BDD018EBF1A0009B71ED /* main.m */; };
		6B77BDD518EBF1A0009B71ED /* VPTAppDelegate.m in Sources */ = {isa = PBXBuildFile; fileRef = 6B77BDD418EBF1A0009B71ED /* VPTAppDelegate.m */; };
		6B77BDD818EBF1A0009B71ED /* Main.storyboard in Resources */ = {isa = PBXBuildFile; fileRef = 6B77BDD618EBF1A0009B71ED /* Main.storyboard */; };
		6B77BDDB18EBF1A0009B71ED /* LoginViewController.m in Sources */ = {isa = PBXBuildFile; fileRef = 6B77BDDA18EBF1A0009B71ED /* LoginViewController.m */; };
		6B77BDDD18EBF1A0009B71ED /* Images.xcassets in Resources */ = {isa = PBXBuildFile; fileRef = 6B77BDDC18EBF1A0009B71ED /* Images.xcassets */; };
		6B77BDE418EBF1A0009B71ED /* XCTest.framework in Frameworks */ = {isa = PBXBuildFile; fileRef = 6B77BDE318EBF1A0009B71ED /* XCTest.framework */; };
		6B77BDE518EBF1A0009B71ED /* Foundation.framework in Frameworks */ = {isa = PBXBuildFile; fileRef = 6B77BDC418EBF1A0009B71ED /* Foundation.framework */; };
		6B77BDE618EBF1A0009B71ED /* UIKit.framework in Frameworks */ = {isa = PBXBuildFile; fileRef = 6B77BDC818EBF1A0009B71ED /* UIKit.framework */; };
		6B77BDEE18EBF1A0009B71ED /* InfoPlist.strings in Resources */ = {isa = PBXBuildFile; fileRef = 6B77BDEC18EBF1A0009B71ED /* InfoPlist.strings */; };
		6B77BDF018EBF1A0009B71ED /* VirtualPTTests.m in Sources */ = {isa = PBXBuildFile; fileRef = 6B77BDEF18EBF1A0009B71ED /* VirtualPTTests.m */; };
		6B77BDFC18EBFFC8009B71ED /* VPTMenuTableViewController.m in Sources */ = {isa = PBXBuildFile; fileRef = 6B77BDFB18EBFFC8009B71ED /* VPTMenuTableViewController.m */; };
		6B91A89818EE33EC00F36EF1 /* PageController.m in Sources */ = {isa = PBXBuildFile; fileRef = 6B91A89718EE33EC00F36EF1 /* PageController.m */; };
		6B91A8C518EE4B6C00F36EF1 /* FUIAlertView.m in Sources */ = {isa = PBXBuildFile; fileRef = 6B91A8A018EE4B6C00F36EF1 /* FUIAlertView.m */; };
		6B91A8C618EE4B6C00F36EF1 /* FUIButton.m in Sources */ = {isa = PBXBuildFile; fileRef = 6B91A8A218EE4B6C00F36EF1 /* FUIButton.m */; };
		6B91A8C718EE4B6C00F36EF1 /* FUICellBackgroundView.m in Sources */ = {isa = PBXBuildFile; fileRef = 6B91A8A418EE4B6C00F36EF1 /* FUICellBackgroundView.m */; };
		6B91A8C818EE4B6C00F36EF1 /* FUIPopoverBackgroundView.m in Sources */ = {isa = PBXBuildFile; fileRef = 6B91A8A618EE4B6C00F36EF1 /* FUIPopoverBackgroundView.m */; };
		6B91A8C918EE4B6C00F36EF1 /* FUISegmentedControl.m in Sources */ = {isa = PBXBuildFile; fileRef = 6B91A8A818EE4B6C00F36EF1 /* FUISegmentedControl.m */; };
		6B91A8CA18EE4B6C00F36EF1 /* FUISwitch.m in Sources */ = {isa = PBXBuildFile; fileRef = 6B91A8AA18EE4B6C00F36EF1 /* FUISwitch.m */; };
		6B91A8CB18EE4B6C00F36EF1 /* FUITextField.m in Sources */ = {isa = PBXBuildFile; fileRef = 6B91A8AC18EE4B6C00F36EF1 /* FUITextField.m */; };
		6B91A8CC18EE4B6C00F36EF1 /* UIBarButtonItem+FlatUI.m in Sources */ = {isa = PBXBuildFile; fileRef = 6B91A8AE18EE4B6C00F36EF1 /* UIBarButtonItem+FlatUI.m */; };
		6B91A8CD18EE4B6C00F36EF1 /* UIColor+FlatUI.m in Sources */ = {isa = PBXBuildFile; fileRef = 6B91A8B018EE4B6C00F36EF1 /* UIColor+FlatUI.m */; };
		6B91A8CE18EE4B6C00F36EF1 /* UIFont+FlatUI.m in Sources */ = {isa = PBXBuildFile; fileRef = 6B91A8B218EE4B6C00F36EF1 /* UIFont+FlatUI.m */; };
		6B91A8CF18EE4B6C00F36EF1 /* UIImage+FlatUI.m in Sources */ = {isa = PBXBuildFile; fileRef = 6B91A8B418EE4B6C00F36EF1 /* UIImage+FlatUI.m */; };
		6B91A8D018EE4B6C00F36EF1 /* UINavigationBar+FlatUI.m in Sources */ = {isa = PBXBuildFile; fileRef = 6B91A8B618EE4B6C00F36EF1 /* UINavigationBar+FlatUI.m */; };
		6B91A8D118EE4B6C00F36EF1 /* UIPopoverController+FlatUI.m in Sources */ = {isa = PBXBuildFile; fileRef = 6B91A8B818EE4B6C00F36EF1 /* UIPopoverController+FlatUI.m */; };
		6B91A8D218EE4B6C00F36EF1 /* UIProgressView+FlatUI.m in Sources */ = {isa = PBXBuildFile; fileRef = 6B91A8BA18EE4B6C00F36EF1 /* UIProgressView+FlatUI.m */; };
		6B91A8D318EE4B6C00F36EF1 /* UISlider+FlatUI.m in Sources */ = {isa = PBXBuildFile; fileRef = 6B91A8BC18EE4B6C00F36EF1 /* UISlider+FlatUI.m */; };
		6B91A8D418EE4B6C00F36EF1 /* UIStepper+FlatUI.m in Sources */ = {isa = PBXBuildFile; fileRef = 6B91A8BE18EE4B6C00F36EF1 /* UIStepper+FlatUI.m */; };
		6B91A8D518EE4B6C00F36EF1 /* UITabBar+FlatUI.m in Sources */ = {isa = PBXBuildFile; fileRef = 6B91A8C018EE4B6C00F36EF1 /* UITabBar+FlatUI.m */; };
		6B91A8D618EE4B6C00F36EF1 /* UITableViewCell+FlatUI.m in Sources */ = {isa = PBXBuildFile; fileRef = 6B91A8C218EE4B6C00F36EF1 /* UITableViewCell+FlatUI.m */; };
		6B91A8D718EE4B6C00F36EF1 /* UIToolbar+FlatUI.m in Sources */ = {isa = PBXBuildFile; fileRef = 6B91A8C418EE4B6C00F36EF1 /* UIToolbar+FlatUI.m */; };
		6B91A8DA18EE4CBE00F36EF1 /* SignUpViewController.m in Sources */ = {isa = PBXBuildFile; fileRef = 6B91A8D918EE4CBE00F36EF1 /* SignUpViewController.m */; };
		6B91A8DD18EE598A00F36EF1 /* VPTRootViewController.m in Sources */ = {isa = PBXBuildFile; fileRef = 6B91A8DC18EE598A00F36EF1 /* VPTRootViewController.m */; };
		6B91A8EB18EE5A6500F36EF1 /* RECommonFunctions.m in Sources */ = {isa = PBXBuildFile; fileRef = 6B91A8E018EE5A6500F36EF1 /* RECommonFunctions.m */; };
		6B91A8EC18EE5A6500F36EF1 /* REFrostedContainerViewController.m in Sources */ = {isa = PBXBuildFile; fileRef = 6B91A8E218EE5A6500F36EF1 /* REFrostedContainerViewController.m */; };
		6B91A8ED18EE5A6500F36EF1 /* REFrostedViewController.m in Sources */ = {isa = PBXBuildFile; fileRef = 6B91A8E418EE5A6500F36EF1 /* REFrostedViewController.m */; };
		6B91A8EE18EE5A6500F36EF1 /* UIImage+REFrostedViewController.m in Sources */ = {isa = PBXBuildFile; fileRef = 6B91A8E618EE5A6500F36EF1 /* UIImage+REFrostedViewController.m */; };
		6B91A8EF18EE5A6500F36EF1 /* UIView+REFrostedViewController.m in Sources */ = {isa = PBXBuildFile; fileRef = 6B91A8E818EE5A6500F36EF1 /* UIView+REFrostedViewController.m */; };
		6B91A8F018EE5A6500F36EF1 /* UIViewController+REFrostedViewController.m in Sources */ = {isa = PBXBuildFile; fileRef = 6B91A8EA18EE5A6500F36EF1 /* UIViewController+REFrostedViewController.m */; };
		6B91A8F318EE5C3400F36EF1 /* VPTHomeViewController.m in Sources */ = {isa = PBXBuildFile; fileRef = 6B91A8F218EE5C3400F36EF1 /* VPTHomeViewController.m */; };
		6B91A8F918EE658E00F36EF1 /* VPTNavigationController.m in Sources */ = {isa = PBXBuildFile; fileRef = 6B91A8F818EE658E00F36EF1 /* VPTNavigationController.m */; };
		D5C3ACE41C8C4B1194D4009E /* libPods.a in Frameworks */ = {isa = PBXBuildFile; fileRef = B676C0CBC17F46F889A552ED /* libPods.a */; };
/* End PBXBuildFile section */

/* Begin PBXContainerItemProxy section */
		6B77BDE718EBF1A0009B71ED /* PBXContainerItemProxy */ = {
			isa = PBXContainerItemProxy;
			containerPortal = 6B77BDB918EBF1A0009B71ED /* Project object */;
			proxyType = 1;
			remoteGlobalIDString = 6B77BDC018EBF1A0009B71ED;
			remoteInfo = VirtualPT;
		};
/* End PBXContainerItemProxy section */

/* Begin PBXFileReference section */
		13954BF66F474516B6A95078 /* Pods.xcconfig */ = {isa = PBXFileReference; includeInIndex = 1; lastKnownFileType = text.xcconfig; name = Pods.xcconfig; path = Pods/Pods.xcconfig; sourceTree = "<group>"; };
		6B089FCC18F1B67600AEBB12 /* Users.xcdatamodel */ = {isa = PBXFileReference; lastKnownFileType = wrapper.xcdatamodel; path = Users.xcdatamodel; sourceTree = "<group>"; };
		6B089FE218F1CB2B00AEBB12 /* DailyCheckin.h */ = {isa = PBXFileReference; fileEncoding = 4; lastKnownFileType = sourcecode.c.h; path = DailyCheckin.h; sourceTree = "<group>"; };
		6B089FE318F1CB2B00AEBB12 /* DailyCheckin.m */ = {isa = PBXFileReference; fileEncoding = 4; lastKnownFileType = sourcecode.c.objc; path = DailyCheckin.m; sourceTree = "<group>"; };
		6B089FE518F1CB2B00AEBB12 /* Motivation.h */ = {isa = PBXFileReference; fileEncoding = 4; lastKnownFileType = sourcecode.c.h; path = Motivation.h; sourceTree = "<group>"; };
		6B089FE618F1CB2B00AEBB12 /* Motivation.m */ = {isa = PBXFileReference; fileEncoding = 4; lastKnownFileType = sourcecode.c.objc; path = Motivation.m; sourceTree = "<group>"; };
		6B089FE818F1CB2B00AEBB12 /* User.h */ = {isa = PBXFileReference; fileEncoding = 4; lastKnownFileType = sourcecode.c.h; path = User.h; sourceTree = "<group>"; };
		6B089FE918F1CB2C00AEBB12 /* User.m */ = {isa = PBXFileReference; fileEncoding = 4; lastKnownFileType = sourcecode.c.objc; path = User.m; sourceTree = "<group>"; };
		6B54B043190C21DF0093FEF1 /* KneeFlextion.mp4 */ = {isa = PBXFileReference; lastKnownFileType = file; name = KneeFlextion.mp4; path = video/KneeFlextion.mp4; sourceTree = "<group>"; };
		6B54B044190C21DF0093FEF1 /* SAQ.mp4 */ = {isa = PBXFileReference; lastKnownFileType = file; name = SAQ.mp4; path = video/SAQ.mp4; sourceTree = "<group>"; };
		6B54B047190C2B340093FEF1 /* InspirationController.h */ = {isa = PBXFileReference; fileEncoding = 4; lastKnownFileType = sourcecode.c.h; path = InspirationController.h; sourceTree = "<group>"; };
		6B54B048190C2B340093FEF1 /* InspirationController.m */ = {isa = PBXFileReference; fileEncoding = 4; lastKnownFileType = sourcecode.c.objc; path = InspirationController.m; sourceTree = "<group>"; };
		6B54B04B190C49810093FEF1 /* README.md */ = {isa = PBXFileReference; fileEncoding = 4; lastKnownFileType = text; path = README.md; sourceTree = "<group>"; };
		6B54B04D190C575D0093FEF1 /* GoalController.h */ = {isa = PBXFileReference; fileEncoding = 4; lastKnownFileType = sourcecode.c.h; path = GoalController.h; sourceTree = "<group>"; };
		6B54B04E190C575D0093FEF1 /* GoalController.m */ = {isa = PBXFileReference; fileEncoding = 4; lastKnownFileType = sourcecode.c.objc; path = GoalController.m; sourceTree = "<group>"; };
		6B54B051190D6DB80093FEF1 /* ListItem.h */ = {isa = PBXFileReference; fileEncoding = 4; lastKnownFileType = sourcecode.c.h; path = ListItem.h; sourceTree = "<group>"; };
		6B54B052190D6DB80093FEF1 /* ListItem.m */ = {isa = PBXFileReference; fileEncoding = 4; lastKnownFileType = sourcecode.c.objc; path = ListItem.m; sourceTree = "<group>"; };
		6B54B053190D6DB80093FEF1 /* POHorizontalList.h */ = {isa = PBXFileReference; fileEncoding = 4; lastKnownFileType = sourcecode.c.h; path = POHorizontalList.h; sourceTree = "<group>"; };
		6B54B054190D6DB80093FEF1 /* POHorizontalList.m */ = {isa = PBXFileReference; fileEncoding = 4; lastKnownFileType = sourcecode.c.objc; path = POHorizontalList.m; sourceTree = "<group>"; };
		6B54B055190D6DB80093FEF1 /* POHorizontalListDelegate.h */ = {isa = PBXFileReference; fileEncoding = 4; lastKnownFileType = sourcecode.c.h; path = POHorizontalListDelegate.h; sourceTree = "<group>"; };
		6B54B058190DAA2C0093FEF1 /* RatingViewController.h */ = {isa = PBXFileReference; fileEncoding = 4; lastKnownFileType = sourcecode.c.h; path = RatingViewController.h; sourceTree = "<group>"; };
		6B54B059190DAA2C0093FEF1 /* RatingViewController.m */ = {isa = PBXFileReference; fileEncoding = 4; lastKnownFileType = sourcecode.c.objc; path = RatingViewController.m; sourceTree = "<group>"; };
		6B54B05B190DD4080093FEF1 /* InjuryController.h */ = {isa = PBXFileReference; fileEncoding = 4; lastKnownFileType = sourcecode.c.h; path = InjuryController.h; sourceTree = "<group>"; };
		6B54B05C190DD4080093FEF1 /* InjuryController.m */ = {isa = PBXFileReference; fileEncoding = 4; lastKnownFileType = sourcecode.c.objc; path = InjuryController.m; sourceTree = "<group>"; };
		6B56200118F8A1760018FDE9 /* CoreData.framework */ = {isa = PBXFileReference; lastKnownFileType = wrapper.framework; name = CoreData.framework; path = System/Library/Frameworks/CoreData.framework; sourceTree = SDKROOT; };
		6B56200318F8BD0E0018FDE9 /* UsersTableViewController.h */ = {isa = PBXFileReference; fileEncoding = 4; lastKnownFileType = sourcecode.c.h; path = UsersTableViewController.h; sourceTree = "<group>"; };
		6B56200418F8BD0E0018FDE9 /* UsersTableViewController.m */ = {isa = PBXFileReference; fileEncoding = 4; lastKnownFileType = sourcecode.c.objc; path = UsersTableViewController.m; sourceTree = "<group>"; };
		6B5BD9E518F9F43800B22E01 /* TimerViewController.h */ = {isa = PBXFileReference; fileEncoding = 4; lastKnownFileType = sourcecode.c.h; path = TimerViewController.h; sourceTree = "<group>"; };
		6B5BD9E618F9F43800B22E01 /* TimerViewController.m */ = {isa = PBXFileReference; fileEncoding = 4; lastKnownFileType = sourcecode.c.objc; path = TimerViewController.m; sourceTree = "<group>"; };
		6B5BD9E918FA4EA300B22E01 /* ExerciseTableViewController.h */ = {isa = PBXFileReference; fileEncoding = 4; lastKnownFileType = sourcecode.c.h; path = ExerciseTableViewController.h; sourceTree = "<group>"; };
		6B5BD9EA18FA4EA300B22E01 /* ExerciseTableViewController.m */ = {isa = PBXFileReference; fileEncoding = 4; lastKnownFileType = sourcecode.c.objc; path = ExerciseTableViewController.m; sourceTree = "<group>"; };
		6B5BD9EF18FB01BE00B22E01 /* VideoPlayerViewController.h */ = {isa = PBXFileReference; fileEncoding = 4; lastKnownFileType = sourcecode.c.h; path = VideoPlayerViewController.h; sourceTree = "<group>"; };
		6B5BD9F018FB01BE00B22E01 /* VideoPlayerViewController.m */ = {isa = PBXFileReference; fileEncoding = 4; lastKnownFileType = sourcecode.c.objc; path = VideoPlayerViewController.m; sourceTree = "<group>"; };
		6B5BD9F718FB531E00B22E01 /* AddExerciseViewController.h */ = {isa = PBXFileReference; fileEncoding = 4; lastKnownFileType = sourcecode.c.h; path = AddExerciseViewController.h; sourceTree = "<group>"; };
		6B5BD9F818FB531E00B22E01 /* AddExerciseViewController.m */ = {isa = PBXFileReference; fileEncoding = 4; lastKnownFileType = sourcecode.c.objc; path = AddExerciseViewController.m; sourceTree = "<group>"; };
		6B5BD9FA18FB58D600B22E01 /* ProgressTableViewController.h */ = {isa = PBXFileReference; fileEncoding = 4; lastKnownFileType = sourcecode.c.h; path = ProgressTableViewController.h; sourceTree = "<group>"; };
		6B5BD9FB18FB58D600B22E01 /* ProgressTableViewController.m */ = {isa = PBXFileReference; fileEncoding = 4; lastKnownFileType = sourcecode.c.objc; path = ProgressTableViewController.m; sourceTree = "<group>"; };
		6B5BDA2F18FB828D00B22E01 /* ChartViewController.h */ = {isa = PBXFileReference; fileEncoding = 4; lastKnownFileType = sourcecode.c.h; path = ChartViewController.h; sourceTree = "<group>"; };
		6B5BDA3018FB828D00B22E01 /* ChartViewController.m */ = {isa = PBXFileReference; fileEncoding = 4; lastKnownFileType = sourcecode.c.objc; path = ChartViewController.m; sourceTree = "<group>"; };
		6B5BDA3318FB97AC00B22E01 /* PNBar.h */ = {isa = PBXFileReference; fileEncoding = 4; lastKnownFileType = sourcecode.c.h; path = PNBar.h; sourceTree = "<group>"; };
		6B5BDA3418FB97AC00B22E01 /* PNBar.m */ = {isa = PBXFileReference; fileEncoding = 4; lastKnownFileType = sourcecode.c.objc; path = PNBar.m; sourceTree = "<group>"; };
		6B5BDA3518FB97AC00B22E01 /* PNBarChart.h */ = {isa = PBXFileReference; fileEncoding = 4; lastKnownFileType = sourcecode.c.h; path = PNBarChart.h; sourceTree = "<group>"; };
		6B5BDA3618FB97AC00B22E01 /* PNBarChart.m */ = {isa = PBXFileReference; fileEncoding = 4; lastKnownFileType = sourcecode.c.objc; path = PNBarChart.m; sourceTree = "<group>"; };
		6B5BDA3718FB97AC00B22E01 /* PNChart.h */ = {isa = PBXFileReference; fileEncoding = 4; lastKnownFileType = sourcecode.c.h; path = PNChart.h; sourceTree = "<group>"; };
		6B5BDA3818FB97AC00B22E01 /* PNChartDelegate.h */ = {isa = PBXFileReference; fileEncoding = 4; lastKnownFileType = sourcecode.c.h; path = PNChartDelegate.h; sourceTree = "<group>"; };
		6B5BDA3918FB97AC00B22E01 /* PNChartLabel.h */ = {isa = PBXFileReference; fileEncoding = 4; lastKnownFileType = sourcecode.c.h; path = PNChartLabel.h; sourceTree = "<group>"; };
		6B5BDA3A18FB97AC00B22E01 /* PNChartLabel.m */ = {isa = PBXFileReference; fileEncoding = 4; lastKnownFileType = sourcecode.c.objc; path = PNChartLabel.m; sourceTree = "<group>"; };
		6B5BDA3B18FB97AC00B22E01 /* PNCircleChart.h */ = {isa = PBXFileReference; fileEncoding = 4; lastKnownFileType = sourcecode.c.h; path = PNCircleChart.h; sourceTree = "<group>"; };
		6B5BDA3C18FB97AC00B22E01 /* PNCircleChart.m */ = {isa = PBXFileReference; fileEncoding = 4; lastKnownFileType = sourcecode.c.objc; path = PNCircleChart.m; sourceTree = "<group>"; };
		6B5BDA3D18FB97AC00B22E01 /* PNColor.h */ = {isa = PBXFileReference; fileEncoding = 4; lastKnownFileType = sourcecode.c.h; path = PNColor.h; sourceTree = "<group>"; };
		6B5BDA3E18FB97AC00B22E01 /* PNColor.m */ = {isa = PBXFileReference; fileEncoding = 4; lastKnownFileType = sourcecode.c.objc; path = PNColor.m; sourceTree = "<group>"; };
		6B5BDA3F18FB97AC00B22E01 /* PNLineChart.h */ = {isa = PBXFileReference; fileEncoding = 4; lastKnownFileType = sourcecode.c.h; path = PNLineChart.h; sourceTree = "<group>"; };
		6B5BDA4018FB97AC00B22E01 /* PNLineChart.m */ = {isa = PBXFileReference; fileEncoding = 4; lastKnownFileType = sourcecode.c.objc; path = PNLineChart.m; sourceTree = "<group>"; };
		6B5BDA4118FB97AC00B22E01 /* PNLineChartData.h */ = {isa = PBXFileReference; fileEncoding = 4; lastKnownFileType = sourcecode.c.h; path = PNLineChartData.h; sourceTree = "<group>"; };
		6B5BDA4218FB97AC00B22E01 /* PNLineChartData.m */ = {isa = PBXFileReference; fileEncoding = 4; lastKnownFileType = sourcecode.c.objc; path = PNLineChartData.m; sourceTree = "<group>"; };
		6B5BDA4318FB97AC00B22E01 /* PNLineChartDataItem.h */ = {isa = PBXFileReference; fileEncoding = 4; lastKnownFileType = sourcecode.c.h; path = PNLineChartDataItem.h; sourceTree = "<group>"; };
		6B5BDA4418FB97AC00B22E01 /* PNLineChartDataItem.m */ = {isa = PBXFileReference; fileEncoding = 4; lastKnownFileType = sourcecode.c.objc; path = PNLineChartDataItem.m; sourceTree = "<group>"; };
		6B77BDC118EBF1A0009B71ED /* VirtualPT.app */ = {isa = PBXFileReference; explicitFileType = wrapper.application; includeInIndex = 0; path = VirtualPT.app; sourceTree = BUILT_PRODUCTS_DIR; };
		6B77BDC418EBF1A0009B71ED /* Foundation.framework */ = {isa = PBXFileReference; lastKnownFileType = wrapper.framework; name = Foundation.framework; path = System/Library/Frameworks/Foundation.framework; sourceTree = SDKROOT; };
		6B77BDC618EBF1A0009B71ED /* CoreGraphics.framework */ = {isa = PBXFileReference; lastKnownFileType = wrapper.framework; name = CoreGraphics.framework; path = System/Library/Frameworks/CoreGraphics.framework; sourceTree = SDKROOT; };
		6B77BDC818EBF1A0009B71ED /* UIKit.framework */ = {isa = PBXFileReference; lastKnownFileType = wrapper.framework; name = UIKit.framework; path = System/Library/Frameworks/UIKit.framework; sourceTree = SDKROOT; };
		6B77BDCC18EBF1A0009B71ED /* VirtualPT-Info.plist */ = {isa = PBXFileReference; lastKnownFileType = text.plist.xml; path = "VirtualPT-Info.plist"; sourceTree = "<group>"; };
		6B77BDCE18EBF1A0009B71ED /* en */ = {isa = PBXFileReference; lastKnownFileType = text.plist.strings; name = en; path = en.lproj/InfoPlist.strings; sourceTree = "<group>"; };
		6B77BDD018EBF1A0009B71ED /* main.m */ = {isa = PBXFileReference; lastKnownFileType = sourcecode.c.objc; path = main.m; sourceTree = "<group>"; };
		6B77BDD218EBF1A0009B71ED /* VirtualPT-Prefix.pch */ = {isa = PBXFileReference; lastKnownFileType = sourcecode.c.h; path = "VirtualPT-Prefix.pch"; sourceTree = "<group>"; };
		6B77BDD318EBF1A0009B71ED /* VPTAppDelegate.h */ = {isa = PBXFileReference; lastKnownFileType = sourcecode.c.h; path = VPTAppDelegate.h; sourceTree = "<group>"; };
		6B77BDD418EBF1A0009B71ED /* VPTAppDelegate.m */ = {isa = PBXFileReference; lastKnownFileType = sourcecode.c.objc; path = VPTAppDelegate.m; sourceTree = "<group>"; };
		6B77BDD718EBF1A0009B71ED /* Base */ = {isa = PBXFileReference; lastKnownFileType = file.storyboard; name = Base; path = Base.lproj/Main.storyboard; sourceTree = "<group>"; };
		6B77BDD918EBF1A0009B71ED /* LoginViewController.h */ = {isa = PBXFileReference; lastKnownFileType = sourcecode.c.h; path = LoginViewController.h; sourceTree = "<group>"; };
		6B77BDDA18EBF1A0009B71ED /* LoginViewController.m */ = {isa = PBXFileReference; lastKnownFileType = sourcecode.c.objc; path = LoginViewController.m; sourceTree = "<group>"; };
		6B77BDDC18EBF1A0009B71ED /* Images.xcassets */ = {isa = PBXFileReference; lastKnownFileType = folder.assetcatalog; path = Images.xcassets; sourceTree = "<group>"; };
		6B77BDE218EBF1A0009B71ED /* VirtualPTTests.xctest */ = {isa = PBXFileReference; explicitFileType = wrapper.cfbundle; includeInIndex = 0; path = VirtualPTTests.xctest; sourceTree = BUILT_PRODUCTS_DIR; };
		6B77BDE318EBF1A0009B71ED /* XCTest.framework */ = {isa = PBXFileReference; lastKnownFileType = wrapper.framework; name = XCTest.framework; path = Library/Frameworks/XCTest.framework; sourceTree = DEVELOPER_DIR; };
		6B77BDEB18EBF1A0009B71ED /* VirtualPTTests-Info.plist */ = {isa = PBXFileReference; lastKnownFileType = text.plist.xml; path = "VirtualPTTests-Info.plist"; sourceTree = "<group>"; };
		6B77BDED18EBF1A0009B71ED /* en */ = {isa = PBXFileReference; lastKnownFileType = text.plist.strings; name = en; path = en.lproj/InfoPlist.strings; sourceTree = "<group>"; };
		6B77BDEF18EBF1A0009B71ED /* VirtualPTTests.m */ = {isa = PBXFileReference; lastKnownFileType = sourcecode.c.objc; path = VirtualPTTests.m; sourceTree = "<group>"; };
		6B77BDFA18EBFFC8009B71ED /* VPTMenuTableViewController.h */ = {isa = PBXFileReference; fileEncoding = 4; lastKnownFileType = sourcecode.c.h; path = VPTMenuTableViewController.h; sourceTree = "<group>"; };
		6B77BDFB18EBFFC8009B71ED /* VPTMenuTableViewController.m */ = {isa = PBXFileReference; fileEncoding = 4; lastKnownFileType = sourcecode.c.objc; path = VPTMenuTableViewController.m; sourceTree = "<group>"; };
		6B91A89618EE33EC00F36EF1 /* PageController.h */ = {isa = PBXFileReference; fileEncoding = 4; lastKnownFileType = sourcecode.c.h; path = PageController.h; sourceTree = "<group>"; };
		6B91A89718EE33EC00F36EF1 /* PageController.m */ = {isa = PBXFileReference; fileEncoding = 4; lastKnownFileType = sourcecode.c.objc; path = PageController.m; sourceTree = "<group>"; };
		6B91A89E18EE4B6C00F36EF1 /* FlatUIKit.h */ = {isa = PBXFileReference; fileEncoding = 4; lastKnownFileType = sourcecode.c.h; path = FlatUIKit.h; sourceTree = "<group>"; };
		6B91A89F18EE4B6C00F36EF1 /* FUIAlertView.h */ = {isa = PBXFileReference; fileEncoding = 4; lastKnownFileType = sourcecode.c.h; path = FUIAlertView.h; sourceTree = "<group>"; };
		6B91A8A018EE4B6C00F36EF1 /* FUIAlertView.m */ = {isa = PBXFileReference; fileEncoding = 4; lastKnownFileType = sourcecode.c.objc; path = FUIAlertView.m; sourceTree = "<group>"; };
		6B91A8A118EE4B6C00F36EF1 /* FUIButton.h */ = {isa = PBXFileReference; fileEncoding = 4; lastKnownFileType = sourcecode.c.h; path = FUIButton.h; sourceTree = "<group>"; };
		6B91A8A218EE4B6C00F36EF1 /* FUIButton.m */ = {isa = PBXFileReference; fileEncoding = 4; lastKnownFileType = sourcecode.c.objc; path = FUIButton.m; sourceTree = "<group>"; };
		6B91A8A318EE4B6C00F36EF1 /* FUICellBackgroundView.h */ = {isa = PBXFileReference; fileEncoding = 4; lastKnownFileType = sourcecode.c.h; path = FUICellBackgroundView.h; sourceTree = "<group>"; };
		6B91A8A418EE4B6C00F36EF1 /* FUICellBackgroundView.m */ = {isa = PBXFileReference; fileEncoding = 4; lastKnownFileType = sourcecode.c.objc; path = FUICellBackgroundView.m; sourceTree = "<group>"; };
		6B91A8A518EE4B6C00F36EF1 /* FUIPopoverBackgroundView.h */ = {isa = PBXFileReference; fileEncoding = 4; lastKnownFileType = sourcecode.c.h; path = FUIPopoverBackgroundView.h; sourceTree = "<group>"; };
		6B91A8A618EE4B6C00F36EF1 /* FUIPopoverBackgroundView.m */ = {isa = PBXFileReference; fileEncoding = 4; lastKnownFileType = sourcecode.c.objc; path = FUIPopoverBackgroundView.m; sourceTree = "<group>"; };
		6B91A8A718EE4B6C00F36EF1 /* FUISegmentedControl.h */ = {isa = PBXFileReference; fileEncoding = 4; lastKnownFileType = sourcecode.c.h; path = FUISegmentedControl.h; sourceTree = "<group>"; };
		6B91A8A818EE4B6C00F36EF1 /* FUISegmentedControl.m */ = {isa = PBXFileReference; fileEncoding = 4; lastKnownFileType = sourcecode.c.objc; path = FUISegmentedControl.m; sourceTree = "<group>"; };
		6B91A8A918EE4B6C00F36EF1 /* FUISwitch.h */ = {isa = PBXFileReference; fileEncoding = 4; lastKnownFileType = sourcecode.c.h; path = FUISwitch.h; sourceTree = "<group>"; };
		6B91A8AA18EE4B6C00F36EF1 /* FUISwitch.m */ = {isa = PBXFileReference; fileEncoding = 4; lastKnownFileType = sourcecode.c.objc; path = FUISwitch.m; sourceTree = "<group>"; };
		6B91A8AB18EE4B6C00F36EF1 /* FUITextField.h */ = {isa = PBXFileReference; fileEncoding = 4; lastKnownFileType = sourcecode.c.h; path = FUITextField.h; sourceTree = "<group>"; };
		6B91A8AC18EE4B6C00F36EF1 /* FUITextField.m */ = {isa = PBXFileReference; fileEncoding = 4; lastKnownFileType = sourcecode.c.objc; path = FUITextField.m; sourceTree = "<group>"; };
		6B91A8AD18EE4B6C00F36EF1 /* UIBarButtonItem+FlatUI.h */ = {isa = PBXFileReference; fileEncoding = 4; lastKnownFileType = sourcecode.c.h; path = "UIBarButtonItem+FlatUI.h"; sourceTree = "<group>"; };
		6B91A8AE18EE4B6C00F36EF1 /* UIBarButtonItem+FlatUI.m */ = {isa = PBXFileReference; fileEncoding = 4; lastKnownFileType = sourcecode.c.objc; path = "UIBarButtonItem+FlatUI.m"; sourceTree = "<group>"; };
		6B91A8AF18EE4B6C00F36EF1 /* UIColor+FlatUI.h */ = {isa = PBXFileReference; fileEncoding = 4; lastKnownFileType = sourcecode.c.h; path = "UIColor+FlatUI.h"; sourceTree = "<group>"; };
		6B91A8B018EE4B6C00F36EF1 /* UIColor+FlatUI.m */ = {isa = PBXFileReference; fileEncoding = 4; lastKnownFileType = sourcecode.c.objc; path = "UIColor+FlatUI.m"; sourceTree = "<group>"; };
		6B91A8B118EE4B6C00F36EF1 /* UIFont+FlatUI.h */ = {isa = PBXFileReference; fileEncoding = 4; lastKnownFileType = sourcecode.c.h; path = "UIFont+FlatUI.h"; sourceTree = "<group>"; };
		6B91A8B218EE4B6C00F36EF1 /* UIFont+FlatUI.m */ = {isa = PBXFileReference; fileEncoding = 4; lastKnownFileType = sourcecode.c.objc; path = "UIFont+FlatUI.m"; sourceTree = "<group>"; };
		6B91A8B318EE4B6C00F36EF1 /* UIImage+FlatUI.h */ = {isa = PBXFileReference; fileEncoding = 4; lastKnownFileType = sourcecode.c.h; path = "UIImage+FlatUI.h"; sourceTree = "<group>"; };
		6B91A8B418EE4B6C00F36EF1 /* UIImage+FlatUI.m */ = {isa = PBXFileReference; fileEncoding = 4; lastKnownFileType = sourcecode.c.objc; path = "UIImage+FlatUI.m"; sourceTree = "<group>"; };
		6B91A8B518EE4B6C00F36EF1 /* UINavigationBar+FlatUI.h */ = {isa = PBXFileReference; fileEncoding = 4; lastKnownFileType = sourcecode.c.h; path = "UINavigationBar+FlatUI.h"; sourceTree = "<group>"; };
		6B91A8B618EE4B6C00F36EF1 /* UINavigationBar+FlatUI.m */ = {isa = PBXFileReference; fileEncoding = 4; lastKnownFileType = sourcecode.c.objc; path = "UINavigationBar+FlatUI.m"; sourceTree = "<group>"; };
		6B91A8B718EE4B6C00F36EF1 /* UIPopoverController+FlatUI.h */ = {isa = PBXFileReference; fileEncoding = 4; lastKnownFileType = sourcecode.c.h; path = "UIPopoverController+FlatUI.h"; sourceTree = "<group>"; };
		6B91A8B818EE4B6C00F36EF1 /* UIPopoverController+FlatUI.m */ = {isa = PBXFileReference; fileEncoding = 4; lastKnownFileType = sourcecode.c.objc; path = "UIPopoverController+FlatUI.m"; sourceTree = "<group>"; };
		6B91A8B918EE4B6C00F36EF1 /* UIProgressView+FlatUI.h */ = {isa = PBXFileReference; fileEncoding = 4; lastKnownFileType = sourcecode.c.h; path = "UIProgressView+FlatUI.h"; sourceTree = "<group>"; };
		6B91A8BA18EE4B6C00F36EF1 /* UIProgressView+FlatUI.m */ = {isa = PBXFileReference; fileEncoding = 4; lastKnownFileType = sourcecode.c.objc; path = "UIProgressView+FlatUI.m"; sourceTree = "<group>"; };
		6B91A8BB18EE4B6C00F36EF1 /* UISlider+FlatUI.h */ = {isa = PBXFileReference; fileEncoding = 4; lastKnownFileType = sourcecode.c.h; path = "UISlider+FlatUI.h"; sourceTree = "<group>"; };
		6B91A8BC18EE4B6C00F36EF1 /* UISlider+FlatUI.m */ = {isa = PBXFileReference; fileEncoding = 4; lastKnownFileType = sourcecode.c.objc; path = "UISlider+FlatUI.m"; sourceTree = "<group>"; };
		6B91A8BD18EE4B6C00F36EF1 /* UIStepper+FlatUI.h */ = {isa = PBXFileReference; fileEncoding = 4; lastKnownFileType = sourcecode.c.h; path = "UIStepper+FlatUI.h"; sourceTree = "<group>"; };
		6B91A8BE18EE4B6C00F36EF1 /* UIStepper+FlatUI.m */ = {isa = PBXFileReference; fileEncoding = 4; lastKnownFileType = sourcecode.c.objc; path = "UIStepper+FlatUI.m"; sourceTree = "<group>"; };
		6B91A8BF18EE4B6C00F36EF1 /* UITabBar+FlatUI.h */ = {isa = PBXFileReference; fileEncoding = 4; lastKnownFileType = sourcecode.c.h; path = "UITabBar+FlatUI.h"; sourceTree = "<group>"; };
		6B91A8C018EE4B6C00F36EF1 /* UITabBar+FlatUI.m */ = {isa = PBXFileReference; fileEncoding = 4; lastKnownFileType = sourcecode.c.objc; path = "UITabBar+FlatUI.m"; sourceTree = "<group>"; };
		6B91A8C118EE4B6C00F36EF1 /* UITableViewCell+FlatUI.h */ = {isa = PBXFileReference; fileEncoding = 4; lastKnownFileType = sourcecode.c.h; path = "UITableViewCell+FlatUI.h"; sourceTree = "<group>"; };
		6B91A8C218EE4B6C00F36EF1 /* UITableViewCell+FlatUI.m */ = {isa = PBXFileReference; fileEncoding = 4; lastKnownFileType = sourcecode.c.objc; path = "UITableViewCell+FlatUI.m"; sourceTree = "<group>"; };
		6B91A8C318EE4B6C00F36EF1 /* UIToolbar+FlatUI.h */ = {isa = PBXFileReference; fileEncoding = 4; lastKnownFileType = sourcecode.c.h; path = "UIToolbar+FlatUI.h"; sourceTree = "<group>"; };
		6B91A8C418EE4B6C00F36EF1 /* UIToolbar+FlatUI.m */ = {isa = PBXFileReference; fileEncoding = 4; lastKnownFileType = sourcecode.c.objc; path = "UIToolbar+FlatUI.m"; sourceTree = "<group>"; };
		6B91A8D818EE4CBE00F36EF1 /* SignUpViewController.h */ = {isa = PBXFileReference; fileEncoding = 4; lastKnownFileType = sourcecode.c.h; path = SignUpViewController.h; sourceTree = "<group>"; };
		6B91A8D918EE4CBE00F36EF1 /* SignUpViewController.m */ = {isa = PBXFileReference; fileEncoding = 4; lastKnownFileType = sourcecode.c.objc; path = SignUpViewController.m; sourceTree = "<group>"; };
		6B91A8DB18EE598A00F36EF1 /* VPTRootViewController.h */ = {isa = PBXFileReference; fileEncoding = 4; lastKnownFileType = sourcecode.c.h; path = VPTRootViewController.h; sourceTree = "<group>"; };
		6B91A8DC18EE598A00F36EF1 /* VPTRootViewController.m */ = {isa = PBXFileReference; fileEncoding = 4; lastKnownFileType = sourcecode.c.objc; path = VPTRootViewController.m; sourceTree = "<group>"; };
		6B91A8DF18EE5A6500F36EF1 /* RECommonFunctions.h */ = {isa = PBXFileReference; fileEncoding = 4; lastKnownFileType = sourcecode.c.h; path = RECommonFunctions.h; sourceTree = "<group>"; };
		6B91A8E018EE5A6500F36EF1 /* RECommonFunctions.m */ = {isa = PBXFileReference; fileEncoding = 4; lastKnownFileType = sourcecode.c.objc; path = RECommonFunctions.m; sourceTree = "<group>"; };
		6B91A8E118EE5A6500F36EF1 /* REFrostedContainerViewController.h */ = {isa = PBXFileReference; fileEncoding = 4; lastKnownFileType = sourcecode.c.h; path = REFrostedContainerViewController.h; sourceTree = "<group>"; };
		6B91A8E218EE5A6500F36EF1 /* REFrostedContainerViewController.m */ = {isa = PBXFileReference; fileEncoding = 4; lastKnownFileType = sourcecode.c.objc; path = REFrostedContainerViewController.m; sourceTree = "<group>"; };
		6B91A8E318EE5A6500F36EF1 /* REFrostedViewController.h */ = {isa = PBXFileReference; fileEncoding = 4; lastKnownFileType = sourcecode.c.h; path = REFrostedViewController.h; sourceTree = "<group>"; };
		6B91A8E418EE5A6500F36EF1 /* REFrostedViewController.m */ = {isa = PBXFileReference; fileEncoding = 4; lastKnownFileType = sourcecode.c.objc; path = REFrostedViewController.m; sourceTree = "<group>"; };
		6B91A8E518EE5A6500F36EF1 /* UIImage+REFrostedViewController.h */ = {isa = PBXFileReference; fileEncoding = 4; lastKnownFileType = sourcecode.c.h; path = "UIImage+REFrostedViewController.h"; sourceTree = "<group>"; };
		6B91A8E618EE5A6500F36EF1 /* UIImage+REFrostedViewController.m */ = {isa = PBXFileReference; fileEncoding = 4; lastKnownFileType = sourcecode.c.objc; path = "UIImage+REFrostedViewController.m"; sourceTree = "<group>"; };
		6B91A8E718EE5A6500F36EF1 /* UIView+REFrostedViewController.h */ = {isa = PBXFileReference; fileEncoding = 4; lastKnownFileType = sourcecode.c.h; path = "UIView+REFrostedViewController.h"; sourceTree = "<group>"; };
		6B91A8E818EE5A6500F36EF1 /* UIView+REFrostedViewController.m */ = {isa = PBXFileReference; fileEncoding = 4; lastKnownFileType = sourcecode.c.objc; path = "UIView+REFrostedViewController.m"; sourceTree = "<group>"; };
		6B91A8E918EE5A6500F36EF1 /* UIViewController+REFrostedViewController.h */ = {isa = PBXFileReference; fileEncoding = 4; lastKnownFileType = sourcecode.c.h; path = "UIViewController+REFrostedViewController.h"; sourceTree = "<group>"; };
		6B91A8EA18EE5A6500F36EF1 /* UIViewController+REFrostedViewController.m */ = {isa = PBXFileReference; fileEncoding = 4; lastKnownFileType = sourcecode.c.objc; path = "UIViewController+REFrostedViewController.m"; sourceTree = "<group>"; };
		6B91A8F118EE5C3400F36EF1 /* VPTHomeViewController.h */ = {isa = PBXFileReference; fileEncoding = 4; lastKnownFileType = sourcecode.c.h; path = VPTHomeViewController.h; sourceTree = "<group>"; };
		6B91A8F218EE5C3400F36EF1 /* VPTHomeViewController.m */ = {isa = PBXFileReference; fileEncoding = 4; lastKnownFileType = sourcecode.c.objc; path = VPTHomeViewController.m; sourceTree = "<group>"; };
		6B91A8F718EE658E00F36EF1 /* VPTNavigationController.h */ = {isa = PBXFileReference; fileEncoding = 4; lastKnownFileType = sourcecode.c.h; name = VPTNavigationController.h; path = ../VPTNavigationController.h; sourceTree = "<group>"; };
		6B91A8F818EE658E00F36EF1 /* VPTNavigationController.m */ = {isa = PBXFileReference; fileEncoding = 4; lastKnownFileType = sourcecode.c.objc; name = VPTNavigationController.m; path = ../VPTNavigationController.m; sourceTree = "<group>"; };
		B676C0CBC17F46F889A552ED /* libPods.a */ = {isa = PBXFileReference; explicitFileType = archive.ar; includeInIndex = 0; path = libPods.a; sourceTree = BUILT_PRODUCTS_DIR; };
/* End PBXFileReference section */

/* Begin PBXFrameworksBuildPhase section */
		6B77BDBE18EBF1A0009B71ED /* Frameworks */ = {
			isa = PBXFrameworksBuildPhase;
			buildActionMask = 2147483647;
			files = (
				6B56200218F8A1760018FDE9 /* CoreData.framework in Frameworks */,
				6B77BDC718EBF1A0009B71ED /* CoreGraphics.framework in Frameworks */,
				6B77BDC918EBF1A0009B71ED /* UIKit.framework in Frameworks */,
				6B77BDC518EBF1A0009B71ED /* Foundation.framework in Frameworks */,
				D5C3ACE41C8C4B1194D4009E /* libPods.a in Frameworks */,
			);
			runOnlyForDeploymentPostprocessing = 0;
		};
		6B77BDDF18EBF1A0009B71ED /* Frameworks */ = {
			isa = PBXFrameworksBuildPhase;
			buildActionMask = 2147483647;
			files = (
				6B77BDE418EBF1A0009B71ED /* XCTest.framework in Frameworks */,
				6B77BDE618EBF1A0009B71ED /* UIKit.framework in Frameworks */,
				6B77BDE518EBF1A0009B71ED /* Foundation.framework in Frameworks */,
			);
			runOnlyForDeploymentPostprocessing = 0;
		};
/* End PBXFrameworksBuildPhase section */

/* Begin PBXGroup section */
		6B089FCE18F1B68500AEBB12 /* Data Model */ = {
			isa = PBXGroup;
			children = (
				6B089FCB18F1B67600AEBB12 /* Users.xcdatamodeld */,
				6B089FE218F1CB2B00AEBB12 /* DailyCheckin.h */,
				6B089FE318F1CB2B00AEBB12 /* DailyCheckin.m */,
				6B089FE518F1CB2B00AEBB12 /* Motivation.h */,
				6B089FE618F1CB2B00AEBB12 /* Motivation.m */,
				6B089FE818F1CB2B00AEBB12 /* User.h */,
				6B089FE918F1CB2C00AEBB12 /* User.m */,
			);
			name = "Data Model";
			sourceTree = "<group>";
		};
		6B089FCF18F1B69700AEBB12 /* View */ = {
			isa = PBXGroup;
			children = (
				6B77BDD618EBF1A0009B71ED /* Main.storyboard */,
			);
			name = View;
			sourceTree = "<group>";
		};
		6B54B04A190C2B390093FEF1 /* Motivation */ = {
			isa = PBXGroup;
			children = (
				6B54B05B190DD4080093FEF1 /* InjuryController.h */,
				6B54B05C190DD4080093FEF1 /* InjuryController.m */,
				6B54B04D190C575D0093FEF1 /* GoalController.h */,
				6B54B04E190C575D0093FEF1 /* GoalController.m */,
				6B54B048190C2B340093FEF1 /* InspirationController.m */,
				6B54B047190C2B340093FEF1 /* InspirationController.h */,
			);
			name = Motivation;
			sourceTree = "<group>";
		};
		6B54B050190D6DB80093FEF1 /* POHorizontalList */ = {
			isa = PBXGroup;
			children = (
				6B54B051190D6DB80093FEF1 /* ListItem.h */,
				6B54B052190D6DB80093FEF1 /* ListItem.m */,
				6B54B053190D6DB80093FEF1 /* POHorizontalList.h */,
				6B54B054190D6DB80093FEF1 /* POHorizontalList.m */,
				6B54B055190D6DB80093FEF1 /* POHorizontalListDelegate.h */,
			);
			path = POHorizontalList;
			sourceTree = "<group>";
		};
		6B5BD9E818FA4C6700B22E01 /* FlowControl */ = {
			isa = PBXGroup;
			children = (
				6B56200318F8BD0E0018FDE9 /* UsersTableViewController.h */,
				6B56200418F8BD0E0018FDE9 /* UsersTableViewController.m */,
				6B91A8F718EE658E00F36EF1 /* VPTNavigationController.h */,
				6B91A8F818EE658E00F36EF1 /* VPTNavigationController.m */,
				6B91A8DB18EE598A00F36EF1 /* VPTRootViewController.h */,
				6B91A8DC18EE598A00F36EF1 /* VPTRootViewController.m */,
				6B91A8F118EE5C3400F36EF1 /* VPTHomeViewController.h */,
				6B91A8F218EE5C3400F36EF1 /* VPTHomeViewController.m */,
				6B91A8D818EE4CBE00F36EF1 /* SignUpViewController.h */,
				6B91A8D918EE4CBE00F36EF1 /* SignUpViewController.m */,
			);
			name = FlowControl;
			sourceTree = "<group>";
		};
		6B5BD9EC18FA4EAD00B22E01 /* Exercise */ = {
			isa = PBXGroup;
			children = (
				6B5BD9F718FB531E00B22E01 /* AddExerciseViewController.h */,
				6B5BD9F818FB531E00B22E01 /* AddExerciseViewController.m */,
				6B5BD9E918FA4EA300B22E01 /* ExerciseTableViewController.h */,
				6B5BD9EA18FA4EA300B22E01 /* ExerciseTableViewController.m */,
				6B5BD9EF18FB01BE00B22E01 /* VideoPlayerViewController.h */,
				6B5BD9F018FB01BE00B22E01 /* VideoPlayerViewController.m */,
			);
			name = Exercise;
			sourceTree = "<group>";
		};
		6B5BD9F218FB08D700B22E01 /* video */ = {
			isa = PBXGroup;
			children = (
				6B54B043190C21DF0093FEF1 /* KneeFlextion.mp4 */,
				6B54B044190C21DF0093FEF1 /* SAQ.mp4 */,
			);
			name = video;
			sourceTree = "<group>";
		};
		6B5BD9FD18FB58DF00B22E01 /* Progress */ = {
			isa = PBXGroup;
			children = (
				6B5BD9FA18FB58D600B22E01 /* ProgressTableViewController.h */,
				6B5BD9FB18FB58D600B22E01 /* ProgressTableViewController.m */,
				6B5BDA2F18FB828D00B22E01 /* ChartViewController.h */,
				6B5BDA3018FB828D00B22E01 /* ChartViewController.m */,
			);
			name = Progress;
			sourceTree = "<group>";
		};
		6B5BDA3218FB97AC00B22E01 /* PNChart */ = {
			isa = PBXGroup;
			children = (
				6B5BDA3318FB97AC00B22E01 /* PNBar.h */,
				6B5BDA3418FB97AC00B22E01 /* PNBar.m */,
				6B5BDA3518FB97AC00B22E01 /* PNBarChart.h */,
				6B5BDA3618FB97AC00B22E01 /* PNBarChart.m */,
				6B5BDA3718FB97AC00B22E01 /* PNChart.h */,
				6B5BDA3818FB97AC00B22E01 /* PNChartDelegate.h */,
				6B5BDA3918FB97AC00B22E01 /* PNChartLabel.h */,
				6B5BDA3A18FB97AC00B22E01 /* PNChartLabel.m */,
				6B5BDA3B18FB97AC00B22E01 /* PNCircleChart.h */,
				6B5BDA3C18FB97AC00B22E01 /* PNCircleChart.m */,
				6B5BDA3D18FB97AC00B22E01 /* PNColor.h */,
				6B5BDA3E18FB97AC00B22E01 /* PNColor.m */,
				6B5BDA3F18FB97AC00B22E01 /* PNLineChart.h */,
				6B5BDA4018FB97AC00B22E01 /* PNLineChart.m */,
				6B5BDA4118FB97AC00B22E01 /* PNLineChartData.h */,
				6B5BDA4218FB97AC00B22E01 /* PNLineChartData.m */,
				6B5BDA4318FB97AC00B22E01 /* PNLineChartDataItem.h */,
				6B5BDA4418FB97AC00B22E01 /* PNLineChartDataItem.m */,
			);
			path = PNChart;
			sourceTree = "<group>";
		};
		6B77BDB818EBF1A0009B71ED = {
			isa = PBXGroup;
			children = (
				6B54B04B190C49810093FEF1 /* README.md */,
				6B77BDCA18EBF1A0009B71ED /* VirtualPT */,
				6B5BD9F218FB08D700B22E01 /* video */,
				6B77BDE918EBF1A0009B71ED /* VirtualPTTests */,
				6B77BDC318EBF1A0009B71ED /* Frameworks */,
				6B77BDC218EBF1A0009B71ED /* Products */,
				13954BF66F474516B6A95078 /* Pods.xcconfig */,
			);
			sourceTree = "<group>";
		};
		6B77BDC218EBF1A0009B71ED /* Products */ = {
			isa = PBXGroup;
			children = (
				6B77BDC118EBF1A0009B71ED /* VirtualPT.app */,
				6B77BDE218EBF1A0009B71ED /* VirtualPTTests.xctest */,
			);
			name = Products;
			sourceTree = "<group>";
		};
		6B77BDC318EBF1A0009B71ED /* Frameworks */ = {
			isa = PBXGroup;
			children = (
				6B56200118F8A1760018FDE9 /* CoreData.framework */,
				6B77BDC418EBF1A0009B71ED /* Foundation.framework */,
				6B77BDC618EBF1A0009B71ED /* CoreGraphics.framework */,
				6B77BDC818EBF1A0009B71ED /* UIKit.framework */,
				6B77BDE318EBF1A0009B71ED /* XCTest.framework */,
				B676C0CBC17F46F889A552ED /* libPods.a */,
			);
			name = Frameworks;
			sourceTree = "<group>";
		};
		6B77BDCA18EBF1A0009B71ED /* VirtualPT */ = {
			isa = PBXGroup;
			children = (
				6B77BDD318EBF1A0009B71ED /* VPTAppDelegate.h */,
				6B77BDD418EBF1A0009B71ED /* VPTAppDelegate.m */,
				6B089FCE18F1B68500AEBB12 /* Data Model */,
				6B089FCF18F1B69700AEBB12 /* View */,
				6B77BDFD18EBFFD2009B71ED /* Controller */,
				6B77BDDC18EBF1A0009B71ED /* Images.xcassets */,
				6B77BDCB18EBF1A0009B71ED /* Supporting Files */,
			);
			path = VirtualPT;
			sourceTree = "<group>";
		};
		6B77BDCB18EBF1A0009B71ED /* Supporting Files */ = {
			isa = PBXGroup;
			children = (
				6B54B050190D6DB80093FEF1 /* POHorizontalList */,
				6B5BDA3218FB97AC00B22E01 /* PNChart */,
				6B91A8DE18EE5A6500F36EF1 /* REFrostedViewController */,
				6B91A89C18EE4B6C00F36EF1 /* Classes */,
				6B77BDCC18EBF1A0009B71ED /* VirtualPT-Info.plist */,
				6B77BDCD18EBF1A0009B71ED /* InfoPlist.strings */,
				6B77BDD018EBF1A0009B71ED /* main.m */,
				6B77BDD218EBF1A0009B71ED /* VirtualPT-Prefix.pch */,
			);
			name = "Supporting Files";
			sourceTree = "<group>";
		};
		6B77BDE918EBF1A0009B71ED /* VirtualPTTests */ = {
			isa = PBXGroup;
			children = (
				6B77BDEF18EBF1A0009B71ED /* VirtualPTTests.m */,
				6B77BDEA18EBF1A0009B71ED /* Supporting Files */,
			);
			path = VirtualPTTests;
			sourceTree = "<group>";
		};
		6B77BDEA18EBF1A0009B71ED /* Supporting Files */ = {
			isa = PBXGroup;
			children = (
				6B77BDEB18EBF1A0009B71ED /* VirtualPTTests-Info.plist */,
				6B77BDEC18EBF1A0009B71ED /* InfoPlist.strings */,
			);
			name = "Supporting Files";
			sourceTree = "<group>";
		};
		6B77BDFD18EBFFD2009B71ED /* Controller */ = {
			isa = PBXGroup;
			children = (
				6B54B058190DAA2C0093FEF1 /* RatingViewController.h */,
				6B54B059190DAA2C0093FEF1 /* RatingViewController.m */,
				6B54B04A190C2B390093FEF1 /* Motivation */,
				6B5BD9E818FA4C6700B22E01 /* FlowControl */,
				6B5BD9FD18FB58DF00B22E01 /* Progress */,
				6B5BD9EC18FA4EAD00B22E01 /* Exercise */,
				6B91A89618EE33EC00F36EF1 /* PageController.h */,
				6B91A89718EE33EC00F36EF1 /* PageController.m */,
				6B77BDFA18EBFFC8009B71ED /* VPTMenuTableViewController.h */,
				6B77BDFB18EBFFC8009B71ED /* VPTMenuTableViewController.m */,
				6B5BD9E518F9F43800B22E01 /* TimerViewController.h */,
				6B5BD9E618F9F43800B22E01 /* TimerViewController.m */,
				6B77BDD918EBF1A0009B71ED /* LoginViewController.h */,
				6B77BDDA18EBF1A0009B71ED /* LoginViewController.m */,
			);
			name = Controller;
			sourceTree = "<group>";
		};
		6B91A89C18EE4B6C00F36EF1 /* Classes */ = {
			isa = PBXGroup;
			children = (
				6B91A89D18EE4B6C00F36EF1 /* ios */,
			);
			path = Classes;
			sourceTree = SOURCE_ROOT;
		};
		6B91A89D18EE4B6C00F36EF1 /* ios */ = {
			isa = PBXGroup;
			children = (
				6B91A89E18EE4B6C00F36EF1 /* FlatUIKit.h */,
				6B91A89F18EE4B6C00F36EF1 /* FUIAlertView.h */,
				6B91A8A018EE4B6C00F36EF1 /* FUIAlertView.m */,
				6B91A8A118EE4B6C00F36EF1 /* FUIButton.h */,
				6B91A8A218EE4B6C00F36EF1 /* FUIButton.m */,
				6B91A8A318EE4B6C00F36EF1 /* FUICellBackgroundView.h */,
				6B91A8A418EE4B6C00F36EF1 /* FUICellBackgroundView.m */,
				6B91A8A518EE4B6C00F36EF1 /* FUIPopoverBackgroundView.h */,
				6B91A8A618EE4B6C00F36EF1 /* FUIPopoverBackgroundView.m */,
				6B91A8A718EE4B6C00F36EF1 /* FUISegmentedControl.h */,
				6B91A8A818EE4B6C00F36EF1 /* FUISegmentedControl.m */,
				6B91A8A918EE4B6C00F36EF1 /* FUISwitch.h */,
				6B91A8AA18EE4B6C00F36EF1 /* FUISwitch.m */,
				6B91A8AB18EE4B6C00F36EF1 /* FUITextField.h */,
				6B91A8AC18EE4B6C00F36EF1 /* FUITextField.m */,
				6B91A8AD18EE4B6C00F36EF1 /* UIBarButtonItem+FlatUI.h */,
				6B91A8AE18EE4B6C00F36EF1 /* UIBarButtonItem+FlatUI.m */,
				6B91A8AF18EE4B6C00F36EF1 /* UIColor+FlatUI.h */,
				6B91A8B018EE4B6C00F36EF1 /* UIColor+FlatUI.m */,
				6B91A8B118EE4B6C00F36EF1 /* UIFont+FlatUI.h */,
				6B91A8B218EE4B6C00F36EF1 /* UIFont+FlatUI.m */,
				6B91A8B318EE4B6C00F36EF1 /* UIImage+FlatUI.h */,
				6B91A8B418EE4B6C00F36EF1 /* UIImage+FlatUI.m */,
				6B91A8B518EE4B6C00F36EF1 /* UINavigationBar+FlatUI.h */,
				6B91A8B618EE4B6C00F36EF1 /* UINavigationBar+FlatUI.m */,
				6B91A8B718EE4B6C00F36EF1 /* UIPopoverController+FlatUI.h */,
				6B91A8B818EE4B6C00F36EF1 /* UIPopoverController+FlatUI.m */,
				6B91A8B918EE4B6C00F36EF1 /* UIProgressView+FlatUI.h */,
				6B91A8BA18EE4B6C00F36EF1 /* UIProgressView+FlatUI.m */,
				6B91A8BB18EE4B6C00F36EF1 /* UISlider+FlatUI.h */,
				6B91A8BC18EE4B6C00F36EF1 /* UISlider+FlatUI.m */,
				6B91A8BD18EE4B6C00F36EF1 /* UIStepper+FlatUI.h */,
				6B91A8BE18EE4B6C00F36EF1 /* UIStepper+FlatUI.m */,
				6B91A8BF18EE4B6C00F36EF1 /* UITabBar+FlatUI.h */,
				6B91A8C018EE4B6C00F36EF1 /* UITabBar+FlatUI.m */,
				6B91A8C118EE4B6C00F36EF1 /* UITableViewCell+FlatUI.h */,
				6B91A8C218EE4B6C00F36EF1 /* UITableViewCell+FlatUI.m */,
				6B91A8C318EE4B6C00F36EF1 /* UIToolbar+FlatUI.h */,
				6B91A8C418EE4B6C00F36EF1 /* UIToolbar+FlatUI.m */,
			);
			path = ios;
			sourceTree = "<group>";
		};
		6B91A8DE18EE5A6500F36EF1 /* REFrostedViewController */ = {
			isa = PBXGroup;
			children = (
				6B91A8DF18EE5A6500F36EF1 /* RECommonFunctions.h */,
				6B91A8E018EE5A6500F36EF1 /* RECommonFunctions.m */,
				6B91A8E118EE5A6500F36EF1 /* REFrostedContainerViewController.h */,
				6B91A8E218EE5A6500F36EF1 /* REFrostedContainerViewController.m */,
				6B91A8E318EE5A6500F36EF1 /* REFrostedViewController.h */,
				6B91A8E418EE5A6500F36EF1 /* REFrostedViewController.m */,
				6B91A8E518EE5A6500F36EF1 /* UIImage+REFrostedViewController.h */,
				6B91A8E618EE5A6500F36EF1 /* UIImage+REFrostedViewController.m */,
				6B91A8E718EE5A6500F36EF1 /* UIView+REFrostedViewController.h */,
				6B91A8E818EE5A6500F36EF1 /* UIView+REFrostedViewController.m */,
				6B91A8E918EE5A6500F36EF1 /* UIViewController+REFrostedViewController.h */,
				6B91A8EA18EE5A6500F36EF1 /* UIViewController+REFrostedViewController.m */,
			);
			path = REFrostedViewController;
			sourceTree = SOURCE_ROOT;
		};
/* End PBXGroup section */

/* Begin PBXNativeTarget section */
		6B77BDC018EBF1A0009B71ED /* VirtualPT */ = {
			isa = PBXNativeTarget;
			buildConfigurationList = 6B77BDF318EBF1A0009B71ED /* Build configuration list for PBXNativeTarget "VirtualPT" */;
			buildPhases = (
				E1EEFB2FA7DA4A9F88FD9A51 /* Check Pods Manifest.lock */,
				6B77BDBD18EBF1A0009B71ED /* Sources */,
				6B77BDBE18EBF1A0009B71ED /* Frameworks */,
				6B77BDBF18EBF1A0009B71ED /* Resources */,
				19796FBC67AA441B9B42E06D /* Copy Pods Resources */,
			);
			buildRules = (
			);
			dependencies = (
			);
			name = VirtualPT;
			productName = VirtualPT;
			productReference = 6B77BDC118EBF1A0009B71ED /* VirtualPT.app */;
			productType = "com.apple.product-type.application";
		};
		6B77BDE118EBF1A0009B71ED /* VirtualPTTests */ = {
			isa = PBXNativeTarget;
			buildConfigurationList = 6B77BDF618EBF1A0009B71ED /* Build configuration list for PBXNativeTarget "VirtualPTTests" */;
			buildPhases = (
				6B77BDDE18EBF1A0009B71ED /* Sources */,
				6B77BDDF18EBF1A0009B71ED /* Frameworks */,
				6B77BDE018EBF1A0009B71ED /* Resources */,
			);
			buildRules = (
			);
			dependencies = (
				6B77BDE818EBF1A0009B71ED /* PBXTargetDependency */,
			);
			name = VirtualPTTests;
			productName = VirtualPTTests;
			productReference = 6B77BDE218EBF1A0009B71ED /* VirtualPTTests.xctest */;
			productType = "com.apple.product-type.bundle.unit-test";
		};
/* End PBXNativeTarget section */

/* Begin PBXProject section */
		6B77BDB918EBF1A0009B71ED /* Project object */ = {
			isa = PBXProject;
			attributes = {
				CLASSPREFIX = VPT;
				LastUpgradeCheck = 0510;
				ORGANIZATIONNAME = "Jason Zhao";
				TargetAttributes = {
					6B77BDE118EBF1A0009B71ED = {
						TestTargetID = 6B77BDC018EBF1A0009B71ED;
					};
				};
			};
			buildConfigurationList = 6B77BDBC18EBF1A0009B71ED /* Build configuration list for PBXProject "VirtualPT" */;
			compatibilityVersion = "Xcode 3.2";
			developmentRegion = English;
			hasScannedForEncodings = 0;
			knownRegions = (
				en,
				Base,
			);
			mainGroup = 6B77BDB818EBF1A0009B71ED;
			productRefGroup = 6B77BDC218EBF1A0009B71ED /* Products */;
			projectDirPath = "";
			projectRoot = "";
			targets = (
				6B77BDC018EBF1A0009B71ED /* VirtualPT */,
				6B77BDE118EBF1A0009B71ED /* VirtualPTTests */,
			);
		};
/* End PBXProject section */

/* Begin PBXResourcesBuildPhase section */
		6B77BDBF18EBF1A0009B71ED /* Resources */ = {
			isa = PBXResourcesBuildPhase;
			buildActionMask = 2147483647;
			files = (
				6B54B04C190C49810093FEF1 /* README.md in Resources */,
				6B77BDDD18EBF1A0009B71ED /* Images.xcassets in Resources */,
				6B77BDCF18EBF1A0009B71ED /* InfoPlist.strings in Resources */,
				6B54B046190C21DF0093FEF1 /* SAQ.mp4 in Resources */,
				6B77BDD818EBF1A0009B71ED /* Main.storyboard in Resources */,
				6B54B045190C21DF0093FEF1 /* KneeFlextion.mp4 in Resources */,
			);
			runOnlyForDeploymentPostprocessing = 0;
		};
		6B77BDE018EBF1A0009B71ED /* Resources */ = {
			isa = PBXResourcesBuildPhase;
			buildActionMask = 2147483647;
			files = (
				6B77BDEE18EBF1A0009B71ED /* InfoPlist.strings in Resources */,
			);
			runOnlyForDeploymentPostprocessing = 0;
		};
/* End PBXResourcesBuildPhase section */

/* Begin PBXShellScriptBuildPhase section */
		19796FBC67AA441B9B42E06D /* Copy Pods Resources */ = {
			isa = PBXShellScriptBuildPhase;
			buildActionMask = 2147483647;
			files = (
			);
			inputPaths = (
			);
			name = "Copy Pods Resources";
			outputPaths = (
			);
			runOnlyForDeploymentPostprocessing = 0;
			shellPath = /bin/sh;
			shellScript = "\"${SRCROOT}/Pods/Pods-resources.sh\"\n";
			showEnvVarsInLog = 0;
		};
		E1EEFB2FA7DA4A9F88FD9A51 /* Check Pods Manifest.lock */ = {
			isa = PBXShellScriptBuildPhase;
			buildActionMask = 2147483647;
			files = (
			);
			inputPaths = (
			);
			name = "Check Pods Manifest.lock";
			outputPaths = (
			);
			runOnlyForDeploymentPostprocessing = 0;
			shellPath = /bin/sh;
			shellScript = "diff \"${PODS_ROOT}/../Podfile.lock\" \"${PODS_ROOT}/Manifest.lock\" > /dev/null\nif [[ $? != 0 ]] ; then\n    cat << EOM\nerror: The sandbox is not in sync with the Podfile.lock. Run 'pod install' or update your CocoaPods installation.\nEOM\n    exit 1\nfi\n";
			showEnvVarsInLog = 0;
		};
/* End PBXShellScriptBuildPhase section */

/* Begin PBXSourcesBuildPhase section */
		6B77BDBD18EBF1A0009B71ED /* Sources */ = {
			isa = PBXSourcesBuildPhase;
			buildActionMask = 2147483647;
			files = (
				6B91A8F318EE5C3400F36EF1 /* VPTHomeViewController.m in Sources */,
				6B089FCD18F1B67600AEBB12 /* Users.xcdatamodeld in Sources */,
				6B54B049190C2B340093FEF1 /* InspirationController.m in Sources */,
				6B91A8D018EE4B6C00F36EF1 /* UINavigationBar+FlatUI.m in Sources */,
				6B91A8C618EE4B6C00F36EF1 /* FUIButton.m in Sources */,
				6B5BD9F918FB531E00B22E01 /* AddExerciseViewController.m in Sources */,
				6B91A8EF18EE5A6500F36EF1 /* UIView+REFrostedViewController.m in Sources */,
				6B5BDA4818FB97AC00B22E01 /* PNCircleChart.m in Sources */,
				6B91A8C718EE4B6C00F36EF1 /* FUICellBackgroundView.m in Sources */,
				6B5BDA4618FB97AC00B22E01 /* PNBarChart.m in Sources */,
				6B5BDA4918FB97AC00B22E01 /* PNColor.m in Sources */,
				6B77BDD118EBF1A0009B71ED /* main.m in Sources */,
				6B5BDA4718FB97AC00B22E01 /* PNChartLabel.m in Sources */,
				6B91A8D118EE4B6C00F36EF1 /* UIPopoverController+FlatUI.m in Sources */,
				6B91A8C818EE4B6C00F36EF1 /* FUIPopoverBackgroundView.m in Sources */,
				6B91A8D618EE4B6C00F36EF1 /* UITableViewCell+FlatUI.m in Sources */,
				6B91A8CA18EE4B6C00F36EF1 /* FUISwitch.m in Sources */,
				6B089FE718F1CB2B00AEBB12 /* Motivation.m in Sources */,
				6B91A8CC18EE4B6C00F36EF1 /* UIBarButtonItem+FlatUI.m in Sources */,
				6B5BDA3118FB828D00B22E01 /* ChartViewController.m in Sources */,
				6B77BDFC18EBFFC8009B71ED /* VPTMenuTableViewController.m in Sources */,
				6B91A8D318EE4B6C00F36EF1 /* UISlider+FlatUI.m in Sources */,
				6B5BD9EB18FA4EA300B22E01 /* ExerciseTableViewController.m in Sources */,
				6B089FE418F1CB2B00AEBB12 /* DailyCheckin.m in Sources */,
				6B54B056190D6DB80093FEF1 /* ListItem.m in Sources */,
				6B54B05A190DAA2C0093FEF1 /* RatingViewController.m in Sources */,
				6B91A8DA18EE4CBE00F36EF1 /* SignUpViewController.m in Sources */,
				6B91A8CB18EE4B6C00F36EF1 /* FUITextField.m in Sources */,
				6B5BD9FC18FB58D600B22E01 /* ProgressTableViewController.m in Sources */,
				6B91A8EC18EE5A6500F36EF1 /* REFrostedContainerViewController.m in Sources */,
				6B54B05D190DD4080093FEF1 /* InjuryController.m in Sources */,
				6B91A8C918EE4B6C00F36EF1 /* FUISegmentedControl.m in Sources */,
				6B5BD9F118FB01BE00B22E01 /* VideoPlayerViewController.m in Sources */,
				6B91A8D518EE4B6C00F36EF1 /* UITabBar+FlatUI.m in Sources */,
				6B54B057190D6DB80093FEF1 /* POHorizontalList.m in Sources */,
				6B91A8D718EE4B6C00F36EF1 /* UIToolbar+FlatUI.m in Sources */,
				6B91A8C518EE4B6C00F36EF1 /* FUIAlertView.m in Sources */,
				6B91A8CD18EE4B6C00F36EF1 /* UIColor+FlatUI.m in Sources */,
				6B91A8EE18EE5A6500F36EF1 /* UIImage+REFrostedViewController.m in Sources */,
				6B5BDA4C18FB97AC00B22E01 /* PNLineChartDataItem.m in Sources */,
				6B91A89818EE33EC00F36EF1 /* PageController.m in Sources */,
				6B91A8ED18EE5A6500F36EF1 /* REFrostedViewController.m in Sources */,
				6B91A8EB18EE5A6500F36EF1 /* RECommonFunctions.m in Sources */,
				6B56200518F8BD0E0018FDE9 /* UsersTableViewController.m in Sources */,
				6B91A8DD18EE598A00F36EF1 /* VPTRootViewController.m in Sources */,
				6B91A8CF18EE4B6C00F36EF1 /* UIImage+FlatUI.m in Sources */,
				6B91A8F018EE5A6500F36EF1 /* UIViewController+REFrostedViewController.m in Sources */,
				6B5BD9E718F9F43800B22E01 /* TimerViewController.m in Sources */,
				6B91A8F918EE658E00F36EF1 /* VPTNavigationController.m in Sources */,
				6B91A8D418EE4B6C00F36EF1 /* UIStepper+FlatUI.m in Sources */,
				6B91A8D218EE4B6C00F36EF1 /* UIProgressView+FlatUI.m in Sources */,
				6B5BDA4518FB97AC00B22E01 /* PNBar.m in Sources */,
				6B089FEA18F1CB2C00AEBB12 /* User.m in Sources */,
				6B5BDA4A18FB97AC00B22E01 /* PNLineChart.m in Sources */,
				6B77BDD518EBF1A0009B71ED /* VPTAppDelegate.m in Sources */,
				6B54B04F190C575D0093FEF1 /* GoalController.m in Sources */,
				6B77BDDB18EBF1A0009B71ED /* LoginViewController.m in Sources */,
				6B5BDA4B18FB97AC00B22E01 /* PNLineChartData.m in Sources */,
				6B91A8CE18EE4B6C00F36EF1 /* UIFont+FlatUI.m in Sources */,
			);
			runOnlyForDeploymentPostprocessing = 0;
		};
		6B77BDDE18EBF1A0009B71ED /* Sources */ = {
			isa = PBXSourcesBuildPhase;
			buildActionMask = 2147483647;
			files = (
				6B77BDF018EBF1A0009B71ED /* VirtualPTTests.m in Sources */,
			);
			runOnlyForDeploymentPostprocessing = 0;
		};
/* End PBXSourcesBuildPhase section */

/* Begin PBXTargetDependency section */
		6B77BDE818EBF1A0009B71ED /* PBXTargetDependency */ = {
			isa = PBXTargetDependency;
			target = 6B77BDC018EBF1A0009B71ED /* VirtualPT */;
			targetProxy = 6B77BDE718EBF1A0009B71ED /* PBXContainerItemProxy */;
		};
/* End PBXTargetDependency section */

/* Begin PBXVariantGroup section */
		6B77BDCD18EBF1A0009B71ED /* InfoPlist.strings */ = {
			isa = PBXVariantGroup;
			children = (
				6B77BDCE18EBF1A0009B71ED /* en */,
			);
			name = InfoPlist.strings;
			sourceTree = "<group>";
		};
		6B77BDD618EBF1A0009B71ED /* Main.storyboard */ = {
			isa = PBXVariantGroup;
			children = (
				6B77BDD718EBF1A0009B71ED /* Base */,
			);
			name = Main.storyboard;
			sourceTree = "<group>";
		};
		6B77BDEC18EBF1A0009B71ED /* InfoPlist.strings */ = {
			isa = PBXVariantGroup;
			children = (
				6B77BDED18EBF1A0009B71ED /* en */,
			);
			name = InfoPlist.strings;
			sourceTree = "<group>";
		};
/* End PBXVariantGroup section */

/* Begin XCBuildConfiguration section */
		6B77BDF118EBF1A0009B71ED /* Debug */ = {
			isa = XCBuildConfiguration;
			buildSettings = {
				ALWAYS_SEARCH_USER_PATHS = NO;
				CLANG_CXX_LANGUAGE_STANDARD = "gnu++0x";
				CLANG_CXX_LIBRARY = "libc++";
				CLANG_ENABLE_MODULES = YES;
				CLANG_ENABLE_OBJC_ARC = YES;
				CLANG_WARN_BOOL_CONVERSION = YES;
				CLANG_WARN_CONSTANT_CONVERSION = YES;
				CLANG_WARN_DIRECT_OBJC_ISA_USAGE = YES_ERROR;
				CLANG_WARN_EMPTY_BODY = YES;
				CLANG_WARN_ENUM_CONVERSION = YES;
				CLANG_WARN_INT_CONVERSION = YES;
				CLANG_WARN_OBJC_ROOT_CLASS = YES_ERROR;
				CLANG_WARN__DUPLICATE_METHOD_MATCH = YES;
				"CODE_SIGN_IDENTITY[sdk=iphoneos*]" = "iPhone Developer";
				COPY_PHASE_STRIP = NO;
				GCC_C_LANGUAGE_STANDARD = gnu99;
				GCC_DYNAMIC_NO_PIC = NO;
				GCC_OPTIMIZATION_LEVEL = 0;
				GCC_PREPROCESSOR_DEFINITIONS = (
					"DEBUG=1",
					"$(inherited)",
				);
				GCC_SYMBOLS_PRIVATE_EXTERN = NO;
				GCC_WARN_64_TO_32_BIT_CONVERSION = YES;
				GCC_WARN_ABOUT_RETURN_TYPE = YES_ERROR;
				GCC_WARN_UNDECLARED_SELECTOR = YES;
				GCC_WARN_UNINITIALIZED_AUTOS = YES_AGGRESSIVE;
				GCC_WARN_UNUSED_FUNCTION = YES;
				GCC_WARN_UNUSED_VARIABLE = YES;
				IPHONEOS_DEPLOYMENT_TARGET = 7.1;
				ONLY_ACTIVE_ARCH = YES;
				SDKROOT = iphoneos;
			};
			name = Debug;
		};
		6B77BDF218EBF1A0009B71ED /* Release */ = {
			isa = XCBuildConfiguration;
			buildSettings = {
				ALWAYS_SEARCH_USER_PATHS = NO;
				CLANG_CXX_LANGUAGE_STANDARD = "gnu++0x";
				CLANG_CXX_LIBRARY = "libc++";
				CLANG_ENABLE_MODULES = YES;
				CLANG_ENABLE_OBJC_ARC = YES;
				CLANG_WARN_BOOL_CONVERSION = YES;
				CLANG_WARN_CONSTANT_CONVERSION = YES;
				CLANG_WARN_DIRECT_OBJC_ISA_USAGE = YES_ERROR;
				CLANG_WARN_EMPTY_BODY = YES;
				CLANG_WARN_ENUM_CONVERSION = YES;
				CLANG_WARN_INT_CONVERSION = YES;
				CLANG_WARN_OBJC_ROOT_CLASS = YES_ERROR;
				CLANG_WARN__DUPLICATE_METHOD_MATCH = YES;
				"CODE_SIGN_IDENTITY[sdk=iphoneos*]" = "iPhone Developer";
				COPY_PHASE_STRIP = YES;
				ENABLE_NS_ASSERTIONS = NO;
				GCC_C_LANGUAGE_STANDARD = gnu99;
				GCC_WARN_64_TO_32_BIT_CONVERSION = YES;
				GCC_WARN_ABOUT_RETURN_TYPE = YES_ERROR;
				GCC_WARN_UNDECLARED_SELECTOR = YES;
				GCC_WARN_UNINITIALIZED_AUTOS = YES_AGGRESSIVE;
				GCC_WARN_UNUSED_FUNCTION = YES;
				GCC_WARN_UNUSED_VARIABLE = YES;
				IPHONEOS_DEPLOYMENT_TARGET = 7.1;
				SDKROOT = iphoneos;
				VALIDATE_PRODUCT = YES;
			};
			name = Release;
		};
		6B77BDF418EBF1A0009B71ED /* Debug */ = {
			isa = XCBuildConfiguration;
			baseConfigurationReference = 13954BF66F474516B6A95078 /* Pods.xcconfig */;
			buildSettings = {
				ASSETCATALOG_COMPILER_APPICON_NAME = AppIcon;
				ASSETCATALOG_COMPILER_LAUNCHIMAGE_NAME = LaunchImage;
				GCC_PRECOMPILE_PREFIX_HEADER = YES;
				GCC_PREFIX_HEADER = "VirtualPT/VirtualPT-Prefix.pch";
				INFOPLIST_FILE = "VirtualPT/VirtualPT-Info.plist";
				PRODUCT_NAME = "$(TARGET_NAME)";
				WRAPPER_EXTENSION = app;
			};
			name = Debug;
		};
		6B77BDF518EBF1A0009B71ED /* Release */ = {
			isa = XCBuildConfiguration;
			baseConfigurationReference = 13954BF66F474516B6A95078 /* Pods.xcconfig */;
			buildSettings = {
				ASSETCATALOG_COMPILER_APPICON_NAME = AppIcon;
				ASSETCATALOG_COMPILER_LAUNCHIMAGE_NAME = LaunchImage;
				GCC_PRECOMPILE_PREFIX_HEADER = YES;
				GCC_PREFIX_HEADER = "VirtualPT/VirtualPT-Prefix.pch";
				INFOPLIST_FILE = "VirtualPT/VirtualPT-Info.plist";
				PRODUCT_NAME = "$(TARGET_NAME)";
				WRAPPER_EXTENSION = app;
			};
			name = Release;
		};
		6B77BDF718EBF1A0009B71ED /* Debug */ = {
			isa = XCBuildConfiguration;
			buildSettings = {
				BUNDLE_LOADER = "$(BUILT_PRODUCTS_DIR)/VirtualPT.app/VirtualPT";
				FRAMEWORK_SEARCH_PATHS = (
					"$(SDKROOT)/Developer/Library/Frameworks",
					"$(inherited)",
					"$(DEVELOPER_FRAMEWORKS_DIR)",
				);
				GCC_PRECOMPILE_PREFIX_HEADER = YES;
				GCC_PREFIX_HEADER = "VirtualPT/VirtualPT-Prefix.pch";
				GCC_PREPROCESSOR_DEFINITIONS = (
					"DEBUG=1",
					"$(inherited)",
				);
				INFOPLIST_FILE = "VirtualPTTests/VirtualPTTests-Info.plist";
				PRODUCT_NAME = "$(TARGET_NAME)";
				TEST_HOST = "$(BUNDLE_LOADER)";
				WRAPPER_EXTENSION = xctest;
			};
			name = Debug;
		};
		6B77BDF818EBF1A0009B71ED /* Release */ = {
			isa = XCBuildConfiguration;
			buildSettings = {
				BUNDLE_LOADER = "$(BUILT_PRODUCTS_DIR)/VirtualPT.app/VirtualPT";
				FRAMEWORK_SEARCH_PATHS = (
					"$(SDKROOT)/Developer/Library/Frameworks",
					"$(inherited)",
					"$(DEVELOPER_FRAMEWORKS_DIR)",
				);
				GCC_PRECOMPILE_PREFIX_HEADER = YES;
				GCC_PREFIX_HEADER = "VirtualPT/VirtualPT-Prefix.pch";
				INFOPLIST_FILE = "VirtualPTTests/VirtualPTTests-Info.plist";
				PRODUCT_NAME = "$(TARGET_NAME)";
				TEST_HOST = "$(BUNDLE_LOADER)";
				WRAPPER_EXTENSION = xctest;
			};
			name = Release;
		};
/* End XCBuildConfiguration section */

/* Begin XCConfigurationList section */
		6B77BDBC18EBF1A0009B71ED /* Build configuration list for PBXProject "VirtualPT" */ = {
			isa = XCConfigurationList;
			buildConfigurations = (
				6B77BDF118EBF1A0009B71ED /* Debug */,
				6B77BDF218EBF1A0009B71ED /* Release */,
			);
			defaultConfigurationIsVisible = 0;
			defaultConfigurationName = Release;
		};
		6B77BDF318EBF1A0009B71ED /* Build configuration list for PBXNativeTarget "VirtualPT" */ = {
			isa = XCConfigurationList;
			buildConfigurations = (
				6B77BDF418EBF1A0009B71ED /* Debug */,
				6B77BDF518EBF1A0009B71ED /* Release */,
			);
			defaultConfigurationIsVisible = 0;
			defaultConfigurationName = Release;
		};
		6B77BDF618EBF1A0009B71ED /* Build configuration list for PBXNativeTarget "VirtualPTTests" */ = {
			isa = XCConfigurationList;
			buildConfigurations = (
				6B77BDF718EBF1A0009B71ED /* Debug */,
				6B77BDF818EBF1A0009B71ED /* Release */,
			);
			defaultConfigurationIsVisible = 0;
			defaultConfigurationName = Release;
		};
/* End XCConfigurationList section */

/* Begin XCVersionGroup section */
		6B089FCB18F1B67600AEBB12 /* Users.xcdatamodeld */ = {
			isa = XCVersionGroup;
			children = (
				6B089FCC18F1B67600AEBB12 /* Users.xcdatamodel */,
			);
			currentVersion = 6B089FCC18F1B67600AEBB12 /* Users.xcdatamodel */;
			path = Users.xcdatamodeld;
			sourceTree = "<group>";
			versionGroupType = wrapper.xcdatamodel;
		};
/* End XCVersionGroup section */
	};
	rootObject = 6B77BDB918EBF1A0009B71ED /* Project object */;
}
