// !$*UTF8*$!
{
	archiveVersion = 1;
	classes = {
	};
	objectVersion = 46;
	objects = {

/* Begin PBXBuildFile section */
		6B77BDC518EBF1A0009B71ED /* Foundation.framework in Frameworks */ = {isa = PBXBuildFile; fileRef = 6B77BDC418EBF1A0009B71ED /* Foundation.framework */; };
		6B77BDC718EBF1A0009B71ED /* CoreGraphics.framework in Frameworks */ = {isa = PBXBuildFile; fileRef = 6B77BDC618EBF1A0009B71ED /* CoreGraphics.framework */; };
		6B77BDC918EBF1A0009B71ED /* UIKit.framework in Frameworks */ = {isa = PBXBuildFile; fileRef = 6B77BDC818EBF1A0009B71ED /* UIKit.framework */; };
		6B77BDCF18EBF1A0009B71ED /* InfoPlist.strings in Resources */ = {isa = PBXBuildFile; fileRef = 6B77BDCD18EBF1A0009B71ED /* InfoPlist.strings */; };
		6B77BDD118EBF1A0009B71ED /* main.m in Sources */ = {isa = PBXBuildFile; fileRef = 6B77BDD018EBF1A0009B71ED /* main.m */; };
		6B77BDD518EBF1A0009B71ED /* VPTAppDelegate.m in Sources */ = {isa = PBXBuildFile; fileRef = 6B77BDD418EBF1A0009B71ED /* VPTAppDelegate.m */; };
		6B77BDD818EBF1A0009B71ED /* Main.storyboard in Resources */ = {isa = PBXBuildFile; fileRef = 6B77BDD618EBF1A0009B71ED /* Main.storyboard */; };
		6B77BDDB18EBF1A0009B71ED /* VPTViewController.m in Sources */ = {isa = PBXBuildFile; fileRef = 6B77BDDA18EBF1A0009B71ED /* VPTViewController.m */; };
		6B77BDDD18EBF1A0009B71ED /* Images.xcassets in Resources */ = {isa = PBXBuildFile; fileRef = 6B77BDDC18EBF1A0009B71ED /* Images.xcassets */; };
		6B77BDE418EBF1A0009B71ED /* XCTest.framework in Frameworks */ = {isa = PBXBuildFile; fileRef = 6B77BDE318EBF1A0009B71ED /* XCTest.framework */; };
		6B77BDE518EBF1A0009B71ED /* Foundation.framework in Frameworks */ = {isa = PBXBuildFile; fileRef = 6B77BDC418EBF1A0009B71ED /* Foundation.framework */; };
		6B77BDE618EBF1A0009B71ED /* UIKit.framework in Frameworks */ = {isa = PBXBuildFile; fileRef = 6B77BDC818EBF1A0009B71ED /* UIKit.framework */; };
		6B77BDEE18EBF1A0009B71ED /* InfoPlist.strings in Resources */ = {isa = PBXBuildFile; fileRef = 6B77BDEC18EBF1A0009B71ED /* InfoPlist.strings */; };
		6B77BDF018EBF1A0009B71ED /* VirtualPTTests.m in Sources */ = {isa = PBXBuildFile; fileRef = 6B77BDEF18EBF1A0009B71ED /* VirtualPTTests.m */; };
/* End PBXBuildFile section */

/* Begin PBXContainerItemProxy section */
		6B77BDE718EBF1A0009B71ED /* PBXContainerItemProxy */ = {
			isa = PBXContainerItemProxy;
			containerPortal = 6B77BDB918EBF1A0009B71ED /* Project object */;
			proxyType = 1;
			remoteGlobalIDString = 6B77BDC018EBF1A0009B71ED;
			remoteInfo = VirtualPT;
		};
/* End PBXContainerItemProxy section */

/* Begin PBXFileReference section */
		6B77BDC118EBF1A0009B71ED /* VirtualPT.app */ = {isa = PBXFileReference; explicitFileType = wrapper.application; includeInIndex = 0; path = VirtualPT.app; sourceTree = BUILT_PRODUCTS_DIR; };
		6B77BDC418EBF1A0009B71ED /* Foundation.framework */ = {isa = PBXFileReference; lastKnownFileType = wrapper.framework; name = Foundation.framework; path = System/Library/Frameworks/Foundation.framework; sourceTree = SDKROOT; };
		6B77BDC618EBF1A0009B71ED /* CoreGraphics.framework */ = {isa = PBXFileReference; lastKnownFileType = wrapper.framework; name = CoreGraphics.framework; path = System/Library/Frameworks/CoreGraphics.framework; sourceTree = SDKROOT; };
		6B77BDC818EBF1A0009B71ED /* UIKit.framework */ = {isa = PBXFileReference; lastKnownFileType = wrapper.framework; name = UIKit.framework; path = System/Library/Frameworks/UIKit.framework; sourceTree = SDKROOT; };
		6B77BDCC18EBF1A0009B71ED /* VirtualPT-Info.plist */ = {isa = PBXFileReference; lastKnownFileType = text.plist.xml; path = "VirtualPT-Info.plist"; sourceTree = "<group>"; };
		6B77BDCE18EBF1A0009B71ED /* en */ = {isa = PBXFileReference; lastKnownFileType = text.plist.strings; name = en; path = en.lproj/InfoPlist.strings; sourceTree = "<group>"; };
		6B77BDD018EBF1A0009B71ED /* main.m */ = {isa = PBXFileReference; lastKnownFileType = sourcecode.c.objc; path = main.m; sourceTree = "<group>"; };
		6B77BDD218EBF1A0009B71ED /* VirtualPT-Prefix.pch */ = {isa = PBXFileReference; lastKnownFileType = sourcecode.c.h; path = "VirtualPT-Prefix.pch"; sourceTree = "<group>"; };
		6B77BDD318EBF1A0009B71ED /* VPTAppDelegate.h */ = {isa = PBXFileReference; lastKnownFileType = sourcecode.c.h; path = VPTAppDelegate.h; sourceTree = "<group>"; };
		6B77BDD418EBF1A0009B71ED /* VPTAppDelegate.m */ = {isa = PBXFileReference; lastKnownFileType = sourcecode.c.objc; path = VPTAppDelegate.m; sourceTree = "<group>"; };
		6B77BDD718EBF1A0009B71ED /* Base */ = {isa = PBXFileReference; lastKnownFileType = file.storyboard; name = Base; path = Base.lproj/Main.storyboard; sourceTree = "<group>"; };
		6B77BDD918EBF1A0009B71ED /* VPTViewController.h */ = {isa = PBXFileReference; lastKnownFileType = sourcecode.c.h; path = VPTViewController.h; sourceTree = "<group>"; };
		6B77BDDA18EBF1A0009B71ED /* VPTViewController.m */ = {isa = PBXFileReference; lastKnownFileType = sourcecode.c.objc; path = VPTViewController.m; sourceTree = "<group>"; };
		6B77BDDC18EBF1A0009B71ED /* Images.xcassets */ = {isa = PBXFileReference; lastKnownFileType = folder.assetcatalog; path = Images.xcassets; sourceTree = "<group>"; };
		6B77BDE218EBF1A0009B71ED /* VirtualPTTests.xctest */ = {isa = PBXFileReference; explicitFileType = wrapper.cfbundle; includeInIndex = 0; path = VirtualPTTests.xctest; sourceTree = BUILT_PRODUCTS_DIR; };
		6B77BDE318EBF1A0009B71ED /* XCTest.framework */ = {isa = PBXFileReference; lastKnownFileType = wrapper.framework; name = XCTest.framework; path = Library/Frameworks/XCTest.framework; sourceTree = DEVELOPER_DIR; };
		6B77BDEB18EBF1A0009B71ED /* VirtualPTTests-Info.plist */ = {isa = PBXFileReference; lastKnownFileType = text.plist.xml; path = "VirtualPTTests-Info.plist"; sourceTree = "<group>"; };
		6B77BDED18EBF1A0009B71ED /* en */ = {isa = PBXFileReference; lastKnownFileType = text.plist.strings; name = en; path = en.lproj/InfoPlist.strings; sourceTree = "<group>"; };
		6B77BDEF18EBF1A0009B71ED /* VirtualPTTests.m */ = {isa = PBXFileReference; lastKnownFileType = sourcecode.c.objc; path = VirtualPTTests.m; sourceTree = "<group>"; };
/* End PBXFileReference section */

/* Begin PBXFrameworksBuildPhase section */
		6B77BDBE18EBF1A0009B71ED /* Frameworks */ = {
			isa = PBXFrameworksBuildPhase;
			buildActionMask = 2147483647;
			files = (
				6B77BDC718EBF1A0009B71ED /* CoreGraphics.framework in Frameworks */,
				6B77BDC918EBF1A0009B71ED /* UIKit.framework in Frameworks */,
				6B77BDC518EBF1A0009B71ED /* Foundation.framework in Frameworks */,
			);
			runOnlyForDeploymentPostprocessing = 0;
		};
		6B77BDDF18EBF1A0009B71ED /* Frameworks */ = {
			isa = PBXFrameworksBuildPhase;
			buildActionMask = 2147483647;
			files = (
				6B77BDE418EBF1A0009B71ED /* XCTest.framework in Frameworks */,
				6B77BDE618EBF1A0009B71ED /* UIKit.framework in Frameworks */,
				6B77BDE518EBF1A0009B71ED /* Foundation.framework in Frameworks */,
			);
			runOnlyForDeploymentPostprocessing = 0;
		};
/* End PBXFrameworksBuildPhase section */

/* Begin PBXGroup section */
		6B77BDB818EBF1A0009B71ED = {
			isa = PBXGroup;
			children = (
				6B77BDCA18EBF1A0009B71ED /* VirtualPT */,
				6B77BDE918EBF1A0009B71ED /* VirtualPTTests */,
				6B77BDC318EBF1A0009B71ED /* Frameworks */,
				6B77BDC218EBF1A0009B71ED /* Products */,
			);
			sourceTree = "<group>";
		};
		6B77BDC218EBF1A0009B71ED /* Products */ = {
			isa = PBXGroup;
			children = (
				6B77BDC118EBF1A0009B71ED /* VirtualPT.app */,
				6B77BDE218EBF1A0009B71ED /* VirtualPTTests.xctest */,
			);
			name = Products;
			sourceTree = "<group>";
		};
		6B77BDC318EBF1A0009B71ED /* Frameworks */ = {
			isa = PBXGroup;
			children = (
				6B77BDC418EBF1A0009B71ED /* Foundation.framework */,
				6B77BDC618EBF1A0009B71ED /* CoreGraphics.framework */,
				6B77BDC818EBF1A0009B71ED /* UIKit.framework */,
				6B77BDE318EBF1A0009B71ED /* XCTest.framework */,
			);
			name = Frameworks;
			sourceTree = "<group>";
		};
		6B77BDCA18EBF1A0009B71ED /* VirtualPT */ = {
			isa = PBXGroup;
			children = (
				6B77BDD318EBF1A0009B71ED /* VPTAppDelegate.h */,
				6B77BDD418EBF1A0009B71ED /* VPTAppDelegate.m */,
				6B77BDD618EBF1A0009B71ED /* Main.storyboard */,
				6B77BDD918EBF1A0009B71ED /* VPTViewController.h */,
				6B77BDDA18EBF1A0009B71ED /* VPTViewController.m */,
				6B77BDDC18EBF1A0009B71ED /* Images.xcassets */,
				6B77BDCB18EBF1A0009B71ED /* Supporting Files */,
			);
			path = VirtualPT;
			sourceTree = "<group>";
		};
		6B77BDCB18EBF1A0009B71ED /* Supporting Files */ = {
			isa = PBXGroup;
			children = (
				6B77BDCC18EBF1A0009B71ED /* VirtualPT-Info.plist */,
				6B77BDCD18EBF1A0009B71ED /* InfoPlist.strings */,
				6B77BDD018EBF1A0009B71ED /* main.m */,
				6B77BDD218EBF1A0009B71ED /* VirtualPT-Prefix.pch */,
			);
			name = "Supporting Files";
			sourceTree = "<group>";
		};
		6B77BDE918EBF1A0009B71ED /* VirtualPTTests */ = {
			isa = PBXGroup;
			children = (
				6B77BDEF18EBF1A0009B71ED /* VirtualPTTests.m */,
				6B77BDEA18EBF1A0009B71ED /* Supporting Files */,
			);
			path = VirtualPTTests;
			sourceTree = "<group>";
		};
		6B77BDEA18EBF1A0009B71ED /* Supporting Files */ = {
			isa = PBXGroup;
			children = (
				6B77BDEB18EBF1A0009B71ED /* VirtualPTTests-Info.plist */,
				6B77BDEC18EBF1A0009B71ED /* InfoPlist.strings */,
			);
			name = "Supporting Files";
			sourceTree = "<group>";
		};
/* End PBXGroup section */

/* Begin PBXNativeTarget section */
		6B77BDC018EBF1A0009B71ED /* VirtualPT */ = {
			isa = PBXNativeTarget;
			buildConfigurationList = 6B77BDF318EBF1A0009B71ED /* Build configuration list for PBXNativeTarget "VirtualPT" */;
			buildPhases = (
				6B77BDBD18EBF1A0009B71ED /* Sources */,
				6B77BDBE18EBF1A0009B71ED /* Frameworks */,
				6B77BDBF18EBF1A0009B71ED /* Resources */,
			);
			buildRules = (
			);
			dependencies = (
			);
			name = VirtualPT;
			productName = VirtualPT;
			productReference = 6B77BDC118EBF1A0009B71ED /* VirtualPT.app */;
			productType = "com.apple.product-type.application";
		};
		6B77BDE118EBF1A0009B71ED /* VirtualPTTests */ = {
			isa = PBXNativeTarget;
			buildConfigurationList = 6B77BDF618EBF1A0009B71ED /* Build configuration list for PBXNativeTarget "VirtualPTTests" */;
			buildPhases = (
				6B77BDDE18EBF1A0009B71ED /* Sources */,
				6B77BDDF18EBF1A0009B71ED /* Frameworks */,
				6B77BDE018EBF1A0009B71ED /* Resources */,
			);
			buildRules = (
			);
			dependencies = (
				6B77BDE818EBF1A0009B71ED /* PBXTargetDependency */,
			);
			name = VirtualPTTests;
			productName = VirtualPTTests;
			productReference = 6B77BDE218EBF1A0009B71ED /* VirtualPTTests.xctest */;
			productType = "com.apple.product-type.bundle.unit-test";
		};
/* End PBXNativeTarget section */

/* Begin PBXProject section */
		6B77BDB918EBF1A0009B71ED /* Project object */ = {
			isa = PBXProject;
			attributes = {
				CLASSPREFIX = VPT;
				LastUpgradeCheck = 0510;
				ORGANIZATIONNAME = "Jason Zhao";
				TargetAttributes = {
					6B77BDE118EBF1A0009B71ED = {
						TestTargetID = 6B77BDC018EBF1A0009B71ED;
					};
				};
			};
			buildConfigurationList = 6B77BDBC18EBF1A0009B71ED /* Build configuration list for PBXProject "VirtualPT" */;
			compatibilityVersion = "Xcode 3.2";
			developmentRegion = English;
			hasScannedForEncodings = 0;
			knownRegions = (
				en,
				Base,
			);
			mainGroup = 6B77BDB818EBF1A0009B71ED;
			productRefGroup = 6B77BDC218EBF1A0009B71ED /* Products */;
			projectDirPath = "";
			projectRoot = "";
			targets = (
				6B77BDC018EBF1A0009B71ED /* VirtualPT */,
				6B77BDE118EBF1A0009B71ED /* VirtualPTTests */,
			);
		};
/* End PBXProject section */

/* Begin PBXResourcesBuildPhase section */
		6B77BDBF18EBF1A0009B71ED /* Resources */ = {
			isa = PBXResourcesBuildPhase;
			buildActionMask = 2147483647;
			files = (
				6B77BDDD18EBF1A0009B71ED /* Images.xcassets in Resources */,
				6B77BDCF18EBF1A0009B71ED /* InfoPlist.strings in Resources */,
				6B77BDD818EBF1A0009B71ED /* Main.storyboard in Resources */,
			);
			runOnlyForDeploymentPostprocessing = 0;
		};
		6B77BDE018EBF1A0009B71ED /* Resources */ = {
			isa = PBXResourcesBuildPhase;
			buildActionMask = 2147483647;
			files = (
				6B77BDEE18EBF1A0009B71ED /* InfoPlist.strings in Resources */,
			);
			runOnlyForDeploymentPostprocessing = 0;
		};
/* End PBXResourcesBuildPhase section */

/* Begin PBXSourcesBuildPhase section */
		6B77BDBD18EBF1A0009B71ED /* Sources */ = {
			isa = PBXSourcesBuildPhase;
			buildActionMask = 2147483647;
			files = (
				6B77BDD118EBF1A0009B71ED /* main.m in Sources */,
				6B77BDD518EBF1A0009B71ED /* VPTAppDelegate.m in Sources */,
				6B77BDDB18EBF1A0009B71ED /* VPTViewController.m in Sources */,
			);
			runOnlyForDeploymentPostprocessing = 0;
		};
		6B77BDDE18EBF1A0009B71ED /* Sources */ = {
			isa = PBXSourcesBuildPhase;
			buildActionMask = 2147483647;
			files = (
				6B77BDF018EBF1A0009B71ED /* VirtualPTTests.m in Sources */,
			);
			runOnlyForDeploymentPostprocessing = 0;
		};
/* End PBXSourcesBuildPhase section */

/* Begin PBXTargetDependency section */
		6B77BDE818EBF1A0009B71ED /* PBXTargetDependency */ = {
			isa = PBXTargetDependency;
			target = 6B77BDC018EBF1A0009B71ED /* VirtualPT */;
			targetProxy = 6B77BDE718EBF1A0009B71ED /* PBXContainerItemProxy */;
		};
/* End PBXTargetDependency section */

/* Begin PBXVariantGroup section */
		6B77BDCD18EBF1A0009B71ED /* InfoPlist.strings */ = {
			isa = PBXVariantGroup;
			children = (
				6B77BDCE18EBF1A0009B71ED /* en */,
			);
			name = InfoPlist.strings;
			sourceTree = "<group>";
		};
		6B77BDD618EBF1A0009B71ED /* Main.storyboard */ = {
			isa = PBXVariantGroup;
			children = (
				6B77BDD718EBF1A0009B71ED /* Base */,
			);
			name = Main.storyboard;
			sourceTree = "<group>";
		};
		6B77BDEC18EBF1A0009B71ED /* InfoPlist.strings */ = {
			isa = PBXVariantGroup;
			children = (
				6B77BDED18EBF1A0009B71ED /* en */,
			);
			name = InfoPlist.strings;
			sourceTree = "<group>";
		};
/* End PBXVariantGroup section */

/* Begin XCBuildConfiguration section */
		6B77BDF118EBF1A0009B71ED /* Debug */ = {
			isa = XCBuildConfiguration;
			buildSettings = {
				ALWAYS_SEARCH_USER_PATHS = NO;
				CLANG_CXX_LANGUAGE_STANDARD = "gnu++0x";
				CLANG_CXX_LIBRARY = "libc++";
				CLANG_ENABLE_MODULES = YES;
				CLANG_ENABLE_OBJC_ARC = YES;
				CLANG_WARN_BOOL_CONVERSION = YES;
				CLANG_WARN_CONSTANT_CONVERSION = YES;
				CLANG_WARN_DIRECT_OBJC_ISA_USAGE = YES_ERROR;
				CLANG_WARN_EMPTY_BODY = YES;
				CLANG_WARN_ENUM_CONVERSION = YES;
				CLANG_WARN_INT_CONVERSION = YES;
				CLANG_WARN_OBJC_ROOT_CLASS = YES_ERROR;
				CLANG_WARN__DUPLICATE_METHOD_MATCH = YES;
				"CODE_SIGN_IDENTITY[sdk=iphoneos*]" = "iPhone Developer";
				COPY_PHASE_STRIP = NO;
				GCC_C_LANGUAGE_STANDARD = gnu99;
				GCC_DYNAMIC_NO_PIC = NO;
				GCC_OPTIMIZATION_LEVEL = 0;
				GCC_PREPROCESSOR_DEFINITIONS = (
					"DEBUG=1",
					"$(inherited)",
				);
				GCC_SYMBOLS_PRIVATE_EXTERN = NO;
				GCC_WARN_64_TO_32_BIT_CONVERSION = YES;
				GCC_WARN_ABOUT_RETURN_TYPE = YES_ERROR;
				GCC_WARN_UNDECLARED_SELECTOR = YES;
				GCC_WARN_UNINITIALIZED_AUTOS = YES_AGGRESSIVE;
				GCC_WARN_UNUSED_FUNCTION = YES;
				GCC_WARN_UNUSED_VARIABLE = YES;
				IPHONEOS_DEPLOYMENT_TARGET = 7.1;
				ONLY_ACTIVE_ARCH = YES;
				SDKROOT = iphoneos;
			};
			name = Debug;
		};
		6B77BDF218EBF1A0009B71ED /* Release */ = {
			isa = XCBuildConfiguration;
			buildSettings = {
				ALWAYS_SEARCH_USER_PATHS = NO;
				CLANG_CXX_LANGUAGE_STANDARD = "gnu++0x";
				CLANG_CXX_LIBRARY = "libc++";
				CLANG_ENABLE_MODULES = YES;
				CLANG_ENABLE_OBJC_ARC = YES;
				CLANG_WARN_BOOL_CONVERSION = YES;
				CLANG_WARN_CONSTANT_CONVERSION = YES;
				CLANG_WARN_DIRECT_OBJC_ISA_USAGE = YES_ERROR;
				CLANG_WARN_EMPTY_BODY = YES;
				CLANG_WARN_ENUM_CONVERSION = YES;
				CLANG_WARN_INT_CONVERSION = YES;
				CLANG_WARN_OBJC_ROOT_CLASS = YES_ERROR;
				CLANG_WARN__DUPLICATE_METHOD_MATCH = YES;
				"CODE_SIGN_IDENTITY[sdk=iphoneos*]" = "iPhone Developer";
				COPY_PHASE_STRIP = YES;
				ENABLE_NS_ASSERTIONS = NO;
				GCC_C_LANGUAGE_STANDARD = gnu99;
				GCC_WARN_64_TO_32_BIT_CONVERSION = YES;
				GCC_WARN_ABOUT_RETURN_TYPE = YES_ERROR;
				GCC_WARN_UNDECLARED_SELECTOR = YES;
				GCC_WARN_UNINITIALIZED_AUTOS = YES_AGGRESSIVE;
				GCC_WARN_UNUSED_FUNCTION = YES;
				GCC_WARN_UNUSED_VARIABLE = YES;
				IPHONEOS_DEPLOYMENT_TARGET = 7.1;
				SDKROOT = iphoneos;
				VALIDATE_PRODUCT = YES;
			};
			name = Release;
		};
		6B77BDF418EBF1A0009B71ED /* Debug */ = {
			isa = XCBuildConfiguration;
			buildSettings = {
				ASSETCATALOG_COMPILER_APPICON_NAME = AppIcon;
				ASSETCATALOG_COMPILER_LAUNCHIMAGE_NAME = LaunchImage;
				GCC_PRECOMPILE_PREFIX_HEADER = YES;
				GCC_PREFIX_HEADER = "VirtualPT/VirtualPT-Prefix.pch";
				INFOPLIST_FILE = "VirtualPT/VirtualPT-Info.plist";
				PRODUCT_NAME = "$(TARGET_NAME)";
				WRAPPER_EXTENSION = app;
			};
			name = Debug;
		};
		6B77BDF518EBF1A0009B71ED /* Release */ = {
			isa = XCBuildConfiguration;
			buildSettings = {
				ASSETCATALOG_COMPILER_APPICON_NAME = AppIcon;
				ASSETCATALOG_COMPILER_LAUNCHIMAGE_NAME = LaunchImage;
				GCC_PRECOMPILE_PREFIX_HEADER = YES;
				GCC_PREFIX_HEADER = "VirtualPT/VirtualPT-Prefix.pch";
				INFOPLIST_FILE = "VirtualPT/VirtualPT-Info.plist";
				PRODUCT_NAME = "$(TARGET_NAME)";
				WRAPPER_EXTENSION = app;
			};
			name = Release;
		};
		6B77BDF718EBF1A0009B71ED /* Debug */ = {
			isa = XCBuildConfiguration;
			buildSettings = {
				BUNDLE_LOADER = "$(BUILT_PRODUCTS_DIR)/VirtualPT.app/VirtualPT";
				FRAMEWORK_SEARCH_PATHS = (
					"$(SDKROOT)/Developer/Library/Frameworks",
					"$(inherited)",
					"$(DEVELOPER_FRAMEWORKS_DIR)",
				);
				GCC_PRECOMPILE_PREFIX_HEADER = YES;
				GCC_PREFIX_HEADER = "VirtualPT/VirtualPT-Prefix.pch";
				GCC_PREPROCESSOR_DEFINITIONS = (
					"DEBUG=1",
					"$(inherited)",
				);
				INFOPLIST_FILE = "VirtualPTTests/VirtualPTTests-Info.plist";
				PRODUCT_NAME = "$(TARGET_NAME)";
				TEST_HOST = "$(BUNDLE_LOADER)";
				WRAPPER_EXTENSION = xctest;
			};
			name = Debug;
		};
		6B77BDF818EBF1A0009B71ED /* Release */ = {
			isa = XCBuildConfiguration;
			buildSettings = {
				BUNDLE_LOADER = "$(BUILT_PRODUCTS_DIR)/VirtualPT.app/VirtualPT";
				FRAMEWORK_SEARCH_PATHS = (
					"$(SDKROOT)/Developer/Library/Frameworks",
					"$(inherited)",
					"$(DEVELOPER_FRAMEWORKS_DIR)",
				);
				GCC_PRECOMPILE_PREFIX_HEADER = YES;
				GCC_PREFIX_HEADER = "VirtualPT/VirtualPT-Prefix.pch";
				INFOPLIST_FILE = "VirtualPTTests/VirtualPTTests-Info.plist";
				PRODUCT_NAME = "$(TARGET_NAME)";
				TEST_HOST = "$(BUNDLE_LOADER)";
				WRAPPER_EXTENSION = xctest;
			};
			name = Release;
		};
/* End XCBuildConfiguration section */

/* Begin XCConfigurationList section */
		6B77BDBC18EBF1A0009B71ED /* Build configuration list for PBXProject "VirtualPT" */ = {
			isa = XCConfigurationList;
			buildConfigurations = (
				6B77BDF118EBF1A0009B71ED /* Debug */,
				6B77BDF218EBF1A0009B71ED /* Release */,
			);
			defaultConfigurationIsVisible = 0;
			defaultConfigurationName = Release;
		};
		6B77BDF318EBF1A0009B71ED /* Build configuration list for PBXNativeTarget "VirtualPT" */ = {
			isa = XCConfigurationList;
			buildConfigurations = (
				6B77BDF418EBF1A0009B71ED /* Debug */,
				6B77BDF518EBF1A0009B71ED /* Release */,
			);
			defaultConfigurationIsVisible = 0;
		};
		6B77BDF618EBF1A0009B71ED /* Build configuration list for PBXNativeTarget "VirtualPTTests" */ = {
			isa = XCConfigurationList;
			buildConfigurations = (
				6B77BDF718EBF1A0009B71ED /* Debug */,
				6B77BDF818EBF1A0009B71ED /* Release */,
			);
			defaultConfigurationIsVisible = 0;
		};
/* End XCConfigurationList section */
	};
	rootObject = 6B77BDB918EBF1A0009B71ED /* Project object */;
}
